# THIS IS AN AUTOGENERATED FILE. DO NOT EDIT THIS FILE DIRECTLY.
# yarn lockfile v1


"@babel/parser@^7.15.0":
  version "7.15.8"
  resolved "https://registry.npmmirror.com/@babel/parser/download/@babel/parser-7.15.8.tgz#7bacdcbe71bdc3ff936d510c15dcea7cf0b99016"
  integrity sha1-e6zcvnG9w/+TbVEMFdzqfPC5kBY=

"@microsoft/signalr@^5.0.11":
  version "5.0.11"
  resolved "https://registry.npmmirror.com/@microsoft/signalr/download/@microsoft/signalr-5.0.11.tgz#fe3cd64668039d45219fdc7d6ac582b51f73a006"
  integrity sha1-/jzWRmgDnUUhn9x9asWCtR9zoAY=
  dependencies:
    abort-controller "^3.0.0"
    eventsource "^1.0.7"
    fetch-cookie "^0.7.3"
    node-fetch "^2.6.0"
    ws "^6.0.0"

"@vitejs/plugin-vue@^1.3.0":
  version "1.9.3"
  resolved "https://registry.npmmirror.com/@vitejs/plugin-vue/download/@vitejs/plugin-vue-1.9.3.tgz#93d61893ce6c723d0209af0483ec8b91a2cd811f"
  integrity sha1-k9YYk85scj0CCa8Eg+yLkaLNgR8=

"@vue/compiler-core@3.2.20":
  version "3.2.20"
  resolved "https://registry.npmmirror.com/@vue/compiler-core/download/@vue/compiler-core-3.2.20.tgz?cache=0&sync_timestamp=1633712761777&other_urls=https%3A%2F%2Fregistry.npmmirror.com%2F%40vue%2Fcompiler-core%2Fdownload%2F%40vue%2Fcompiler-core-3.2.20.tgz#af5a3c5237818835b0d0be837eb5885a8d21c160"
  integrity sha1-r1o8UjeBiDWw0L6DfrWIWo0hwWA=
  dependencies:
    "@babel/parser" "^7.15.0"
    "@vue/shared" "3.2.20"
    estree-walker "^2.0.2"
    source-map "^0.6.1"

"@vue/compiler-dom@3.2.20":
  version "3.2.20"
  resolved "https://registry.npmmirror.com/@vue/compiler-dom/download/@vue/compiler-dom-3.2.20.tgz?cache=0&sync_timestamp=1633712762936&other_urls=https%3A%2F%2Fregistry.npmmirror.com%2F%40vue%2Fcompiler-dom%2Fdownload%2F%40vue%2Fcompiler-dom-3.2.20.tgz#8e0ef354449c0faf41519b00bfc2045eae01dcb5"
  integrity sha1-jg7zVEScD69BUZsAv8IEXq4B3LU=
  dependencies:
    "@vue/compiler-core" "3.2.20"
    "@vue/shared" "3.2.20"

"@vue/compiler-sfc@3.2.20", "@vue/compiler-sfc@^3.0.5":
  version "3.2.20"
  resolved "https://registry.npmmirror.com/@vue/compiler-sfc/download/@vue/compiler-sfc-3.2.20.tgz?cache=0&sync_timestamp=1633712762379&other_urls=https%3A%2F%2Fregistry.npmmirror.com%2F%40vue%2Fcompiler-sfc%2Fdownload%2F%40vue%2Fcompiler-sfc-3.2.20.tgz#2d7668e76f066c566dd7c09c15c9acce4e876e0a"
  integrity sha1-LXZo528GbFZt18CcFcmszk6Hbgo=
  dependencies:
    "@babel/parser" "^7.15.0"
    "@vue/compiler-core" "3.2.20"
    "@vue/compiler-dom" "3.2.20"
    "@vue/compiler-ssr" "3.2.20"
    "@vue/ref-transform" "3.2.20"
    "@vue/shared" "3.2.20"
    estree-walker "^2.0.2"
    magic-string "^0.25.7"
    postcss "^8.1.10"
    source-map "^0.6.1"

"@vue/compiler-ssr@3.2.20":
  version "3.2.20"
  resolved "https://registry.npmmirror.com/@vue/compiler-ssr/download/@vue/compiler-ssr-3.2.20.tgz?cache=0&sync_timestamp=1633712764229&other_urls=https%3A%2F%2Fregistry.npmmirror.com%2F%40vue%2Fcompiler-ssr%2Fdownload%2F%40vue%2Fcompiler-ssr-3.2.20.tgz#9cceb6261d9932cb5568202610c1c28f86c5e521"
  integrity sha1-nM62Jh2ZMstVaCAmEMHCj4bF5SE=
  dependencies:
    "@vue/compiler-dom" "3.2.20"
    "@vue/shared" "3.2.20"

"@vue/reactivity@3.2.20":
  version "3.2.20"
  resolved "https://registry.npmmirror.com/@vue/reactivity/download/@vue/reactivity-3.2.20.tgz?cache=0&sync_timestamp=1633712763526&other_urls=https%3A%2F%2Fregistry.npmmirror.com%2F%40vue%2Freactivity%2Fdownload%2F%40vue%2Freactivity-3.2.20.tgz#81fe1c368e7f20bc0ec1dec1045bbee253582de8"
  integrity sha1-gf4cNo5/ILwOwd7BBFu+4lNYLeg=
  dependencies:
    "@vue/shared" "3.2.20"

"@vue/ref-transform@3.2.20":
  version "3.2.20"
  resolved "https://registry.npmmirror.com/@vue/ref-transform/download/@vue/ref-transform-3.2.20.tgz?cache=0&sync_timestamp=1633712763825&other_urls=https%3A%2F%2Fregistry.npmmirror.com%2F%40vue%2Fref-transform%2Fdownload%2F%40vue%2Fref-transform-3.2.20.tgz#2a59ec90caf8e5c7336776a0900bff0a8b81c090"
  integrity sha1-KlnskMr45cczZ3agkAv/CouBwJA=
  dependencies:
    "@babel/parser" "^7.15.0"
    "@vue/compiler-core" "3.2.20"
    "@vue/shared" "3.2.20"
    estree-walker "^2.0.2"
    magic-string "^0.25.7"

"@vue/runtime-core@3.2.20":
  version "3.2.20"
  resolved "https://registry.npmmirror.com/@vue/runtime-core/download/@vue/runtime-core-3.2.20.tgz?cache=0&sync_timestamp=1633712764609&other_urls=https%3A%2F%2Fregistry.npmmirror.com%2F%40vue%2Fruntime-core%2Fdownload%2F%40vue%2Fruntime-core-3.2.20.tgz#8f63e956a3f88fb772541443c45a7701211012cb"
  integrity sha1-j2PpVqP4j7dyVBRDxFp3ASEQEss=
  dependencies:
    "@vue/reactivity" "3.2.20"
    "@vue/shared" "3.2.20"

"@vue/runtime-dom@3.2.20":
  version "3.2.20"
  resolved "https://registry.npmmirror.com/@vue/runtime-dom/download/@vue/runtime-dom-3.2.20.tgz?cache=0&sync_timestamp=1633712766458&other_urls=https%3A%2F%2Fregistry.npmmirror.com%2F%40vue%2Fruntime-dom%2Fdownload%2F%40vue%2Fruntime-dom-3.2.20.tgz#8aa56ae6c30f9cd4a71ca0e9ec3c4bdc67148d15"
  integrity sha1-iqVq5sMPnNSnHKDp7DxL3GcUjRU=
  dependencies:
    "@vue/runtime-core" "3.2.20"
    "@vue/shared" "3.2.20"
    csstype "^2.6.8"

"@vue/server-renderer@3.2.20":
  version "3.2.20"
  resolved "https://registry.npmmirror.com/@vue/server-renderer/download/@vue/server-renderer-3.2.20.tgz?cache=0&sync_timestamp=1633712766117&other_urls=https%3A%2F%2Fregistry.npmmirror.com%2F%40vue%2Fserver-renderer%2Fdownload%2F%40vue%2Fserver-renderer-3.2.20.tgz#705e07ae9425132b2b6227d308a51a13f4d4ec81"
  integrity sha1-cF4HrpQlEysrYifTCKUaE/TU7IE=
  dependencies:
    "@vue/compiler-ssr" "3.2.20"
    "@vue/shared" "3.2.20"

"@vue/shared@3.2.20":
  version "3.2.20"
  resolved "https://registry.npmmirror.com/@vue/shared/download/@vue/shared-3.2.20.tgz?cache=0&sync_timestamp=1633712765807&other_urls=https%3A%2F%2Fregistry.npmmirror.com%2F%40vue%2Fshared%2Fdownload%2F%40vue%2Fshared-3.2.20.tgz#53746961f731a8ea666e3316271e944238dc31db"
  integrity sha1-U3RpYfcxqOpmbjMWJx6UQjjcMds=

abort-controller@^3.0.0:
  version "3.0.0"
  resolved "https://registry.nlark.com/abort-controller/download/abort-controller-3.0.0.tgz#eaf54d53b62bae4138e809ca225c8439a6efb392"
  integrity sha1-6vVNU7YrrkE46AnKIlyEOabvs5I=
  dependencies:
    event-target-shim "^5.0.0"

async-limiter@~1.0.0:
  version "1.0.1"
  resolved "https://registry.npm.taobao.org/async-limiter/download/async-limiter-1.0.1.tgz#dd379e94f0db8310b08291f9d64c3209766617fd"
  integrity sha1-3TeelPDbgxCwgpH51kwyCXZmF/0=

axios@^0.23.0:
  version "0.23.0"
  resolved "https://registry.npmmirror.com/axios/download/axios-0.23.0.tgz?cache=0&sync_timestamp=1634053131158&other_urls=https%3A%2F%2Fregistry.npmmirror.com%2Faxios%2Fdownload%2Faxios-0.23.0.tgz#b0fa5d0948a8d1d75e3d5635238b6c4625b05149"
  integrity sha1-sPpdCUio0ddePVY1I4tsRiWwUUk=
  dependencies:
    follow-redirects "^1.14.4"

csstype@^2.6.8:
  version "2.6.18"
  resolved "https://registry.nlark.com/csstype/download/csstype-2.6.18.tgz?cache=0&sync_timestamp=1631540782346&other_urls=https%3A%2F%2Fregistry.nlark.com%2Fcsstype%2Fdownload%2Fcsstype-2.6.18.tgz#980a8b53085f34af313410af064f2bd241784218"
  integrity sha1-mAqLUwhfNK8xNBCvBk8r0kF4Qhg=

es6-denodeify@^0.1.1:
  version "0.1.5"
  resolved "https://registry.nlark.com/es6-denodeify/download/es6-denodeify-0.1.5.tgz#31d4d5fe9c5503e125460439310e16a2a3f39c1f"
  integrity sha1-MdTV/pxVA+ElRgQ5MQ4WoqPznB8=

esbuild-android-arm64@0.13.6:
  version "0.13.6"
  resolved "https://registry.npmmirror.com/esbuild-android-arm64/download/esbuild-android-arm64-0.13.6.tgz?cache=0&sync_timestamp=1634187025457&other_urls=https%3A%2F%2Fregistry.npmmirror.com%2Fesbuild-android-arm64%2Fdownload%2Fesbuild-android-arm64-0.13.6.tgz#a109b4e5203e9ec144cadccdf18a5daf021423e5"
  integrity sha1-oQm05SA+nsFEytzN8YpdrwIUI+U=

esbuild-darwin-64@0.13.6:
  version "0.13.6"
  resolved "https://registry.npmmirror.com/esbuild-darwin-64/download/esbuild-darwin-64-0.13.6.tgz?cache=0&sync_timestamp=1634187024758&other_urls=https%3A%2F%2Fregistry.npmmirror.com%2Fesbuild-darwin-64%2Fdownload%2Fesbuild-darwin-64-0.13.6.tgz#1a00ef4d2b3b1fe9de28a5cf195df113d6461155"
  integrity sha1-GgDvTSs7H+neKKXPGV3xE9ZGEVU=

esbuild-darwin-arm64@0.13.6:
  version "0.13.6"
  resolved "https://registry.npmmirror.com/esbuild-darwin-arm64/download/esbuild-darwin-arm64-0.13.6.tgz?cache=0&sync_timestamp=1634187024965&other_urls=https%3A%2F%2Fregistry.npmmirror.com%2Fesbuild-darwin-arm64%2Fdownload%2Fesbuild-darwin-arm64-0.13.6.tgz#f48954d441059e2d06c1675ddcc25af00b164935"
  integrity sha1-9IlU1EEFni0GwWdd3MJa8AsWSTU=

esbuild-freebsd-64@0.13.6:
  version "0.13.6"
  resolved "https://registry.npmmirror.com/esbuild-freebsd-64/download/esbuild-freebsd-64-0.13.6.tgz?cache=0&sync_timestamp=1634187024459&other_urls=https%3A%2F%2Fregistry.npmmirror.com%2Fesbuild-freebsd-64%2Fdownload%2Fesbuild-freebsd-64-0.13.6.tgz#b3bfea7e21f0d80796220927118fc76170cac06f"
  integrity sha1-s7/qfiHw2AeWIgknEY/HYXDKwG8=

esbuild-freebsd-arm64@0.13.6:
  version "0.13.6"
  resolved "https://registry.npmmirror.com/esbuild-freebsd-arm64/download/esbuild-freebsd-arm64-0.13.6.tgz?cache=0&other_urls=https%3A%2F%2Fregistry.npmmirror.com%2Fesbuild-freebsd-arm64%2Fdownload%2Fesbuild-freebsd-arm64-0.13.6.tgz#e6f5777a85012457ada049fc6b1e3e2c36161514"
  integrity sha1-5vV3eoUBJFetoEn8ax4+LDYWFRQ=

esbuild-linux-32@0.13.6:
  version "0.13.6"
  resolved "https://registry.npmmirror.com/esbuild-linux-32/download/esbuild-linux-32-0.13.6.tgz?cache=0&sync_timestamp=1634187025309&other_urls=https%3A%2F%2Fregistry.npmmirror.com%2Fesbuild-linux-32%2Fdownload%2Fesbuild-linux-32-0.13.6.tgz#8b04058312a76faec6964b954f1f02ab32ce43fe"
  integrity sha1-iwQFgxKnb67GlkuVTx8CqzLOQ/4=

esbuild-linux-64@0.13.6:
  version "0.13.6"
  resolved "https://registry.npmmirror.com/esbuild-linux-64/download/esbuild-linux-64-0.13.6.tgz#554d8edfe3f791f8b26978eb173b2e13643442c0"
  integrity sha1-VU2O3+P3kfiyaXjrFzsuE2Q0QsA=

esbuild-linux-arm64@0.13.6:
  version "0.13.6"
  resolved "https://registry.npmmirror.com/esbuild-linux-arm64/download/esbuild-linux-arm64-0.13.6.tgz?cache=0&sync_timestamp=1634187026503&other_urls=https%3A%2F%2Fregistry.npmmirror.com%2Fesbuild-linux-arm64%2Fdownload%2Fesbuild-linux-arm64-0.13.6.tgz#2142fadbdbc0ebd52a166f956f0ecb1f6602112a"
  integrity sha1-IUL629vA69UqFm+Vbw7LH2YCESo=

esbuild-linux-arm@0.13.6:
  version "0.13.6"
  resolved "https://registry.npmmirror.com/esbuild-linux-arm/download/esbuild-linux-arm-0.13.6.tgz?cache=0&other_urls=https%3A%2F%2Fregistry.npmmirror.com%2Fesbuild-linux-arm%2Fdownload%2Fesbuild-linux-arm-0.13.6.tgz#ced8e35a94e0adbf134e5fa4e2b661f897e14b27"
  integrity sha1-ztjjWpTgrb8TTl+k4rZh+JfhSyc=

esbuild-linux-mips64le@0.13.6:
  version "0.13.6"
  resolved "https://registry.npmmirror.com/esbuild-linux-mips64le/download/esbuild-linux-mips64le-0.13.6.tgz?cache=0&sync_timestamp=1634187026093&other_urls=https%3A%2F%2Fregistry.npmmirror.com%2Fesbuild-linux-mips64le%2Fdownload%2Fesbuild-linux-mips64le-0.13.6.tgz#e5cbc050f5d44f8ecc0f79b1641bbad3919a2b3a"
  integrity sha1-5cvAUPXUT47MD3mxZBu605GaKzo=

esbuild-linux-ppc64le@0.13.6:
  version "0.13.6"
  resolved "https://registry.npmmirror.com/esbuild-linux-ppc64le/download/esbuild-linux-ppc64le-0.13.6.tgz?cache=0&sync_timestamp=1634187026287&other_urls=https%3A%2F%2Fregistry.npmmirror.com%2Fesbuild-linux-ppc64le%2Fdownload%2Fesbuild-linux-ppc64le-0.13.6.tgz#57868a7eb762c1d19fa6d367b09a4610f0cbf7ca"
  integrity sha1-V4aKfrdiwdGfptNnsJpGEPDL98o=

esbuild-netbsd-64@0.13.6:
  version "0.13.6"
  resolved "https://registry.npmmirror.com/esbuild-netbsd-64/download/esbuild-netbsd-64-0.13.6.tgz?cache=0&sync_timestamp=1634187023203&other_urls=https%3A%2F%2Fregistry.npmmirror.com%2Fesbuild-netbsd-64%2Fdownload%2Fesbuild-netbsd-64-0.13.6.tgz#1c5daa62571f1065e4a1100a1db5e488ef259024"
  integrity sha1-HF2qYlcfEGXkoRAKHbXkiO8lkCQ=

esbuild-openbsd-64@0.13.6:
  version "0.13.6"
  resolved "https://registry.npmmirror.com/esbuild-openbsd-64/download/esbuild-openbsd-64-0.13.6.tgz?cache=0&sync_timestamp=1634186028788&other_urls=https%3A%2F%2Fregistry.npmmirror.com%2Fesbuild-openbsd-64%2Fdownload%2Fesbuild-openbsd-64-0.13.6.tgz#315fd85970365835f6a1eb7b6e9335d59f772564"
  integrity sha1-MV/YWXA2WDX2oet7bpM11Z93JWQ=

esbuild-sunos-64@0.13.6:
  version "0.13.6"
  resolved "https://registry.npmmirror.com/esbuild-sunos-64/download/esbuild-sunos-64-0.13.6.tgz?cache=0&sync_timestamp=1634187025108&other_urls=https%3A%2F%2Fregistry.npmmirror.com%2Fesbuild-sunos-64%2Fdownload%2Fesbuild-sunos-64-0.13.6.tgz#8422eeb9f3712daa4befd19e5da6d7c9af9fc744"
  integrity sha1-hCLuufNxLapL79GeXabXya+fx0Q=

esbuild-windows-32@0.13.6:
  version "0.13.6"
  resolved "https://registry.npmmirror.com/esbuild-windows-32/download/esbuild-windows-32-0.13.6.tgz?cache=0&other_urls=https%3A%2F%2Fregistry.npmmirror.com%2Fesbuild-windows-32%2Fdownload%2Fesbuild-windows-32-0.13.6.tgz#694eb4768ee72219d3bc6415b1d3a0f843aea9ec"
  integrity sha1-aU60do7nIhnTvGQVsdOg+EOuqew=

esbuild-windows-64@0.13.6:
  version "0.13.6"
  resolved "https://registry.npmmirror.com/esbuild-windows-64/download/esbuild-windows-64-0.13.6.tgz?cache=0&other_urls=https%3A%2F%2Fregistry.npmmirror.com%2Fesbuild-windows-64%2Fdownload%2Fesbuild-windows-64-0.13.6.tgz#1adbf5367b08e735262f57098d19c07d0a2fec1c"
  integrity sha1-Gtv1NnsI5zUmL1cJjRnAfQov7Bw=

esbuild-windows-arm64@0.13.6:
  version "0.13.6"
  resolved "https://registry.npmmirror.com/esbuild-windows-arm64/download/esbuild-windows-arm64-0.13.6.tgz#9279083740ec90a2d638485c97b1d003771d685a"
  integrity sha1-knkIN0DskKLWOEhcl7HQA3cdaFo=

esbuild@^0.13.2:
  version "0.13.6"
  resolved "https://registry.npmmirror.com/esbuild/download/esbuild-0.13.6.tgz?cache=0&sync_timestamp=1634186308570&other_urls=https%3A%2F%2Fregistry.npmmirror.com%2Fesbuild%2Fdownload%2Fesbuild-0.13.6.tgz#b9be288108d47e814a6c8729e495dce0fddbf441"
  integrity sha1-ub4ogQjUfoFKbIcp5JXc4P3b9EE=
  optionalDependencies:
    esbuild-android-arm64 "0.13.6"
    esbuild-darwin-64 "0.13.6"
    esbuild-darwin-arm64 "0.13.6"
    esbuild-freebsd-64 "0.13.6"
    esbuild-freebsd-arm64 "0.13.6"
    esbuild-linux-32 "0.13.6"
    esbuild-linux-64 "0.13.6"
    esbuild-linux-arm "0.13.6"
    esbuild-linux-arm64 "0.13.6"
    esbuild-linux-mips64le "0.13.6"
    esbuild-linux-ppc64le "0.13.6"
    esbuild-netbsd-64 "0.13.6"
    esbuild-openbsd-64 "0.13.6"
    esbuild-sunos-64 "0.13.6"
    esbuild-windows-32 "0.13.6"
    esbuild-windows-64 "0.13.6"
    esbuild-windows-arm64 "0.13.6"

estree-walker@^2.0.2:
  version "2.0.2"
  resolved "https://registry.npm.taobao.org/estree-walker/download/estree-walker-2.0.2.tgz#52f010178c2a4c117a7757cfe942adb7d2da4cac"
  integrity sha1-UvAQF4wqTBF6d1fP6UKtt9LaTKw=

event-target-shim@^5.0.0:
  version "5.0.1"
  resolved "https://registry.npm.taobao.org/event-target-shim/download/event-target-shim-5.0.1.tgz#5d4d3ebdf9583d63a5333ce2deb7480ab2b05789"
  integrity sha1-XU0+vflYPWOlMzzi3rdICrKwV4k=

eventsource@^1.0.7:
  version "1.1.0"
  resolved "https://registry.npm.taobao.org/eventsource/download/eventsource-1.1.0.tgz?cache=0&sync_timestamp=1616041748498&other_urls=https%3A%2F%2Fregistry.npm.taobao.org%2Feventsource%2Fdownload%2Feventsource-1.1.0.tgz#00e8ca7c92109e94b0ddf32dac677d841028cfaf"
  integrity sha1-AOjKfJIQnpSw3fMtrGd9hBAoz68=
  dependencies:
    original "^1.0.0"

fetch-cookie@^0.7.3:
  version "0.7.3"
  resolved "https://registry.nlark.com/fetch-cookie/download/fetch-cookie-0.7.3.tgz#b8d023f421dd2b2f4a0eca9cd7318a967ed4eed8"
  integrity sha1-uNAj9CHdKy9KDsqc1zGKln7U7tg=
  dependencies:
    es6-denodeify "^0.1.1"
    tough-cookie "^2.3.3"

follow-redirects@^1.14.4:
  version "1.14.4"
  resolved "https://registry.nlark.com/follow-redirects/download/follow-redirects-1.14.4.tgz?cache=0&sync_timestamp=1631622206750&other_urls=https%3A%2F%2Fregistry.nlark.com%2Ffollow-redirects%2Fdownload%2Ffollow-redirects-1.14.4.tgz#838fdf48a8bbdd79e52ee51fb1c94e3ed98b9379"
  integrity sha1-g4/fSKi73XnlLuUfsclOPtmLk3k=

fsevents@~2.3.2:
  version "2.3.2"
  resolved "https://registry.nlark.com/fsevents/download/fsevents-2.3.2.tgz#8a526f78b8fdf4623b709e0b975c52c24c02fd1a"
  integrity sha1-ilJveLj99GI7cJ4Ll1xSwkwC/Ro=

function-bind@^1.1.1:
  version "1.1.1"
  resolved "https://registry.nlark.com/function-bind/download/function-bind-1.1.1.tgz#a56899d3ea3c9bab874bb9773b7c5ede92f4895d"
  integrity sha1-pWiZ0+o8m6uHS7l3O3xe3pL0iV0=

has@^1.0.3:
  version "1.0.3"
  resolved "https://registry.nlark.com/has/download/has-1.0.3.tgz?cache=0&sync_timestamp=1618847173393&other_urls=https%3A%2F%2Fregistry.nlark.com%2Fhas%2Fdownload%2Fhas-1.0.3.tgz#722d7cbfc1f6aa8241f16dd814e011e1f41e8796"
  integrity sha1-ci18v8H2qoJB8W3YFOAR4fQeh5Y=
  dependencies:
    function-bind "^1.1.1"

is-core-module@^2.2.0:
  version "2.8.0"
  resolved "https://registry.npmmirror.com/is-core-module/download/is-core-module-2.8.0.tgz?cache=0&sync_timestamp=1634236539354&other_urls=https%3A%2F%2Fregistry.npmmirror.com%2Fis-core-module%2Fdownload%2Fis-core-module-2.8.0.tgz#0321336c3d0925e497fd97f5d95cb114a5ccd548"
  integrity sha1-AyEzbD0JJeSX/Zf12VyxFKXM1Ug=
  dependencies:
    has "^1.0.3"

magic-string@^0.25.7:
  version "0.25.7"
  resolved "https://registry.npm.taobao.org/magic-string/download/magic-string-0.25.7.tgz#3f497d6fd34c669c6798dcb821f2ef31f5445051"
  integrity sha1-P0l9b9NMZpxnmNy4IfLvMfVEUFE=
  dependencies:
    sourcemap-codec "^1.4.4"

nanoid@^3.1.28:
  version "3.1.30"
  resolved "https://registry.npmmirror.com/nanoid/download/nanoid-3.1.30.tgz#63f93cc548d2a113dc5dfbc63bfa09e2b9b64362"
  integrity sha1-Y/k8xUjSoRPcXfvGO/oJ4rm2Q2I=

node-fetch@^2.6.0:
  version "2.6.5"
  resolved "https://registry.npmmirror.com/node-fetch/download/node-fetch-2.6.5.tgz#42735537d7f080a7e5f78b6c549b7146be1742fd"
  integrity sha1-QnNVN9fwgKfl94tsVJtxRr4XQv0=
  dependencies:
    whatwg-url "^5.0.0"

original@^1.0.0:
  version "1.0.2"
  resolved "https://registry.nlark.com/original/download/original-1.0.2.tgz#e442a61cffe1c5fd20a65f3261c26663b303f25f"
  integrity sha1-5EKmHP/hxf0gpl8yYcJmY7MD8l8=
  dependencies:
    url-parse "^1.4.3"

path-parse@^1.0.6:
  version "1.0.7"
  resolved "https://registry.nlark.com/path-parse/download/path-parse-1.0.7.tgz#fbc114b60ca42b30d9daf5858e4bd68bbedb6735"
  integrity sha1-+8EUtgykKzDZ2vWFjkvWi77bZzU=

picocolors@^0.2.1:
  version "0.2.1"
  resolved "https://registry.npmmirror.com/picocolors/download/picocolors-0.2.1.tgz?cache=0&sync_timestamp=1634093378416&other_urls=https%3A%2F%2Fregistry.npmmirror.com%2Fpicocolors%2Fdownload%2Fpicocolors-0.2.1.tgz#570670f793646851d1ba135996962abad587859f"
  integrity sha1-VwZw95NkaFHRuhNZlpYqutWHhZ8=

postcss@^8.1.10, postcss@^8.3.8:
  version "8.3.9"
  resolved "https://registry.npmmirror.com/postcss/download/postcss-8.3.9.tgz?cache=0&sync_timestamp=1633378564902&other_urls=https%3A%2F%2Fregistry.npmmirror.com%2Fpostcss%2Fdownload%2Fpostcss-8.3.9.tgz#98754caa06c4ee9eb59cc48bd073bb6bd3437c31"
  integrity sha1-mHVMqgbE7p61nMSL0HO7a9NDfDE=
  dependencies:
    nanoid "^3.1.28"
    picocolors "^0.2.1"
    source-map-js "^0.6.2"

psl@^1.1.28:
  version "1.8.0"
  resolved "https://registry.nlark.com/psl/download/psl-1.8.0.tgz#9326f8bcfb013adcc005fdff056acce020e51c24"
  integrity sha1-kyb4vPsBOtzABf3/BWrM4CDlHCQ=

punycode@^2.1.1:
  version "2.1.1"
  resolved "https://registry.npm.taobao.org/punycode/download/punycode-2.1.1.tgz#b58b010ac40c22c5657616c8d2c2c02c7bf479ec"
  integrity sha1-tYsBCsQMIsVldhbI0sLALHv0eew=

querystringify@^2.1.1:
  version "2.2.0"
  resolved "https://registry.npm.taobao.org/querystringify/download/querystringify-2.2.0.tgz#3345941b4153cb9d082d8eee4cda2016a9aef7f6"
  integrity sha1-M0WUG0FTy50ILY7uTNogFqmu9/Y=

requires-port@^1.0.0:
  version "1.0.0"
  resolved "https://registry.npm.taobao.org/requires-port/download/requires-port-1.0.0.tgz#925d2601d39ac485e091cf0da5c6e694dc3dcaff"
  integrity sha1-kl0mAdOaxIXgkc8NpcbmlNw9yv8=

resolve@^1.20.0:
  version "1.20.0"
  resolved "https://registry.nlark.com/resolve/download/resolve-1.20.0.tgz?cache=0&sync_timestamp=1618846903792&other_urls=https%3A%2F%2Fregistry.nlark.com%2Fresolve%2Fdownload%2Fresolve-1.20.0.tgz#629a013fb3f70755d6f0b7935cc1c2c5378b1975"
  integrity sha1-YpoBP7P3B1XW8LeTXMHCxTeLGXU=
  dependencies:
    is-core-module "^2.2.0"
    path-parse "^1.0.6"

rollup@^2.57.0:
  version "2.58.0"
  resolved "https://registry.npmmirror.com/rollup/download/rollup-2.58.0.tgz#a643983365e7bf7f5b7c62a8331b983b7c4c67fb"
  integrity sha1-pkOYM2Xnv39bfGKoMxuYO3xMZ/s=
  optionalDependencies:
    fsevents "~2.3.2"

source-map-js@^0.6.2:
  version "0.6.2"
  resolved "https://registry.npm.taobao.org/source-map-js/download/source-map-js-0.6.2.tgz#0bb5de631b41cfbda6cfba8bd05a80efdfd2385e"
  integrity sha1-C7XeYxtBz72mz7qL0FqA79/SOF4=

source-map@^0.6.1:
  version "0.6.1"
  resolved "https://registry.nlark.com/source-map/download/source-map-0.6.1.tgz?cache=0&sync_timestamp=1618847019434&other_urls=https%3A%2F%2Fregistry.nlark.com%2Fsource-map%2Fdownload%2Fsource-map-0.6.1.tgz#74722af32e9614e9c287a8d0bbde48b5e2f1a263"
  integrity sha1-dHIq8y6WFOnCh6jQu95IteLxomM=

sourcemap-codec@^1.4.4:
  version "1.4.8"
  resolved "https://registry.npm.taobao.org/sourcemap-codec/download/sourcemap-codec-1.4.8.tgz#ea804bd94857402e6992d05a38ef1ae35a9ab4c4"
  integrity sha1-6oBL2UhXQC5pktBaOO8a41qatMQ=

tough-cookie@^2.3.3:
  version "2.5.0"
  resolved "https://registry.nlark.com/tough-cookie/download/tough-cookie-2.5.0.tgz#cd9fb2a0aa1d5a12b473bd9fb96fa3dcff65ade2"
  integrity sha1-zZ+yoKodWhK0c72fuW+j3P9lreI=
  dependencies:
    psl "^1.1.28"
    punycode "^2.1.1"

tr46@~0.0.3:
  version "0.0.3"
  resolved "https://registry.npmmirror.com/tr46/download/tr46-0.0.3.tgz#8184fd347dac9cdc185992f3a6622e14b9d9ab6a"
  integrity sha1-gYT9NH2snNwYWZLzpmIuFLnZq2o=

url-parse@^1.4.3:
  version "1.5.3"
  resolved "https://registry.nlark.com/url-parse/download/url-parse-1.5.3.tgz?cache=0&sync_timestamp=1627252196051&other_urls=https%3A%2F%2Fregistry.nlark.com%2Furl-parse%2Fdownload%2Furl-parse-1.5.3.tgz#71c1303d38fb6639ade183c2992c8cc0686df862"
  integrity sha1-ccEwPTj7Zjmt4YPCmSyMwGht+GI=
  dependencies:
    querystringify "^2.1.1"
    requires-port "^1.0.0"

vite@^2.4.4:
  version "2.6.7"
  resolved "https://registry.npmmirror.com/vite/download/vite-2.6.7.tgz?cache=0&sync_timestamp=1633966863585&other_urls=https%3A%2F%2Fregistry.npmmirror.com%2Fvite%2Fdownload%2Fvite-2.6.7.tgz#e15c1d8327950720b5d7c4ec3fb36a5a58ccf7cb"
  integrity sha1-4VwdgyeVByC118TsP7NqWljM98s=
  dependencies:
    esbuild "^0.13.2"
    postcss "^8.3.8"
    resolve "^1.20.0"
    rollup "^2.57.0"
  optionalDependencies:
    fsevents "~2.3.2"

vue@^3.0.5:
  version "3.2.20"
  resolved "https://registry.npmmirror.com/vue/download/vue-3.2.20.tgz?cache=0&sync_timestamp=1633712767060&other_urls=https%3A%2F%2Fregistry.npmmirror.com%2Fvue%2Fdownload%2Fvue-3.2.20.tgz#940f8aa8bf3e3be78243ca582bad41fcd45ae3e6"
  integrity sha1-lA+KqL8+O+eCQ8pYK61B/NRa4+Y=
  dependencies:
    "@vue/compiler-dom" "3.2.20"
    "@vue/compiler-sfc" "3.2.20"
    "@vue/runtime-dom" "3.2.20"
    "@vue/server-renderer" "3.2.20"
    "@vue/shared" "3.2.20"

webidl-conversions@^3.0.0:
  version "3.0.1"
  resolved "https://registry.nlark.com/webidl-conversions/download/webidl-conversions-3.0.1.tgz#24534275e2a7bc6be7bc86611cc16ae0a5654871"
  integrity sha1-JFNCdeKnvGvnvIZhHMFq4KVlSHE=

whatwg-url@^5.0.0:
  version "5.0.0"
  resolved "https://registry.npmmirror.com/whatwg-url/download/whatwg-url-5.0.0.tgz#966454e8765462e37644d3626f6742ce8b70965d"
  integrity sha1-lmRU6HZUYuN2RNNib2dCzotwll0=
  dependencies:
    tr46 "~0.0.3"
    webidl-conversions "^3.0.0"

ws@^6.0.0:
  version "6.2.2"
  resolved "https://registry.npmmirror.com/ws/download/ws-6.2.2.tgz?cache=0&sync_timestamp=1633200103980&other_urls=https%3A%2F%2Fregistry.npmmirror.com%2Fws%2Fdownload%2Fws-6.2.2.tgz#dd5cdbd57a9979916097652d78f1cc5faea0c32e"
  integrity sha1-3Vzb1XqZeZFgl2UtePHMX66gwy4=
  dependencies:
    async-limiter "~1.0.0"
