# THIS IS AN AUTOGENERATED FILE. DO NOT EDIT THIS FILE DIRECTLY.
# yarn lockfile v1


"@babel/parser@^7.15.0":
  version "7.16.3"
  resolved "https://registry.npmmirror.com/@babel/parser/download/@babel/parser-7.16.3.tgz?cache=0&sync_timestamp=1636495066293&other_urls=https%3A%2F%2Fregistry.npmmirror.com%2F%40babel%2Fparser%2Fdownload%2F%40babel%2Fparser-7.16.3.tgz"
  integrity sha512-dcNwU1O4sx57ClvLBVFbEgx0UZWfd0JQX5X6fxFRCLHelFBGXFfSz6Y0FAq2PEwUqlqLkdVjVr4VASEOuUnLJw==

"@microsoft/signalr@^6.0.0":
  version "6.0.0"
  resolved "https://registry.npmmirror.com/@microsoft/signalr/download/@microsoft/signalr-6.0.0.tgz"
  integrity sha512-Y38bG/i9V1fOfOLcfTl2+OqPH7+0A7DgojJ7YILgfQ0vGGmnZwdCtrzCvSsRIzKTIrB/ZSQ3n4BA5VOO+MFkrA==
  dependencies:
    abort-controller "^3.0.0"
    eventsource "^1.0.7"
    fetch-cookie "^0.11.0"
    node-fetch "^2.6.1"
    ws "^7.4.5"

"@vitejs/plugin-vue@^1.3.0":
  version "1.9.4"
  resolved "https://registry.npmmirror.com/@vitejs/plugin-vue/download/@vitejs/plugin-vue-1.9.4.tgz"
  integrity sha1-T0hIVDLLuYap+50lTcM84w3cy/o=

"@vue/compiler-core@3.2.21":
  version "3.2.21"
  resolved "https://registry.npmmirror.com/@vue/compiler-core/download/@vue/compiler-core-3.2.21.tgz"
  integrity sha1-JlZsMrKtg4GZ1HHvXfYgqDhG8k4=
  dependencies:
    "@babel/parser" "^7.15.0"
    "@vue/shared" "3.2.21"
    estree-walker "^2.0.2"
    source-map "^0.6.1"

"@vue/compiler-dom@3.2.21":
  version "3.2.21"
  resolved "https://registry.npmmirror.com/@vue/compiler-dom/download/@vue/compiler-dom-3.2.21.tgz"
  integrity sha1-1vbIU2TviIj5xOkSK/uhHnj7OYw=
  dependencies:
    "@vue/compiler-core" "3.2.21"
    "@vue/shared" "3.2.21"

"@vue/compiler-sfc@3.2.21", "@vue/compiler-sfc@^3.0.5":
  version "3.2.21"
  resolved "https://registry.npmmirror.com/@vue/compiler-sfc/download/@vue/compiler-sfc-3.2.21.tgz"
  integrity sha1-QmOe5J5yWvt9jx0ZQOddwXpWACw=
  dependencies:
    "@babel/parser" "^7.15.0"
    "@vue/compiler-core" "3.2.21"
    "@vue/compiler-dom" "3.2.21"
    "@vue/compiler-ssr" "3.2.21"
    "@vue/ref-transform" "3.2.21"
    "@vue/shared" "3.2.21"
    estree-walker "^2.0.2"
    magic-string "^0.25.7"
    postcss "^8.1.10"
    source-map "^0.6.1"

"@vue/compiler-ssr@3.2.21":
  version "3.2.21"
  resolved "https://registry.npmmirror.com/@vue/compiler-ssr/download/@vue/compiler-ssr-3.2.21.tgz"
  integrity sha1-N9Ek+J6K3vn9VrhXdd5LUxCgQ24=
  dependencies:
    "@vue/compiler-dom" "3.2.21"
    "@vue/shared" "3.2.21"

"@vue/reactivity@3.2.21":
  version "3.2.21"
  resolved "https://registry.npmmirror.com/@vue/reactivity/download/@vue/reactivity-3.2.21.tgz"
  integrity sha1-BzrRRBku14oH4VHpWjuqUV5AmaI=
  dependencies:
    "@vue/shared" "3.2.21"

"@vue/ref-transform@3.2.21":
  version "3.2.21"
  resolved "https://registry.npmmirror.com/@vue/ref-transform/download/@vue/ref-transform-3.2.21.tgz"
  integrity sha1-sMVUyfZAw/AF935nYGaqD6upCYQ=
  dependencies:
    "@babel/parser" "^7.15.0"
    "@vue/compiler-core" "3.2.21"
    "@vue/shared" "3.2.21"
    estree-walker "^2.0.2"
    magic-string "^0.25.7"

"@vue/runtime-core@3.2.21":
  version "3.2.21"
  resolved "https://registry.npmmirror.com/@vue/runtime-core/download/@vue/runtime-core-3.2.21.tgz"
  integrity sha1-4S2sjDiTt66/w34yBmcY2KpoasU=
  dependencies:
    "@vue/reactivity" "3.2.21"
    "@vue/shared" "3.2.21"

"@vue/runtime-dom@3.2.21":
  version "3.2.21"
  resolved "https://registry.npmmirror.com/@vue/runtime-dom/download/@vue/runtime-dom-3.2.21.tgz"
  integrity sha1-M90VvIUoHncxd6MNxpMcKUvXeqE=
  dependencies:
    "@vue/runtime-core" "3.2.21"
    "@vue/shared" "3.2.21"
    csstype "^2.6.8"

"@vue/server-renderer@3.2.21":
  version "3.2.21"
  resolved "https://registry.npmmirror.com/@vue/server-renderer/download/@vue/server-renderer-3.2.21.tgz"
  integrity sha1-iH0KRN529yMTz/JoaiTAMVIx1jQ=
  dependencies:
    "@vue/compiler-ssr" "3.2.21"
    "@vue/shared" "3.2.21"

"@vue/shared@3.2.21":
  version "3.2.21"
  resolved "https://registry.npmmirror.com/@vue/shared/download/@vue/shared-3.2.21.tgz?cache=0&sync_timestamp=1635836337223&other_urls=https%3A%2F%2Fregistry.npmmirror.com%2F%40vue%2Fshared%2Fdownload%2F%40vue%2Fshared-3.2.21.tgz"
  integrity sha1-TNgMDmLPZaetqyRJ6GtvDLM6Ews=

abort-controller@^3.0.0:
  version "3.0.0"
  resolved "https://registry.nlark.com/abort-controller/download/abort-controller-3.0.0.tgz"
  integrity sha1-6vVNU7YrrkE46AnKIlyEOabvs5I=
  dependencies:
    event-target-shim "^5.0.0"

csstype@^2.6.8:
  version "2.6.18"
  resolved "https://registry.nlark.com/csstype/download/csstype-2.6.18.tgz?cache=0&sync_timestamp=1631540782346&other_urls=https%3A%2F%2Fregistry.nlark.com%2Fcsstype%2Fdownload%2Fcsstype-2.6.18.tgz"
  integrity sha1-mAqLUwhfNK8xNBCvBk8r0kF4Qhg=

esbuild-android-arm64@0.13.13:
  version "0.13.13"
  resolved "https://registry.npmmirror.com/esbuild-android-arm64/download/esbuild-android-arm64-0.13.13.tgz#da07b5fb2daf7d83dcd725f7cf58a6758e6e702a"
  integrity sha512-T02aneWWguJrF082jZworjU6vm8f4UQ+IH2K3HREtlqoY9voiJUwHLRL6khRlsNLzVglqgqb7a3HfGx7hAADCQ==

esbuild-darwin-64@0.13.13:
  version "0.13.13"
  resolved "https://registry.npmmirror.com/esbuild-darwin-64/download/esbuild-darwin-64-0.13.13.tgz#e94e9fd3b4b5455a2e675cd084a19a71b6904bbf"
  integrity sha512-wkaiGAsN/09X9kDlkxFfbbIgR78SNjMOfUhoel3CqKBDsi9uZhw7HBNHNxTzYUK8X8LAKFpbODgcRB3b/I8gHA==

esbuild-darwin-arm64@0.13.13:
  version "0.13.13"
  resolved "https://registry.npmmirror.com/esbuild-darwin-arm64/download/esbuild-darwin-arm64-0.13.13.tgz#8c320eafbb3ba2c70d8062128c5b71503e342471"
  integrity sha512-b02/nNKGSV85Gw9pUCI5B48AYjk0vFggDeom0S6QMP/cEDtjSh1WVfoIFNAaLA0MHWfue8KBwoGVsN7rBshs4g==

esbuild-freebsd-64@0.13.13:
  version "0.13.13"
  resolved "https://registry.npmmirror.com/esbuild-freebsd-64/download/esbuild-freebsd-64-0.13.13.tgz#ce0ca5b8c4c274cfebc9326f9b316834bd9dd151"
  integrity sha512-ALgXYNYDzk9YPVk80A+G4vz2D22Gv4j4y25exDBGgqTcwrVQP8rf/rjwUjHoh9apP76oLbUZTmUmvCMuTI1V9A==

esbuild-freebsd-arm64@0.13.13:
  version "0.13.13"
  resolved "https://registry.npmmirror.com/esbuild-freebsd-arm64/download/esbuild-freebsd-arm64-0.13.13.tgz#463da17562fdcfdf03b3b94b28497d8d8dcc8f62"
  integrity sha512-uFvkCpsZ1yqWQuonw5T1WZ4j59xP/PCvtu6I4pbLejhNo4nwjW6YalqnBvBSORq5/Ifo9S/wsIlVHzkzEwdtlw==

esbuild-linux-32@0.13.13:
  version "0.13.13"
  resolved "https://registry.npmmirror.com/esbuild-linux-32/download/esbuild-linux-32-0.13.13.tgz#2035793160da2c4be48a929e5bafb14a31789acc"
  integrity sha512-yxR9BBwEPs9acVEwTrEE2JJNHYVuPQC9YGjRfbNqtyfK/vVBQYuw8JaeRFAvFs3pVJdQD0C2BNP4q9d62SCP4w==

esbuild-linux-64@0.13.13:
  version "0.13.13"
  resolved "https://registry.npmmirror.com/esbuild-linux-64/download/esbuild-linux-64-0.13.13.tgz?cache=0&sync_timestamp=1636439981988&other_urls=https%3A%2F%2Fregistry.npmmirror.com%2Fesbuild-linux-64%2Fdownload%2Fesbuild-linux-64-0.13.13.tgz#fbe4802a8168c6d339d0749f977b099449b56f22"
  integrity sha512-kzhjlrlJ+6ESRB/n12WTGll94+y+HFeyoWsOrLo/Si0s0f+Vip4b8vlnG0GSiS6JTsWYAtGHReGczFOaETlKIw==

esbuild-linux-arm64@0.13.13:
  version "0.13.13"
  resolved "https://registry.npmmirror.com/esbuild-linux-arm64/download/esbuild-linux-arm64-0.13.13.tgz?cache=0&sync_timestamp=1636439990744&other_urls=https%3A%2F%2Fregistry.npmmirror.com%2Fesbuild-linux-arm64%2Fdownload%2Fesbuild-linux-arm64-0.13.13.tgz#f08d98df28d436ed4aad1529615822bb74d4d978"
  integrity sha512-KMrEfnVbmmJxT3vfTnPv/AiXpBFbbyExH13BsUGy1HZRPFMi5Gev5gk8kJIZCQSRfNR17aqq8sO5Crm2KpZkng==

esbuild-linux-arm@0.13.13:
  version "0.13.13"
  resolved "https://registry.npmmirror.com/esbuild-linux-arm/download/esbuild-linux-arm-0.13.13.tgz#6f968c3a98b64e30c80b212384192d0cfcb32e7f"
  integrity sha512-hXub4pcEds+U1TfvLp1maJ+GHRw7oizvzbGRdUvVDwtITtjq8qpHV5Q5hWNNn6Q+b3b2UxF03JcgnpzCw96nUQ==

esbuild-linux-mips64le@0.13.13:
  version "0.13.13"
  resolved "https://registry.npmmirror.com/esbuild-linux-mips64le/download/esbuild-linux-mips64le-0.13.13.tgz?cache=0&sync_timestamp=1636439992363&other_urls=https%3A%2F%2Fregistry.npmmirror.com%2Fesbuild-linux-mips64le%2Fdownload%2Fesbuild-linux-mips64le-0.13.13.tgz#690c78dc4725efe7d06a1431287966fbf7774c7f"
  integrity sha512-cJT9O1LYljqnnqlHaS0hdG73t7hHzF3zcN0BPsjvBq+5Ad47VJun+/IG4inPhk8ta0aEDK6LdP+F9299xa483w==

esbuild-linux-ppc64le@0.13.13:
  version "0.13.13"
  resolved "https://registry.npmmirror.com/esbuild-linux-ppc64le/download/esbuild-linux-ppc64le-0.13.13.tgz?cache=0&sync_timestamp=1636439988510&other_urls=https%3A%2F%2Fregistry.npmmirror.com%2Fesbuild-linux-ppc64le%2Fdownload%2Fesbuild-linux-ppc64le-0.13.13.tgz#7ec9048502de46754567e734aae7aebd2df6df02"
  integrity sha512-+rghW8st6/7O6QJqAjVK3eXzKkZqYAw6LgHv7yTMiJ6ASnNvghSeOcIvXFep3W2oaJc35SgSPf21Ugh0o777qQ==

esbuild-netbsd-64@0.13.13:
  version "0.13.13"
  resolved "https://registry.npmmirror.com/esbuild-netbsd-64/download/esbuild-netbsd-64-0.13.13.tgz#439bdaefffa03a8fa84324f5d83d636f548a2de3"
  integrity sha512-A/B7rwmzPdzF8c3mht5TukbnNwY5qMJqes09ou0RSzA5/jm7Jwl/8z853ofujTFOLhkNHUf002EAgokzSgEMpQ==

esbuild-openbsd-64@0.13.13:
  version "0.13.13"
  resolved "https://registry.npmmirror.com/esbuild-openbsd-64/download/esbuild-openbsd-64-0.13.13.tgz#c9958e5291a00a3090c1ec482d6bcdf2d5b5d107"
  integrity sha512-szwtuRA4rXKT3BbwoGpsff6G7nGxdKgUbW9LQo6nm0TVCCjDNDC/LXxT994duIW8Tyq04xZzzZSW7x7ttDiw1w==

esbuild-sunos-64@0.13.13:
  version "0.13.13"
  resolved "https://registry.npmmirror.com/esbuild-sunos-64/download/esbuild-sunos-64-0.13.13.tgz#ac9ead8287379cd2f6d00bd38c5997fda9c1179e"
  integrity sha512-ihyds9O48tVOYF48iaHYUK/boU5zRaLOXFS+OOL3ceD39AyHo46HVmsJLc7A2ez0AxNZCxuhu+P9OxfPfycTYQ==

esbuild-windows-32@0.13.13:
  version "0.13.13"
  resolved "https://registry.npmmirror.com/esbuild-windows-32/download/esbuild-windows-32-0.13.13.tgz#a3820fc86631ca594cb7b348514b5cc3f058cfd6"
  integrity sha512-h2RTYwpG4ldGVJlbmORObmilzL8EECy8BFiF8trWE1ZPHLpECE9//J3Bi+W3eDUuv/TqUbiNpGrq4t/odbayUw==

esbuild-windows-64@0.13.13:
  version "0.13.13"
  resolved "https://registry.npmmirror.com/esbuild-windows-64/download/esbuild-windows-64-0.13.13.tgz"
  integrity sha512-oMrgjP4CjONvDHe7IZXHrMk3wX5Lof/IwFEIbwbhgbXGBaN2dke9PkViTiXC3zGJSGpMvATXVplEhlInJ0drHA==

esbuild-windows-arm64@0.13.13:
  version "0.13.13"
  resolved "https://registry.npmmirror.com/esbuild-windows-arm64/download/esbuild-windows-arm64-0.13.13.tgz?cache=0&sync_timestamp=1636440015873&other_urls=https%3A%2F%2Fregistry.npmmirror.com%2Fesbuild-windows-arm64%2Fdownload%2Fesbuild-windows-arm64-0.13.13.tgz#06dfa52a6b178a5932a9a6e2fdb240c09e6da30c"
  integrity sha512-6fsDfTuTvltYB5k+QPah/x7LrI2+OLAJLE3bWLDiZI6E8wXMQU+wLqtEO/U/RvJgVY1loPs5eMpUBpVajczh1A==

esbuild@^0.13.2:
  version "0.13.13"
  resolved "https://registry.npmmirror.com/esbuild/download/esbuild-0.13.13.tgz?cache=0&sync_timestamp=1636440130458&other_urls=https%3A%2F%2Fregistry.npmmirror.com%2Fesbuild%2Fdownload%2Fesbuild-0.13.13.tgz"
  integrity sha512-Z17A/R6D0b4s3MousytQ/5i7mTCbaF+Ua/yPfoe71vdTv4KBvVAvQ/6ytMngM2DwGJosl8WxaD75NOQl2QF26Q==
  optionalDependencies:
    esbuild-android-arm64 "0.13.13"
    esbuild-darwin-64 "0.13.13"
    esbuild-darwin-arm64 "0.13.13"
    esbuild-freebsd-64 "0.13.13"
    esbuild-freebsd-arm64 "0.13.13"
    esbuild-linux-32 "0.13.13"
    esbuild-linux-64 "0.13.13"
    esbuild-linux-arm "0.13.13"
    esbuild-linux-arm64 "0.13.13"
    esbuild-linux-mips64le "0.13.13"
    esbuild-linux-ppc64le "0.13.13"
    esbuild-netbsd-64 "0.13.13"
    esbuild-openbsd-64 "0.13.13"
    esbuild-sunos-64 "0.13.13"
    esbuild-windows-32 "0.13.13"
    esbuild-windows-64 "0.13.13"
    esbuild-windows-arm64 "0.13.13"

estree-walker@^2.0.2:
  version "2.0.2"
  resolved "https://registry.npm.taobao.org/estree-walker/download/estree-walker-2.0.2.tgz"
  integrity sha1-UvAQF4wqTBF6d1fP6UKtt9LaTKw=

event-target-shim@^5.0.0:
  version "5.0.1"
  resolved "https://registry.npm.taobao.org/event-target-shim/download/event-target-shim-5.0.1.tgz"
  integrity sha1-XU0+vflYPWOlMzzi3rdICrKwV4k=

eventsource@^1.0.7:
  version "1.1.0"
  resolved "https://registry.npm.taobao.org/eventsource/download/eventsource-1.1.0.tgz?cache=0&sync_timestamp=1616041748498&other_urls=https%3A%2F%2Fregistry.npm.taobao.org%2Feventsource%2Fdownload%2Feventsource-1.1.0.tgz"
  integrity sha1-AOjKfJIQnpSw3fMtrGd9hBAoz68=
  dependencies:
    original "^1.0.0"

fetch-cookie@^0.11.0:
  version "0.11.0"
  resolved "https://registry.nlark.com/fetch-cookie/download/fetch-cookie-0.11.0.tgz"
  integrity sha1-4EbSq63Q3tWATOfiyuBtQzHBVAc=
  dependencies:
    tough-cookie "^2.3.3 || ^3.0.1 || ^4.0.0"

fsevents@~2.3.2:
  version "2.3.2"
  resolved "https://registry.npmmirror.com/fsevents/download/fsevents-2.3.2.tgz#8a526f78b8fdf4623b709e0b975c52c24c02fd1a"
  integrity sha1-ilJveLj99GI7cJ4Ll1xSwkwC/Ro=

function-bind@^1.1.1:
  version "1.1.1"
  resolved "https://registry.nlark.com/function-bind/download/function-bind-1.1.1.tgz"
  integrity sha1-pWiZ0+o8m6uHS7l3O3xe3pL0iV0=

has@^1.0.3:
  version "1.0.3"
  resolved "https://registry.nlark.com/has/download/has-1.0.3.tgz?cache=0&sync_timestamp=1618847173393&other_urls=https%3A%2F%2Fregistry.nlark.com%2Fhas%2Fdownload%2Fhas-1.0.3.tgz"
  integrity sha1-ci18v8H2qoJB8W3YFOAR4fQeh5Y=
  dependencies:
    function-bind "^1.1.1"

is-core-module@^2.2.0:
  version "2.8.0"
  resolved "https://registry.npmmirror.com/is-core-module/download/is-core-module-2.8.0.tgz?cache=0&sync_timestamp=1634236539354&other_urls=https%3A%2F%2Fregistry.npmmirror.com%2Fis-core-module%2Fdownload%2Fis-core-module-2.8.0.tgz"
  integrity sha1-AyEzbD0JJeSX/Zf12VyxFKXM1Ug=
  dependencies:
    has "^1.0.3"

magic-string@^0.25.7:
  version "0.25.7"
  resolved "https://registry.npm.taobao.org/magic-string/download/magic-string-0.25.7.tgz"
  integrity sha1-P0l9b9NMZpxnmNy4IfLvMfVEUFE=
  dependencies:
    sourcemap-codec "^1.4.4"

nanoid@^3.1.30:
  version "3.1.30"
  resolved "https://registry.npmmirror.com/nanoid/download/nanoid-3.1.30.tgz"
  integrity sha1-Y/k8xUjSoRPcXfvGO/oJ4rm2Q2I=

node-fetch@^2.6.1:
  version "2.6.6"
  resolved "https://registry.npmmirror.com/node-fetch/download/node-fetch-2.6.6.tgz?cache=0&sync_timestamp=1636395469986&other_urls=https%3A%2F%2Fregistry.npmmirror.com%2Fnode-fetch%2Fdownload%2Fnode-fetch-2.6.6.tgz"
  integrity sha1-F1GnwBg06OFpd1hzLp77burfr4k=
  dependencies:
    whatwg-url "^5.0.0"

original@^1.0.0:
  version "1.0.2"
  resolved "https://registry.nlark.com/original/download/original-1.0.2.tgz"
  integrity sha1-5EKmHP/hxf0gpl8yYcJmY7MD8l8=
  dependencies:
    url-parse "^1.4.3"

path-parse@^1.0.6:
  version "1.0.7"
  resolved "https://registry.nlark.com/path-parse/download/path-parse-1.0.7.tgz"
  integrity sha1-+8EUtgykKzDZ2vWFjkvWi77bZzU=

picocolors@^1.0.0:
  version "1.0.0"
  resolved "https://registry.npmmirror.com/picocolors/download/picocolors-1.0.0.tgz?cache=0&sync_timestamp=1634093378416&other_urls=https%3A%2F%2Fregistry.npmmirror.com%2Fpicocolors%2Fdownload%2Fpicocolors-1.0.0.tgz"
  integrity sha1-y1vcdP8/UYkiNur3nWi8RFZKuBw=

postcss@^8.1.10, postcss@^8.3.8:
  version "8.3.11"
  resolved "https://registry.npmmirror.com/postcss/download/postcss-8.3.11.tgz?cache=0&sync_timestamp=1634821260697&other_urls=https%3A%2F%2Fregistry.npmmirror.com%2Fpostcss%2Fdownload%2Fpostcss-8.3.11.tgz"
  integrity sha1-w77KfqgRzV4cSj7G0udZnvH4+Fg=
  dependencies:
    nanoid "^3.1.30"
    picocolors "^1.0.0"
    source-map-js "^0.6.2"

psl@^1.1.33:
  version "1.8.0"
  resolved "https://registry.nlark.com/psl/download/psl-1.8.0.tgz"
  integrity sha1-kyb4vPsBOtzABf3/BWrM4CDlHCQ=

punycode@^2.1.1:
  version "2.1.1"
  resolved "https://registry.npm.taobao.org/punycode/download/punycode-2.1.1.tgz"
  integrity sha1-tYsBCsQMIsVldhbI0sLALHv0eew=

querystringify@^2.1.1:
  version "2.2.0"
  resolved "https://registry.npm.taobao.org/querystringify/download/querystringify-2.2.0.tgz"
  integrity sha1-M0WUG0FTy50ILY7uTNogFqmu9/Y=

requires-port@^1.0.0:
  version "1.0.0"
  resolved "https://registry.npm.taobao.org/requires-port/download/requires-port-1.0.0.tgz"
  integrity sha1-kl0mAdOaxIXgkc8NpcbmlNw9yv8=

resolve@^1.20.0:
  version "1.20.0"
  resolved "https://registry.nlark.com/resolve/download/resolve-1.20.0.tgz?cache=0&sync_timestamp=1618846903792&other_urls=https%3A%2F%2Fregistry.nlark.com%2Fresolve%2Fdownload%2Fresolve-1.20.0.tgz"
  integrity sha1-YpoBP7P3B1XW8LeTXMHCxTeLGXU=
  dependencies:
    is-core-module "^2.2.0"
    path-parse "^1.0.6"

rollup@^2.57.0:
  version "2.60.0"
  resolved "https://registry.npmmirror.com/rollup/download/rollup-2.60.0.tgz?cache=0&sync_timestamp=1636694254448&other_urls=https%3A%2F%2Fregistry.npmmirror.com%2Frollup%2Fdownload%2Frollup-2.60.0.tgz"
  integrity sha512-cHdv9GWd58v58rdseC8e8XIaPUo8a9cgZpnCMMDGZFDZKEODOiPPEQFXLriWr/TjXzhPPmG5bkAztPsOARIcGQ==
  optionalDependencies:
    fsevents "~2.3.2"

source-map-js@^0.6.2:
  version "0.6.2"
  resolved "https://registry.npmmirror.com/source-map-js/download/source-map-js-0.6.2.tgz?cache=0&sync_timestamp=1636401089874&other_urls=https%3A%2F%2Fregistry.npmmirror.com%2Fsource-map-js%2Fdownload%2Fsource-map-js-0.6.2.tgz"
  integrity sha1-C7XeYxtBz72mz7qL0FqA79/SOF4=

source-map@^0.6.1:
  version "0.6.1"
  resolved "https://registry.nlark.com/source-map/download/source-map-0.6.1.tgz?cache=0&sync_timestamp=1618847019434&other_urls=https%3A%2F%2Fregistry.nlark.com%2Fsource-map%2Fdownload%2Fsource-map-0.6.1.tgz"
  integrity sha1-dHIq8y6WFOnCh6jQu95IteLxomM=

sourcemap-codec@^1.4.4:
  version "1.4.8"
  resolved "https://registry.npm.taobao.org/sourcemap-codec/download/sourcemap-codec-1.4.8.tgz"
  integrity sha1-6oBL2UhXQC5pktBaOO8a41qatMQ=

"tough-cookie@^2.3.3 || ^3.0.1 || ^4.0.0":
  version "4.0.0"
  resolved "https://registry.nlark.com/tough-cookie/download/tough-cookie-4.0.0.tgz"
  integrity sha1-2CIjTuyogvmR8PkIgkrSYi3b7OQ=
  dependencies:
    psl "^1.1.33"
    punycode "^2.1.1"
    universalify "^0.1.2"

tr46@~0.0.3:
  version "0.0.3"
  resolved "https://registry.npmmirror.com/tr46/download/tr46-0.0.3.tgz"
  integrity sha1-gYT9NH2snNwYWZLzpmIuFLnZq2o=

universalify@^0.1.2:
  version "0.1.2"
  resolved "https://registry.nlark.com/universalify/download/universalify-0.1.2.tgz"
  integrity sha1-tkb2m+OULavOzJ1mOcgNwQXvqmY=

url-parse@^1.4.3:
  version "1.5.3"
  resolved "https://registry.nlark.com/url-parse/download/url-parse-1.5.3.tgz?cache=0&sync_timestamp=1627252196051&other_urls=https%3A%2F%2Fregistry.nlark.com%2Furl-parse%2Fdownload%2Furl-parse-1.5.3.tgz"
  integrity sha1-ccEwPTj7Zjmt4YPCmSyMwGht+GI=
  dependencies:
    querystringify "^2.1.1"
    requires-port "^1.0.0"

vite@^2.4.4:
  version "2.6.14"
  resolved "https://registry.npmmirror.com/vite/download/vite-2.6.14.tgz?cache=0&sync_timestamp=1636834919625&other_urls=https%3A%2F%2Fregistry.npmmirror.com%2Fvite%2Fdownload%2Fvite-2.6.14.tgz"
  integrity sha512-2HA9xGyi+EhY2MXo0+A2dRsqsAG3eFNEVIo12olkWhOmc8LfiM+eMdrXf+Ruje9gdXgvSqjLI9freec1RUM5EA==
  dependencies:
    esbuild "^0.13.2"
    postcss "^8.3.8"
    resolve "^1.20.0"
    rollup "^2.57.0"
  optionalDependencies:
    fsevents "~2.3.2"

vue@^3.0.5:
  version "3.2.21"
  resolved "https://registry.npmmirror.com/vue/download/vue-3.2.21.tgz"
  integrity sha1-VfVmUXLZXPl+gGuarQo3UYC+I6E=
  dependencies:
    "@vue/compiler-dom" "3.2.21"
    "@vue/compiler-sfc" "3.2.21"
    "@vue/runtime-dom" "3.2.21"
    "@vue/server-renderer" "3.2.21"
    "@vue/shared" "3.2.21"

webidl-conversions@^3.0.0:
  version "3.0.1"
  resolved "https://registry.nlark.com/webidl-conversions/download/webidl-conversions-3.0.1.tgz"
  integrity sha1-JFNCdeKnvGvnvIZhHMFq4KVlSHE=

whatwg-url@^5.0.0:
  version "5.0.0"
  resolved "https://registry.npmmirror.com/whatwg-url/download/whatwg-url-5.0.0.tgz?cache=0&sync_timestamp=1634673865107&other_urls=https%3A%2F%2Fregistry.npmmirror.com%2Fwhatwg-url%2Fdownload%2Fwhatwg-url-5.0.0.tgz"
  integrity sha1-lmRU6HZUYuN2RNNib2dCzotwll0=
  dependencies:
    tr46 "~0.0.3"
    webidl-conversions "^3.0.0"

ws@^7.4.5:
  version "7.5.5"
  resolved "https://registry.npmmirror.com/ws/download/ws-7.5.5.tgz"
  integrity sha1-i0vEr1GM+r0Ec65PmRRCh7M+uIE=
