
Microsoft Visual Studio Solution File, Format Version 12.00
# Visual Studio Version 16
VisualStudioVersion = 16.0.29806.167
MinimumVisualStudioVersion = 10.0.40219.1
Project("{9A19103F-16F7-4668-BE54-9A1E7A4F7556}") = "异步编程1", "异步编程1\异步编程1.csproj", "{4CABB900-C244-40B0-86FD-D2808B20376A}"
EndProject
Project("{FAE04EC0-301F-11D3-BF4B-00C04F79EFBC}") = "异步编程2_5封装下载Http", "异步编程2_5封装下载Http\异步编程2_5封装下载Http.csproj", "{6E7A8224-1E73-4D23-9DFF-3638E8CD3917}"
EndProject
Project("{9A19103F-16F7-4668-BE54-9A1E7A4F7556}") = "异步编程2_3不要忘了await", "异步编程2_3不要忘了await\异步编程2_3不要忘了await.csproj", "{F91A98BF-1D80-4BA0-B5CE-F90522B4FCAE}"
EndProject
Project("{9A19103F-16F7-4668-BE54-9A1E7A4F7556}") = "异步编程2_4不要忘了await", "异步编程2_4不要忘了await\异步编程2_4不要忘了await.csproj", "{73A787F0-B7BB-4CD4-8678-DBC38A8D4002}"
EndProject
Project("{FAE04EC0-301F-11D3-BF4B-00C04F79EFBC}") = "异步编程2_6AsyncAwait原理", "异步编程2_6AsyncAwait原理\异步编程2_6AsyncAwait原理.csproj", "{EE03618F-798B-4ECE-A680-5B01869E814D}"
EndProject
Project("{FAE04EC0-301F-11D3-BF4B-00C04F79EFBC}") = "异步编程2_9线程切换1", "异步编程2_9线程切换1\异步编程2_9线程切换1.csproj", "{6F4FF002-49BA-403C-B047-603AA97BFA64}"
EndProject
Project("{FAE04EC0-301F-11D3-BF4B-00C04F79EFBC}") = "异步编程2_12_异步方法没有async", "异步编程2_12_异步方法没有async\异步编程2_12_异步方法没有async.csproj", "{DACC5816-6BD5-4B32-ADD1-C40254448593}"
EndProject
Project("{FAE04EC0-301F-11D3-BF4B-00C04F79EFBC}") = "异步编程2_10_最大误解1", "异步编程2_10_最大误解1\异步编程2_10_最大误解1.csproj", "{D32F6EBA-0588-426D-A59D-39F862773520}"
EndProject
Project("{FAE04EC0-301F-11D3-BF4B-00C04F79EFBC}") = "异步编程2_17Task返回值", "异步编程2_17Task返回值\异步编程2_17Task返回值.csproj", "{5E93F07E-7332-4020-B643-1FA6728FF946}"
EndProject
Project("{FAE04EC0-301F-11D3-BF4B-00C04F79EFBC}") = "异步编程2_19暂停异步", "异步编程2_19暂停异步\异步编程2_19暂停异步.csproj", "{61D6E3E8-9BF9-4EA5-A8C4-35883169E2BC}"
EndProject
Project("{FAE04EC0-301F-11D3-BF4B-00C04F79EFBC}") = "异步编程2_21WhenAll", "异步编程2_21WhenAll\异步编程2_21WhenAll.csproj", "{30987B1C-CC63-47EE-AE23-D6744F936221}"
EndProject
Project("{FAE04EC0-301F-11D3-BF4B-00C04F79EFBC}") = "异步编程2_22接口抽象类中不能async", "异步编程2_22接口抽象类中不能async\异步编程2_22接口抽象类中不能async.csproj", "{1EE55DA0-1E32-44AA-979C-93A1C9343A89}"
EndProject
Project("{FAE04EC0-301F-11D3-BF4B-00C04F79EFBC}") = "LINQ2_23委托1", "LINQ2_23委托1\LINQ2_23委托1.csproj", "{4176C665-6A2D-4548-B996-F53238ECCFBC}"
EndProject
Project("{FAE04EC0-301F-11D3-BF4B-00C04F79EFBC}") = "LINQ2_24委托2", "LINQ2_24委托2\LINQ2_24委托2.csproj", "{96870EA4-C887-4C32-BF71-0BBC7B63D15B}"
EndProject
Project("{FAE04EC0-301F-11D3-BF4B-00C04F79EFBC}") = "LINQ2_27委托3", "LINQ2_27委托3\LINQ2_27委托3.csproj", "{F568FC49-7764-47A2-92B5-7BC2AB73119C}"
EndProject
Project("{FAE04EC0-301F-11D3-BF4B-00C04F79EFBC}") = "LINQ2_28自定义Where", "LINQ2_28自定义Where\LINQ2_28自定义Where.csproj", "{73A9670D-13FD-4AB1-A06B-649DB7923DB5}"
EndProject
Project("{FAE04EC0-301F-11D3-BF4B-00C04F79EFBC}") = "LINQ2_30集合扩展方法1", "LINQ2_30集合扩展方法1\LINQ2_30集合扩展方法1.csproj", "{5A6EBC98-33D1-4766-9E81-89E204AB5A87}"
EndProject
Project("{FAE04EC0-301F-11D3-BF4B-00C04F79EFBC}") = "LINQ2_48统计字符串中数字的平均值", "LINQ2_48统计字符串中数字的平均值\LINQ2_48统计字符串中数字的平均值.csproj", "{DD0F829C-F336-41FC-B826-7FB12B51B7DD}"
EndProject
Project("{FAE04EC0-301F-11D3-BF4B-00C04F79EFBC}") = "LINQ2_49统计字母出现次数", "LINQ2_49统计字母出现次数\LINQ2_49统计字母出现次数.csproj", "{6C8A2B9A-558F-4D57-8BE2-B18A087BE076}"
EndProject
Project("{FAE04EC0-301F-11D3-BF4B-00C04F79EFBC}") = "DI3_51容器基本使用1", "DI3_51容器基本使用1\DI3_51容器基本使用1.csproj", "{3128C99C-7571-4646-997F-383B0583A179}"
EndProject
Project("{FAE04EC0-301F-11D3-BF4B-00C04F79EFBC}") = "DI3_59容器基本使用2", "DI3_59容器基本使用2\DI3_59容器基本使用2.csproj", "{C517FD01-7902-4A1D-BD9E-1A7EBD76FDAC}"
EndProject
Project("{FAE04EC0-301F-11D3-BF4B-00C04F79EFBC}") = "DI3_60ServiceLocator实现分层架构", "DI3_60ServiceLocator实现分层架构\DI3_60ServiceLocator实现分层架构.csproj", "{549733BE-D1D9-42D3-BFB8-A57FE5C65796}"
EndProject
Project("{9A19103F-16F7-4668-BE54-9A1E7A4F7556}") = "DI3_64真正的DI实现分层架构", "DI3_64真正的DI实现分层架构\DI3_64真正的DI实现分层架构.csproj", "{93EE64B6-9A64-47E0-AAB6-64303A6F1296}"
EndProject
Project("{2150E333-8FDC-42A3-9474-1A3956D46DE8}") = "自己开发日志、配置的服务", "自己开发日志、配置的服务", "{B534E9B1-0DAE-4B0B-9933-FB8E5AFC60C9}"
EndProject
Project("{9A19103F-16F7-4668-BE54-9A1E7A4F7556}") = "LogServices", "LogServices\LogServices.csproj", "{CC6B859A-0854-43AA-8ED3-9522744197AF}"
EndProject
Project("{9A19103F-16F7-4668-BE54-9A1E7A4F7556}") = "ConfigServices", "ConfigServices\ConfigServices.csproj", "{73D98136-375E-41A3-94EA-9F5185DAF5DA}"
EndProject
Project("{9A19103F-16F7-4668-BE54-9A1E7A4F7556}") = "MailServices", "MailServices\MailServices.csproj", "{871D528A-0441-468C-884F-A47CD549AAF5}"
EndProject
Project("{9A19103F-16F7-4668-BE54-9A1E7A4F7556}") = "MailServicesConsole", "调用邮件发送服务\MailServicesConsole.csproj", "{FEA796EF-654D-4264-8822-A673DD2BBFCD}"
EndProject
Project("{FAE04EC0-301F-11D3-BF4B-00C04F79EFBC}") = "Config2_81_配置基础1", "Config2_81_配置基础1\Config2_81_配置基础1.csproj", "{5BD6A40D-E5D2-40F1-8E54-515CF6636585}"
EndProject
Project("{FAE04EC0-301F-11D3-BF4B-00C04F79EFBC}") = "Config2_82配置基础2", "Config2_82配置基础2\Config2_82配置基础2.csproj", "{B8EBD4CF-5BB6-4BDA-9545-9797E20235F9}"
EndProject
Project("{9A19103F-16F7-4668-BE54-9A1E7A4F7556}") = "Config2_83配置基础3", "Config2_83配置基础3\Config2_83配置基础3.csproj", "{E9D7AB26-304C-4097-B495-0024C2471E61}"
EndProject
Project("{FAE04EC0-301F-11D3-BF4B-00C04F79EFBC}") = "Config2_87命令行配置提供程序", "Config2_87命令行配置提供程序\Config2_87命令行配置提供程序.csproj", "{DB3320D6-3DE1-482F-B9CE-9BED5692038C}"
EndProject
Project("{FAE04EC0-301F-11D3-BF4B-00C04F79EFBC}") = "Config2_89环境变量配置提供程序", "Config2_89环境变量配置提供程序\Config2_89环境变量配置提供程序.csproj", "{11F0B9F9-2077-4FBA-AE52-B5D67226BF71}"
EndProject
Project("{FAE04EC0-301F-11D3-BF4B-00C04F79EFBC}") = "Config2_90自定义配置提供程序", "Config2_90自定义配置提供程序\Config2_90自定义配置提供程序.csproj", "{1EEF8784-9550-471D-AC09-BBB7303465CE}"
EndProject
Project("{FAE04EC0-301F-11D3-BF4B-00C04F79EFBC}") = "Config2_95多配置源1", "Config2_95多配置源1\Config2_95多配置源1.csproj", "{72985983-B6B4-4371-96A5-378F10E07CA8}"
EndProject
Project("{2150E333-8FDC-42A3-9474-1A3956D46DE8}") = "Logging", "Logging", "{A27EFB02-049A-432B-9EBC-957D98C025C6}"
EndProject
Project("{9A19103F-16F7-4668-BE54-9A1E7A4F7556}") = "Log2_95日志基础1", "Log2_95日志基础1\Log2_95日志基础1.csproj", "{D684A03A-5111-48D4-8E1D-84774585209D}"
EndProject
Project("{9A19103F-16F7-4668-BE54-9A1E7A4F7556}") = "Log2_97NLog", "Log2_97NLog\Log2_97NLog.csproj", "{AD20F924-3A88-4BBC-99A3-610E57037499}"
EndProject
Project("{FAE04EC0-301F-11D3-BF4B-00C04F79EFBC}") = "Log2_102Serilog1", "Log2_102Serilog1\Log2_102Serilog1.csproj", "{CBD16822-5186-4BAB-961D-8A54030E2170}"
EndProject
Global
	GlobalSection(SolutionConfigurationPlatforms) = preSolution
		Debug|Any CPU = Debug|Any CPU
		Release|Any CPU = Release|Any CPU
	EndGlobalSection
	GlobalSection(ProjectConfigurationPlatforms) = postSolution
		{4CABB900-C244-40B0-86FD-D2808B20376A}.Debug|Any CPU.ActiveCfg = Debug|Any CPU
		{4CABB900-C244-40B0-86FD-D2808B20376A}.Debug|Any CPU.Build.0 = Debug|Any CPU
		{4CABB900-C244-40B0-86FD-D2808B20376A}.Release|Any CPU.ActiveCfg = Release|Any CPU
		{4CABB900-C244-40B0-86FD-D2808B20376A}.Release|Any CPU.Build.0 = Release|Any CPU
		{6E7A8224-1E73-4D23-9DFF-3638E8CD3917}.Debug|Any CPU.ActiveCfg = Debug|Any CPU
		{6E7A8224-1E73-4D23-9DFF-3638E8CD3917}.Debug|Any CPU.Build.0 = Debug|Any CPU
		{6E7A8224-1E73-4D23-9DFF-3638E8CD3917}.Release|Any CPU.ActiveCfg = Release|Any CPU
		{6E7A8224-1E73-4D23-9DFF-3638E8CD3917}.Release|Any CPU.Build.0 = Release|Any CPU
		{F91A98BF-1D80-4BA0-B5CE-F90522B4FCAE}.Debug|Any CPU.ActiveCfg = Debug|Any CPU
		{F91A98BF-1D80-4BA0-B5CE-F90522B4FCAE}.Debug|Any CPU.Build.0 = Debug|Any CPU
		{F91A98BF-1D80-4BA0-B5CE-F90522B4FCAE}.Release|Any CPU.ActiveCfg = Release|Any CPU
		{F91A98BF-1D80-4BA0-B5CE-F90522B4FCAE}.Release|Any CPU.Build.0 = Release|Any CPU
		{73A787F0-B7BB-4CD4-8678-DBC38A8D4002}.Debug|Any CPU.ActiveCfg = Debug|Any CPU
		{73A787F0-B7BB-4CD4-8678-DBC38A8D4002}.Debug|Any CPU.Build.0 = Debug|Any CPU
		{73A787F0-B7BB-4CD4-8678-DBC38A8D4002}.Release|Any CPU.ActiveCfg = Release|Any CPU
		{73A787F0-B7BB-4CD4-8678-DBC38A8D4002}.Release|Any CPU.Build.0 = Release|Any CPU
		{EE03618F-798B-4ECE-A680-5B01869E814D}.Debug|Any CPU.ActiveCfg = Debug|Any CPU
		{EE03618F-798B-4ECE-A680-5B01869E814D}.Debug|Any CPU.Build.0 = Debug|Any CPU
		{EE03618F-798B-4ECE-A680-5B01869E814D}.Release|Any CPU.ActiveCfg = Release|Any CPU
		{EE03618F-798B-4ECE-A680-5B01869E814D}.Release|Any CPU.Build.0 = Release|Any CPU
		{6F4FF002-49BA-403C-B047-603AA97BFA64}.Debug|Any CPU.ActiveCfg = Debug|Any CPU
		{6F4FF002-49BA-403C-B047-603AA97BFA64}.Debug|Any CPU.Build.0 = Debug|Any CPU
		{6F4FF002-49BA-403C-B047-603AA97BFA64}.Release|Any CPU.ActiveCfg = Release|Any CPU
		{6F4FF002-49BA-403C-B047-603AA97BFA64}.Release|Any CPU.Build.0 = Release|Any CPU
		{DACC5816-6BD5-4B32-ADD1-C40254448593}.Debug|Any CPU.ActiveCfg = Debug|Any CPU
		{DACC5816-6BD5-4B32-ADD1-C40254448593}.Debug|Any CPU.Build.0 = Debug|Any CPU
		{DACC5816-6BD5-4B32-ADD1-C40254448593}.Release|Any CPU.ActiveCfg = Release|Any CPU
		{DACC5816-6BD5-4B32-ADD1-C40254448593}.Release|Any CPU.Build.0 = Release|Any CPU
		{D32F6EBA-0588-426D-A59D-39F862773520}.Debug|Any CPU.ActiveCfg = Debug|Any CPU
		{D32F6EBA-0588-426D-A59D-39F862773520}.Debug|Any CPU.Build.0 = Debug|Any CPU
		{D32F6EBA-0588-426D-A59D-39F862773520}.Release|Any CPU.ActiveCfg = Release|Any CPU
		{D32F6EBA-0588-426D-A59D-39F862773520}.Release|Any CPU.Build.0 = Release|Any CPU
		{5E93F07E-7332-4020-B643-1FA6728FF946}.Debug|Any CPU.ActiveCfg = Debug|Any CPU
		{5E93F07E-7332-4020-B643-1FA6728FF946}.Debug|Any CPU.Build.0 = Debug|Any CPU
		{5E93F07E-7332-4020-B643-1FA6728FF946}.Release|Any CPU.ActiveCfg = Release|Any CPU
		{5E93F07E-7332-4020-B643-1FA6728FF946}.Release|Any CPU.Build.0 = Release|Any CPU
		{61D6E3E8-9BF9-4EA5-A8C4-35883169E2BC}.Debug|Any CPU.ActiveCfg = Debug|Any CPU
		{61D6E3E8-9BF9-4EA5-A8C4-35883169E2BC}.Debug|Any CPU.Build.0 = Debug|Any CPU
		{61D6E3E8-9BF9-4EA5-A8C4-35883169E2BC}.Release|Any CPU.ActiveCfg = Release|Any CPU
		{61D6E3E8-9BF9-4EA5-A8C4-35883169E2BC}.Release|Any CPU.Build.0 = Release|Any CPU
		{30987B1C-CC63-47EE-AE23-D6744F936221}.Debug|Any CPU.ActiveCfg = Debug|Any CPU
		{30987B1C-CC63-47EE-AE23-D6744F936221}.Debug|Any CPU.Build.0 = Debug|Any CPU
		{30987B1C-CC63-47EE-AE23-D6744F936221}.Release|Any CPU.ActiveCfg = Release|Any CPU
		{30987B1C-CC63-47EE-AE23-D6744F936221}.Release|Any CPU.Build.0 = Release|Any CPU
		{1EE55DA0-1E32-44AA-979C-93A1C9343A89}.Debug|Any CPU.ActiveCfg = Debug|Any CPU
		{1EE55DA0-1E32-44AA-979C-93A1C9343A89}.Debug|Any CPU.Build.0 = Debug|Any CPU
		{1EE55DA0-1E32-44AA-979C-93A1C9343A89}.Release|Any CPU.ActiveCfg = Release|Any CPU
		{1EE55DA0-1E32-44AA-979C-93A1C9343A89}.Release|Any CPU.Build.0 = Release|Any CPU
		{4176C665-6A2D-4548-B996-F53238ECCFBC}.Debug|Any CPU.ActiveCfg = Debug|Any CPU
		{4176C665-6A2D-4548-B996-F53238ECCFBC}.Debug|Any CPU.Build.0 = Debug|Any CPU
		{4176C665-6A2D-4548-B996-F53238ECCFBC}.Release|Any CPU.ActiveCfg = Release|Any CPU
		{4176C665-6A2D-4548-B996-F53238ECCFBC}.Release|Any CPU.Build.0 = Release|Any CPU
		{96870EA4-C887-4C32-BF71-0BBC7B63D15B}.Debug|Any CPU.ActiveCfg = Debug|Any CPU
		{96870EA4-C887-4C32-BF71-0BBC7B63D15B}.Debug|Any CPU.Build.0 = Debug|Any CPU
		{96870EA4-C887-4C32-BF71-0BBC7B63D15B}.Release|Any CPU.ActiveCfg = Release|Any CPU
		{96870EA4-C887-4C32-BF71-0BBC7B63D15B}.Release|Any CPU.Build.0 = Release|Any CPU
		{F568FC49-7764-47A2-92B5-7BC2AB73119C}.Debug|Any CPU.ActiveCfg = Debug|Any CPU
		{F568FC49-7764-47A2-92B5-7BC2AB73119C}.Debug|Any CPU.Build.0 = Debug|Any CPU
		{F568FC49-7764-47A2-92B5-7BC2AB73119C}.Release|Any CPU.ActiveCfg = Release|Any CPU
		{F568FC49-7764-47A2-92B5-7BC2AB73119C}.Release|Any CPU.Build.0 = Release|Any CPU
		{73A9670D-13FD-4AB1-A06B-649DB7923DB5}.Debug|Any CPU.ActiveCfg = Debug|Any CPU
		{73A9670D-13FD-4AB1-A06B-649DB7923DB5}.Debug|Any CPU.Build.0 = Debug|Any CPU
		{73A9670D-13FD-4AB1-A06B-649DB7923DB5}.Release|Any CPU.ActiveCfg = Release|Any CPU
		{73A9670D-13FD-4AB1-A06B-649DB7923DB5}.Release|Any CPU.Build.0 = Release|Any CPU
		{5A6EBC98-33D1-4766-9E81-89E204AB5A87}.Debug|Any CPU.ActiveCfg = Debug|Any CPU
		{5A6EBC98-33D1-4766-9E81-89E204AB5A87}.Debug|Any CPU.Build.0 = Debug|Any CPU
		{5A6EBC98-33D1-4766-9E81-89E204AB5A87}.Release|Any CPU.ActiveCfg = Release|Any CPU
		{5A6EBC98-33D1-4766-9E81-89E204AB5A87}.Release|Any CPU.Build.0 = Release|Any CPU
		{DD0F829C-F336-41FC-B826-7FB12B51B7DD}.Debug|Any CPU.ActiveCfg = Debug|Any CPU
		{DD0F829C-F336-41FC-B826-7FB12B51B7DD}.Debug|Any CPU.Build.0 = Debug|Any CPU
		{DD0F829C-F336-41FC-B826-7FB12B51B7DD}.Release|Any CPU.ActiveCfg = Release|Any CPU
		{DD0F829C-F336-41FC-B826-7FB12B51B7DD}.Release|Any CPU.Build.0 = Release|Any CPU
		{6C8A2B9A-558F-4D57-8BE2-B18A087BE076}.Debug|Any CPU.ActiveCfg = Debug|Any CPU
		{6C8A2B9A-558F-4D57-8BE2-B18A087BE076}.Debug|Any CPU.Build.0 = Debug|Any CPU
		{6C8A2B9A-558F-4D57-8BE2-B18A087BE076}.Release|Any CPU.ActiveCfg = Release|Any CPU
		{6C8A2B9A-558F-4D57-8BE2-B18A087BE076}.Release|Any CPU.Build.0 = Release|Any CPU
		{3128C99C-7571-4646-997F-383B0583A179}.Debug|Any CPU.ActiveCfg = Debug|Any CPU
		{3128C99C-7571-4646-997F-383B0583A179}.Debug|Any CPU.Build.0 = Debug|Any CPU
		{3128C99C-7571-4646-997F-383B0583A179}.Release|Any CPU.ActiveCfg = Release|Any CPU
		{3128C99C-7571-4646-997F-383B0583A179}.Release|Any CPU.Build.0 = Release|Any CPU
		{C517FD01-7902-4A1D-BD9E-1A7EBD76FDAC}.Debug|Any CPU.ActiveCfg = Debug|Any CPU
		{C517FD01-7902-4A1D-BD9E-1A7EBD76FDAC}.Debug|Any CPU.Build.0 = Debug|Any CPU
		{C517FD01-7902-4A1D-BD9E-1A7EBD76FDAC}.Release|Any CPU.ActiveCfg = Release|Any CPU
		{C517FD01-7902-4A1D-BD9E-1A7EBD76FDAC}.Release|Any CPU.Build.0 = Release|Any CPU
		{549733BE-D1D9-42D3-BFB8-A57FE5C65796}.Debug|Any CPU.ActiveCfg = Debug|Any CPU
		{549733BE-D1D9-42D3-BFB8-A57FE5C65796}.Debug|Any CPU.Build.0 = Debug|Any CPU
		{549733BE-D1D9-42D3-BFB8-A57FE5C65796}.Release|Any CPU.ActiveCfg = Release|Any CPU
		{549733BE-D1D9-42D3-BFB8-A57FE5C65796}.Release|Any CPU.Build.0 = Release|Any CPU
		{93EE64B6-9A64-47E0-AAB6-64303A6F1296}.Debug|Any CPU.ActiveCfg = Debug|Any CPU
		{93EE64B6-9A64-47E0-AAB6-64303A6F1296}.Debug|Any CPU.Build.0 = Debug|Any CPU
		{93EE64B6-9A64-47E0-AAB6-64303A6F1296}.Release|Any CPU.ActiveCfg = Release|Any CPU
		{93EE64B6-9A64-47E0-AAB6-64303A6F1296}.Release|Any CPU.Build.0 = Release|Any CPU
		{CC6B859A-0854-43AA-8ED3-9522744197AF}.Debug|Any CPU.ActiveCfg = Debug|Any CPU
		{CC6B859A-0854-43AA-8ED3-9522744197AF}.Debug|Any CPU.Build.0 = Debug|Any CPU
		{CC6B859A-0854-43AA-8ED3-9522744197AF}.Release|Any CPU.ActiveCfg = Release|Any CPU
		{CC6B859A-0854-43AA-8ED3-9522744197AF}.Release|Any CPU.Build.0 = Release|Any CPU
		{73D98136-375E-41A3-94EA-9F5185DAF5DA}.Debug|Any CPU.ActiveCfg = Debug|Any CPU
		{73D98136-375E-41A3-94EA-9F5185DAF5DA}.Debug|Any CPU.Build.0 = Debug|Any CPU
		{73D98136-375E-41A3-94EA-9F5185DAF5DA}.Release|Any CPU.ActiveCfg = Release|Any CPU
		{73D98136-375E-41A3-94EA-9F5185DAF5DA}.Release|Any CPU.Build.0 = Release|Any CPU
		{871D528A-0441-468C-884F-A47CD549AAF5}.Debug|Any CPU.ActiveCfg = Debug|Any CPU
		{871D528A-0441-468C-884F-A47CD549AAF5}.Debug|Any CPU.Build.0 = Debug|Any CPU
		{871D528A-0441-468C-884F-A47CD549AAF5}.Release|Any CPU.ActiveCfg = Release|Any CPU
		{871D528A-0441-468C-884F-A47CD549AAF5}.Release|Any CPU.Build.0 = Release|Any CPU
		{FEA796EF-654D-4264-8822-A673DD2BBFCD}.Debug|Any CPU.ActiveCfg = Debug|Any CPU
		{FEA796EF-654D-4264-8822-A673DD2BBFCD}.Debug|Any CPU.Build.0 = Debug|Any CPU
		{FEA796EF-654D-4264-8822-A673DD2BBFCD}.Release|Any CPU.ActiveCfg = Release|Any CPU
		{FEA796EF-654D-4264-8822-A673DD2BBFCD}.Release|Any CPU.Build.0 = Release|Any CPU
		{5BD6A40D-E5D2-40F1-8E54-515CF6636585}.Debug|Any CPU.ActiveCfg = Debug|Any CPU
		{5BD6A40D-E5D2-40F1-8E54-515CF6636585}.Debug|Any CPU.Build.0 = Debug|Any CPU
		{5BD6A40D-E5D2-40F1-8E54-515CF6636585}.Release|Any CPU.ActiveCfg = Release|Any CPU
		{5BD6A40D-E5D2-40F1-8E54-515CF6636585}.Release|Any CPU.Build.0 = Release|Any CPU
		{B8EBD4CF-5BB6-4BDA-9545-9797E20235F9}.Debug|Any CPU.ActiveCfg = Debug|Any CPU
		{B8EBD4CF-5BB6-4BDA-9545-9797E20235F9}.Debug|Any CPU.Build.0 = Debug|Any CPU
		{B8EBD4CF-5BB6-4BDA-9545-9797E20235F9}.Release|Any CPU.ActiveCfg = Release|Any CPU
		{B8EBD4CF-5BB6-4BDA-9545-9797E20235F9}.Release|Any CPU.Build.0 = Release|Any CPU
		{E9D7AB26-304C-4097-B495-0024C2471E61}.Debug|Any CPU.ActiveCfg = Debug|Any CPU
		{E9D7AB26-304C-4097-B495-0024C2471E61}.Debug|Any CPU.Build.0 = Debug|Any CPU
		{E9D7AB26-304C-4097-B495-0024C2471E61}.Release|Any CPU.ActiveCfg = Release|Any CPU
		{E9D7AB26-304C-4097-B495-0024C2471E61}.Release|Any CPU.Build.0 = Release|Any CPU
		{DB3320D6-3DE1-482F-B9CE-9BED5692038C}.Debug|Any CPU.ActiveCfg = Debug|Any CPU
		{DB3320D6-3DE1-482F-B9CE-9BED5692038C}.Debug|Any CPU.Build.0 = Debug|Any CPU
		{DB3320D6-3DE1-482F-B9CE-9BED5692038C}.Release|Any CPU.ActiveCfg = Release|Any CPU
		{DB3320D6-3DE1-482F-B9CE-9BED5692038C}.Release|Any CPU.Build.0 = Release|Any CPU
		{11F0B9F9-2077-4FBA-AE52-B5D67226BF71}.Debug|Any CPU.ActiveCfg = Debug|Any CPU
		{11F0B9F9-2077-4FBA-AE52-B5D67226BF71}.Debug|Any CPU.Build.0 = Debug|Any CPU
		{11F0B9F9-2077-4FBA-AE52-B5D67226BF71}.Release|Any CPU.ActiveCfg = Release|Any CPU
		{11F0B9F9-2077-4FBA-AE52-B5D67226BF71}.Release|Any CPU.Build.0 = Release|Any CPU
		{1EEF8784-9550-471D-AC09-BBB7303465CE}.Debug|Any CPU.ActiveCfg = Debug|Any CPU
		{1EEF8784-9550-471D-AC09-BBB7303465CE}.Debug|Any CPU.Build.0 = Debug|Any CPU
		{1EEF8784-9550-471D-AC09-BBB7303465CE}.Release|Any CPU.ActiveCfg = Release|Any CPU
		{1EEF8784-9550-471D-AC09-BBB7303465CE}.Release|Any CPU.Build.0 = Release|Any CPU
		{72985983-B6B4-4371-96A5-378F10E07CA8}.Debug|Any CPU.ActiveCfg = Debug|Any CPU
		{72985983-B6B4-4371-96A5-378F10E07CA8}.Debug|Any CPU.Build.0 = Debug|Any CPU
		{72985983-B6B4-4371-96A5-378F10E07CA8}.Release|Any CPU.ActiveCfg = Release|Any CPU
		{72985983-B6B4-4371-96A5-378F10E07CA8}.Release|Any CPU.Build.0 = Release|Any CPU
		{D684A03A-5111-48D4-8E1D-84774585209D}.Debug|Any CPU.ActiveCfg = Debug|Any CPU
		{D684A03A-5111-48D4-8E1D-84774585209D}.Debug|Any CPU.Build.0 = Debug|Any CPU
		{D684A03A-5111-48D4-8E1D-84774585209D}.Release|Any CPU.ActiveCfg = Release|Any CPU
		{D684A03A-5111-48D4-8E1D-84774585209D}.Release|Any CPU.Build.0 = Release|Any CPU
		{AD20F924-3A88-4BBC-99A3-610E57037499}.Debug|Any CPU.ActiveCfg = Debug|Any CPU
		{AD20F924-3A88-4BBC-99A3-610E57037499}.Debug|Any CPU.Build.0 = Debug|Any CPU
		{AD20F924-3A88-4BBC-99A3-610E57037499}.Release|Any CPU.ActiveCfg = Release|Any CPU
		{AD20F924-3A88-4BBC-99A3-610E57037499}.Release|Any CPU.Build.0 = Release|Any CPU
		{CBD16822-5186-4BAB-961D-8A54030E2170}.Debug|Any CPU.ActiveCfg = Debug|Any CPU
		{CBD16822-5186-4BAB-961D-8A54030E2170}.Debug|Any CPU.Build.0 = Debug|Any CPU
		{CBD16822-5186-4BAB-961D-8A54030E2170}.Release|Any CPU.ActiveCfg = Release|Any CPU
		{CBD16822-5186-4BAB-961D-8A54030E2170}.Release|Any CPU.Build.0 = Release|Any CPU
	EndGlobalSection
	GlobalSection(SolutionProperties) = preSolution
		HideSolutionNode = FALSE
	EndGlobalSection
	GlobalSection(NestedProjects) = preSolution
		{CC6B859A-0854-43AA-8ED3-9522744197AF} = {B534E9B1-0DAE-4B0B-9933-FB8E5AFC60C9}
		{73D98136-375E-41A3-94EA-9F5185DAF5DA} = {B534E9B1-0DAE-4B0B-9933-FB8E5AFC60C9}
		{871D528A-0441-468C-884F-A47CD549AAF5} = {B534E9B1-0DAE-4B0B-9933-FB8E5AFC60C9}
		{FEA796EF-654D-4264-8822-A673DD2BBFCD} = {B534E9B1-0DAE-4B0B-9933-FB8E5AFC60C9}
		{D684A03A-5111-48D4-8E1D-84774585209D} = {A27EFB02-049A-432B-9EBC-957D98C025C6}
		{AD20F924-3A88-4BBC-99A3-610E57037499} = {A27EFB02-049A-432B-9EBC-957D98C025C6}
		{CBD16822-5186-4BAB-961D-8A54030E2170} = {A27EFB02-049A-432B-9EBC-957D98C025C6}
	EndGlobalSection
	GlobalSection(ExtensibilityGlobals) = postSolution
		SolutionGuid = {06137A41-80FE-47DF-B385-AD7C82732760}
	EndGlobalSection
EndGlobal
