
Microsoft Visual Studio Solution File, Format Version 12.00
# Visual Studio Version 17
VisualStudioVersion = 17.0.31808.319
MinimumVisualStudioVersion = 10.0.40219.1
Project("{2150E333-8FDC-42A3-9474-1A3956D46DE8}") = "贫血充血", "贫血充血", "{753E6AE0-71B3-4E2A-97A8-D892C1DC6461}"
EndProject
Project("{9A19103F-16F7-4668-BE54-9A1E7A4F7556}") = "贫血模型1", "贫血模型1\贫血模型1.csproj", "{C1E66623-C71E-4211-AF9F-418A4A85FB9E}"
EndProject
Project("{9A19103F-16F7-4668-BE54-9A1E7A4F7556}") = "充血模型1", "充血模型1\充血模型1.csproj", "{F7777E05-15F2-457D-AD39-EDE767A46770}"
EndProject
Project("{9A19103F-16F7-4668-BE54-9A1E7A4F7556}") = "充血模型在EFCore中的实现1", "充血模型在EFCore中的实现1\充血模型在EFCore中的实现1.csproj", "{6424DE62-F01E-4189-B4CE-9A772036C8C7}"
EndProject
Project("{9A19103F-16F7-4668-BE54-9A1E7A4F7556}") = "值对象在EFCore中的实现1", "值对象在EFCore中的实现1\值对象在EFCore中的实现1.csproj", "{6424DE62-F01E-4189-B4CE-9A772036C8C2}"
EndProject
Project("{FAE04EC0-301F-11D3-BF4B-00C04F79EFBC}") = "领域事件1", "领域事件1\领域事件1.csproj", "{8C2AC958-4613-45B3-A590-F74A197BF76D}"
EndProject
Project("{FAE04EC0-301F-11D3-BF4B-00C04F79EFBC}") = "领域事件发布的时机1", "领域事件发布的时机1\领域事件发布的时机1.csproj", "{15032035-C7F6-4CA6-829B-D2C8DB4BC52D}"
EndProject
Project("{2150E333-8FDC-42A3-9474-1A3956D46DE8}") = "RabbitMQ基本使用", "RabbitMQ基本使用", "{A9D00896-4EFC-4560-A0C9-1AD5F0DB02B7}"
EndProject
Project("{FAE04EC0-301F-11D3-BF4B-00C04F79EFBC}") = "RabbitMQ消息发布者1", "RabbitMQ消息发布者1\RabbitMQ消息发布者1.csproj", "{F3E6AD9B-0EF2-4A64-B00B-1FA790DF5AD2}"
EndProject
Project("{FAE04EC0-301F-11D3-BF4B-00C04F79EFBC}") = "RabbitMQ消息消费者1", "RabbitMQ消息消费者1\RabbitMQ消息消费者1.csproj", "{AE419CE1-2674-4258-B7F6-0792A43E7E9D}"
EndProject
Project("{2150E333-8FDC-42A3-9474-1A3956D46DE8}") = "Zack.EventBus演示", "Zack.EventBus演示", "{3E176271-B5A7-46C2-9013-57ABCD80A87E}"
EndProject
Project("{FAE04EC0-301F-11D3-BF4B-00C04F79EFBC}") = "EventBus发送1", "EventBus发送1\EventBus发送1.csproj", "{655C33AC-F445-46D5-A759-14BFB94F1105}"
EndProject
Project("{FAE04EC0-301F-11D3-BF4B-00C04F79EFBC}") = "EventBus消费1", "EventBus消费1\EventBus消费1.csproj", "{64932D47-E556-4C14-9FBE-D3DD5D71061C}"
EndProject
Project("{2150E333-8FDC-42A3-9474-1A3956D46DE8}") = "整洁架构项目1", "整洁架构项目1", "{0D2AD2CB-7D7B-4AD7-9E66-3920A60D5A5D}"
EndProject
Project("{9A19103F-16F7-4668-BE54-9A1E7A4F7556}") = "Users.Domain", "Users.Domain\Users.Domain.csproj", "{32C0463C-BDE0-425C-B661-E8D63CAEBF56}"
EndProject
Project("{9A19103F-16F7-4668-BE54-9A1E7A4F7556}") = "Users.Infrastructure", "Users.Infrastructure\Users.Infrastructure.csproj", "{B40E050E-61CA-4FA5-B885-32B797865DAA}"
EndProject
Project("{9A19103F-16F7-4668-BE54-9A1E7A4F7556}") = "Users.WebAPI", "Users.WebAPI\Users.WebAPI.csproj", "{A2E0E302-B14B-482D-B2D0-833675871608}"
EndProject
Project("{FAE04EC0-301F-11D3-BF4B-00C04F79EFBC}") = "EFcoreOneToOneBug", "EFcoreOneToOneBug\EFcoreOneToOneBug.csproj", "{8EDCAB3D-A3AC-49EC-B145-189816FE43E3}"
EndProject
Global
	GlobalSection(SolutionConfigurationPlatforms) = preSolution
		Debug|Any CPU = Debug|Any CPU
		Release|Any CPU = Release|Any CPU
	EndGlobalSection
	GlobalSection(ProjectConfigurationPlatforms) = postSolution
		{C1E66623-C71E-4211-AF9F-418A4A85FB9E}.Debug|Any CPU.ActiveCfg = Debug|Any CPU
		{C1E66623-C71E-4211-AF9F-418A4A85FB9E}.Debug|Any CPU.Build.0 = Debug|Any CPU
		{C1E66623-C71E-4211-AF9F-418A4A85FB9E}.Release|Any CPU.ActiveCfg = Release|Any CPU
		{C1E66623-C71E-4211-AF9F-418A4A85FB9E}.Release|Any CPU.Build.0 = Release|Any CPU
		{F7777E05-15F2-457D-AD39-EDE767A46770}.Debug|Any CPU.ActiveCfg = Debug|Any CPU
		{F7777E05-15F2-457D-AD39-EDE767A46770}.Debug|Any CPU.Build.0 = Debug|Any CPU
		{F7777E05-15F2-457D-AD39-EDE767A46770}.Release|Any CPU.ActiveCfg = Release|Any CPU
		{F7777E05-15F2-457D-AD39-EDE767A46770}.Release|Any CPU.Build.0 = Release|Any CPU
		{6424DE62-F01E-4189-B4CE-9A772036C8C7}.Debug|Any CPU.ActiveCfg = Debug|Any CPU
		{6424DE62-F01E-4189-B4CE-9A772036C8C7}.Debug|Any CPU.Build.0 = Debug|Any CPU
		{6424DE62-F01E-4189-B4CE-9A772036C8C7}.Release|Any CPU.ActiveCfg = Release|Any CPU
		{6424DE62-F01E-4189-B4CE-9A772036C8C7}.Release|Any CPU.Build.0 = Release|Any CPU
		{6424DE62-F01E-4189-B4CE-9A772036C8C2}.Debug|Any CPU.ActiveCfg = Debug|Any CPU
		{6424DE62-F01E-4189-B4CE-9A772036C8C2}.Debug|Any CPU.Build.0 = Debug|Any CPU
		{6424DE62-F01E-4189-B4CE-9A772036C8C2}.Release|Any CPU.ActiveCfg = Release|Any CPU
		{6424DE62-F01E-4189-B4CE-9A772036C8C2}.Release|Any CPU.Build.0 = Release|Any CPU
		{8C2AC958-4613-45B3-A590-F74A197BF76D}.Debug|Any CPU.ActiveCfg = Debug|Any CPU
		{8C2AC958-4613-45B3-A590-F74A197BF76D}.Debug|Any CPU.Build.0 = Debug|Any CPU
		{8C2AC958-4613-45B3-A590-F74A197BF76D}.Release|Any CPU.ActiveCfg = Release|Any CPU
		{8C2AC958-4613-45B3-A590-F74A197BF76D}.Release|Any CPU.Build.0 = Release|Any CPU
		{15032035-C7F6-4CA6-829B-D2C8DB4BC52D}.Debug|Any CPU.ActiveCfg = Debug|Any CPU
		{15032035-C7F6-4CA6-829B-D2C8DB4BC52D}.Debug|Any CPU.Build.0 = Debug|Any CPU
		{15032035-C7F6-4CA6-829B-D2C8DB4BC52D}.Release|Any CPU.ActiveCfg = Release|Any CPU
		{15032035-C7F6-4CA6-829B-D2C8DB4BC52D}.Release|Any CPU.Build.0 = Release|Any CPU
		{F3E6AD9B-0EF2-4A64-B00B-1FA790DF5AD2}.Debug|Any CPU.ActiveCfg = Debug|Any CPU
		{F3E6AD9B-0EF2-4A64-B00B-1FA790DF5AD2}.Debug|Any CPU.Build.0 = Debug|Any CPU
		{F3E6AD9B-0EF2-4A64-B00B-1FA790DF5AD2}.Release|Any CPU.ActiveCfg = Release|Any CPU
		{F3E6AD9B-0EF2-4A64-B00B-1FA790DF5AD2}.Release|Any CPU.Build.0 = Release|Any CPU
		{AE419CE1-2674-4258-B7F6-0792A43E7E9D}.Debug|Any CPU.ActiveCfg = Debug|Any CPU
		{AE419CE1-2674-4258-B7F6-0792A43E7E9D}.Debug|Any CPU.Build.0 = Debug|Any CPU
		{AE419CE1-2674-4258-B7F6-0792A43E7E9D}.Release|Any CPU.ActiveCfg = Release|Any CPU
		{AE419CE1-2674-4258-B7F6-0792A43E7E9D}.Release|Any CPU.Build.0 = Release|Any CPU
		{655C33AC-F445-46D5-A759-14BFB94F1105}.Debug|Any CPU.ActiveCfg = Debug|Any CPU
		{655C33AC-F445-46D5-A759-14BFB94F1105}.Debug|Any CPU.Build.0 = Debug|Any CPU
		{655C33AC-F445-46D5-A759-14BFB94F1105}.Release|Any CPU.ActiveCfg = Release|Any CPU
		{655C33AC-F445-46D5-A759-14BFB94F1105}.Release|Any CPU.Build.0 = Release|Any CPU
		{64932D47-E556-4C14-9FBE-D3DD5D71061C}.Debug|Any CPU.ActiveCfg = Debug|Any CPU
		{64932D47-E556-4C14-9FBE-D3DD5D71061C}.Debug|Any CPU.Build.0 = Debug|Any CPU
		{64932D47-E556-4C14-9FBE-D3DD5D71061C}.Release|Any CPU.ActiveCfg = Release|Any CPU
		{64932D47-E556-4C14-9FBE-D3DD5D71061C}.Release|Any CPU.Build.0 = Release|Any CPU
		{32C0463C-BDE0-425C-B661-E8D63CAEBF56}.Debug|Any CPU.ActiveCfg = Debug|Any CPU
		{32C0463C-BDE0-425C-B661-E8D63CAEBF56}.Debug|Any CPU.Build.0 = Debug|Any CPU
		{32C0463C-BDE0-425C-B661-E8D63CAEBF56}.Release|Any CPU.ActiveCfg = Release|Any CPU
		{32C0463C-BDE0-425C-B661-E8D63CAEBF56}.Release|Any CPU.Build.0 = Release|Any CPU
		{B40E050E-61CA-4FA5-B885-32B797865DAA}.Debug|Any CPU.ActiveCfg = Debug|Any CPU
		{B40E050E-61CA-4FA5-B885-32B797865DAA}.Debug|Any CPU.Build.0 = Debug|Any CPU
		{B40E050E-61CA-4FA5-B885-32B797865DAA}.Release|Any CPU.ActiveCfg = Release|Any CPU
		{B40E050E-61CA-4FA5-B885-32B797865DAA}.Release|Any CPU.Build.0 = Release|Any CPU
		{A2E0E302-B14B-482D-B2D0-833675871608}.Debug|Any CPU.ActiveCfg = Debug|Any CPU
		{A2E0E302-B14B-482D-B2D0-833675871608}.Debug|Any CPU.Build.0 = Debug|Any CPU
		{A2E0E302-B14B-482D-B2D0-833675871608}.Release|Any CPU.ActiveCfg = Release|Any CPU
		{A2E0E302-B14B-482D-B2D0-833675871608}.Release|Any CPU.Build.0 = Release|Any CPU
		{8EDCAB3D-A3AC-49EC-B145-189816FE43E3}.Debug|Any CPU.ActiveCfg = Debug|Any CPU
		{8EDCAB3D-A3AC-49EC-B145-189816FE43E3}.Debug|Any CPU.Build.0 = Debug|Any CPU
		{8EDCAB3D-A3AC-49EC-B145-189816FE43E3}.Release|Any CPU.ActiveCfg = Release|Any CPU
		{8EDCAB3D-A3AC-49EC-B145-189816FE43E3}.Release|Any CPU.Build.0 = Release|Any CPU
	EndGlobalSection
	GlobalSection(SolutionProperties) = preSolution
		HideSolutionNode = FALSE
	EndGlobalSection
	GlobalSection(NestedProjects) = preSolution
		{C1E66623-C71E-4211-AF9F-418A4A85FB9E} = {753E6AE0-71B3-4E2A-97A8-D892C1DC6461}
		{F7777E05-15F2-457D-AD39-EDE767A46770} = {753E6AE0-71B3-4E2A-97A8-D892C1DC6461}
		{6424DE62-F01E-4189-B4CE-9A772036C8C7} = {753E6AE0-71B3-4E2A-97A8-D892C1DC6461}
		{F3E6AD9B-0EF2-4A64-B00B-1FA790DF5AD2} = {A9D00896-4EFC-4560-A0C9-1AD5F0DB02B7}
		{AE419CE1-2674-4258-B7F6-0792A43E7E9D} = {A9D00896-4EFC-4560-A0C9-1AD5F0DB02B7}
		{655C33AC-F445-46D5-A759-14BFB94F1105} = {3E176271-B5A7-46C2-9013-57ABCD80A87E}
		{64932D47-E556-4C14-9FBE-D3DD5D71061C} = {3E176271-B5A7-46C2-9013-57ABCD80A87E}
		{32C0463C-BDE0-425C-B661-E8D63CAEBF56} = {0D2AD2CB-7D7B-4AD7-9E66-3920A60D5A5D}
		{B40E050E-61CA-4FA5-B885-32B797865DAA} = {0D2AD2CB-7D7B-4AD7-9E66-3920A60D5A5D}
		{A2E0E302-B14B-482D-B2D0-833675871608} = {0D2AD2CB-7D7B-4AD7-9E66-3920A60D5A5D}
	EndGlobalSection
	GlobalSection(ExtensibilityGlobals) = postSolution
		SolutionGuid = {E73D42C8-B774-4F54-855A-84F340D52267}
	EndGlobalSection
EndGlobal
