
Microsoft Visual Studio Solution File, Format Version 12.00
# Visual Studio Version 17
VisualStudioVersion = 17.0.31717.71
MinimumVisualStudioVersion = 10.0.40219.1
Project("{FAE04EC0-301F-11D3-BF4B-00C04F79EFBC}") = "WebApplication1", "WebApplication1\WebApplication1.csproj", "{86D0E324-41A7-480E-B8CA-259368D00A62}"
EndProject
Global
	GlobalSection(SolutionConfigurationPlatforms) = preSolution
		Debug|Any CPU = Debug|Any CPU
		Release|Any CPU = Release|Any CPU
	EndGlobalSection
	GlobalSection(ProjectConfigurationPlatforms) = postSolution
		{86D0E324-41A7-480E-B8CA-259368D00A62}.Debug|Any CPU.ActiveCfg = Debug|Any CPU
		{86D0E324-41A7-480E-B8CA-259368D00A62}.Debug|Any CPU.Build.0 = Debug|Any CPU
		{86D0E324-41A7-480E-B8CA-259368D00A62}.Release|Any CPU.ActiveCfg = Release|Any CPU
		{86D0E324-41A7-480E-B8CA-259368D00A62}.Release|Any CPU.Build.0 = Release|Any CPU
	EndGlobalSection
	GlobalSection(SolutionProperties) = preSolution
		HideSolutionNode = FALSE
	EndGlobalSection
	GlobalSection(ExtensibilityGlobals) = postSolution
		SolutionGuid = {FDE7A674-B21D-48CC-BB82-B1AEA62A216D}
	EndGlobalSection
EndGlobal
