
Microsoft Visual Studio Solution File, Format Version 12.00
# Visual Studio Version 17
VisualStudioVersion = 17.0.31717.71
MinimumVisualStudioVersion = 10.0.40219.1
Project("{9A19103F-16F7-4668-BE54-9A1E7A4F7556}") = "ASPNETCore与EFCore", "ASPNETCore与EFCore\ASPNETCore与EFCore.csproj", "{9DC876F3-3C15-4BBA-AAF1-A30643EB3F4D}"
EndProject
Project("{9A19103F-16F7-4668-BE54-9A1E7A4F7556}") = "BooksEFCore", "BooksEFCore\BooksEFCore.csproj", "{319C4409-83CC-4374-846F-115D4338FE98}"
EndProject
Project("{9A19103F-16F7-4668-BE54-9A1E7A4F7556}") = "筛选器1", "筛选器1\筛选器1.csproj", "{641D19DB-F375-41DD-9A51-F9E7D2C26A14}"
EndProject
Project("{2150E333-8FDC-42A3-9474-1A3956D46DE8}") = "缓存", "缓存", "{141D6067-B9EC-44F3-829A-D38100FA69B9}"
EndProject
Project("{9A19103F-16F7-4668-BE54-9A1E7A4F7556}") = "webapi响应缓存1", "webapi响应缓存1\webapi响应缓存1.csproj", "{966DD7F6-33B6-4EBB-9F8C-0ED701183DCD}"
EndProject
Project("{9A19103F-16F7-4668-BE54-9A1E7A4F7556}") = "内存缓存1", "内存缓存1\内存缓存1.csproj", "{91CBF507-4F43-4544-9A56-0E72626395F3}"
EndProject
Project("{9A19103F-16F7-4668-BE54-9A1E7A4F7556}") = "分布式缓存1", "分布式缓存1\分布式缓存1.csproj", "{100A3A3E-E1B8-4847-83F1-1F787106A329}"
EndProject
Project("{2150E333-8FDC-42A3-9474-1A3956D46DE8}") = "中间件", "中间件", "{750F6059-3284-48C7-B80B-954A141FA230}"
EndProject
Project("{9A19103F-16F7-4668-BE54-9A1E7A4F7556}") = "中间件1", "中间件1\中间件1.csproj", "{75E86062-F531-4B24-A0A7-F2EB5913B8D7}"
EndProject
Project("{FAE04EC0-301F-11D3-BF4B-00C04F79EFBC}") = "空项目起点的中间件1", "空项目起点的中间件1\空项目起点的中间件1.csproj", "{C8BED393-8C21-4374-A815-947C824D370B}"
EndProject
Project("{9A19103F-16F7-4668-BE54-9A1E7A4F7556}") = "简单的mvc框架", "简单的mvc框架\简单的mvc框架.csproj", "{8927D80A-40CA-4063-B6B0-C0BACF72994A}"
EndProject
Project("{FAE04EC0-301F-11D3-BF4B-00C04F79EFBC}") = "中间件MVC项目1", "中间件MVC项目1\中间件MVC项目1.csproj", "{B68188ED-606D-463D-A40B-62508ADCD9B9}"
EndProject
Project("{2150E333-8FDC-42A3-9474-1A3956D46DE8}") = "Auth", "Auth", "{24D0E640-6921-424E-9FAA-63EDCB4B023F}"
EndProject
Project("{FAE04EC0-301F-11D3-BF4B-00C04F79EFBC}") = "IdentityDemo1", "IdentityDemo1\IdentityDemo1.csproj", "{92048214-90ED-465C-9376-B783D3F43F0F}"
EndProject
Project("{9A19103F-16F7-4668-BE54-9A1E7A4F7556}") = "JWTEncodeTest1", "JWTEncodeTest1\JWTEncodeTest1.csproj", "{F80832FD-E9BD-43E9-A540-65F670C999B8}"
EndProject
Project("{FAE04EC0-301F-11D3-BF4B-00C04F79EFBC}") = "JWTDecodeTest1", "JWTDecodeTest1\JWTDecodeTest1.csproj", "{7AA06990-F4BD-40BF-A83B-FCC6AB74A3F3}"
EndProject
Project("{9A19103F-16F7-4668-BE54-9A1E7A4F7556}") = "BgService1", "BgService1\BgService1.csproj", "{6FAB4F22-7180-494D-9077-EEE8AE37979C}"
EndProject
Project("{2150E333-8FDC-42A3-9474-1A3956D46DE8}") = "数据验证", "数据验证", "{012DD199-71E7-4685-87F8-41CBA364BDBF}"
EndProject
Project("{9A19103F-16F7-4668-BE54-9A1E7A4F7556}") = "Validation1", "Validation1\Validation1.csproj", "{A9174047-83FE-405C-A9B2-FDE3D2C104A1}"
EndProject
Project("{2150E333-8FDC-42A3-9474-1A3956D46DE8}") = "SignalR", "SignalR", "{3EC29873-123E-47E5-BB6F-2988F20D9693}"
EndProject
Project("{9A19103F-16F7-4668-BE54-9A1E7A4F7556}") = "SignalRCoreTest1", "SignalRCoreTest1\SignalRCoreTest1.csproj", "{2E2F5B19-B615-4767-B9FB-E690DB903E5F}"
EndProject
Project("{9A19103F-16F7-4668-BE54-9A1E7A4F7556}") = "SignalRCoreTest2", "SignalRCoreTest2\SignalRCoreTest2.csproj", "{33E30E31-07A8-4E0A-AF1D-2DAAAB0ED8BF}"
EndProject
Project("{9A19103F-16F7-4668-BE54-9A1E7A4F7556}") = "SignalRCoreTest3", "SignalRCoreTest3\SignalRCoreTest3.csproj", "{FB334BD3-2088-4948-8F18-CDBEB1F34031}"
EndProject
Project("{FAE04EC0-301F-11D3-BF4B-00C04F79EFBC}") = "WebApplication1", "WebApplication1\WebApplication1.csproj", "{90CE5B78-56F5-4704-8964-02903BDD6443}"
EndProject
Global
	GlobalSection(SolutionConfigurationPlatforms) = preSolution
		Debug|Any CPU = Debug|Any CPU
		Release|Any CPU = Release|Any CPU
	EndGlobalSection
	GlobalSection(ProjectConfigurationPlatforms) = postSolution
		{9DC876F3-3C15-4BBA-AAF1-A30643EB3F4D}.Debug|Any CPU.ActiveCfg = Debug|Any CPU
		{9DC876F3-3C15-4BBA-AAF1-A30643EB3F4D}.Debug|Any CPU.Build.0 = Debug|Any CPU
		{9DC876F3-3C15-4BBA-AAF1-A30643EB3F4D}.Release|Any CPU.ActiveCfg = Release|Any CPU
		{9DC876F3-3C15-4BBA-AAF1-A30643EB3F4D}.Release|Any CPU.Build.0 = Release|Any CPU
		{319C4409-83CC-4374-846F-115D4338FE98}.Debug|Any CPU.ActiveCfg = Debug|Any CPU
		{319C4409-83CC-4374-846F-115D4338FE98}.Debug|Any CPU.Build.0 = Debug|Any CPU
		{319C4409-83CC-4374-846F-115D4338FE98}.Release|Any CPU.ActiveCfg = Release|Any CPU
		{319C4409-83CC-4374-846F-115D4338FE98}.Release|Any CPU.Build.0 = Release|Any CPU
		{641D19DB-F375-41DD-9A51-F9E7D2C26A14}.Debug|Any CPU.ActiveCfg = Debug|Any CPU
		{641D19DB-F375-41DD-9A51-F9E7D2C26A14}.Debug|Any CPU.Build.0 = Debug|Any CPU
		{641D19DB-F375-41DD-9A51-F9E7D2C26A14}.Release|Any CPU.ActiveCfg = Release|Any CPU
		{641D19DB-F375-41DD-9A51-F9E7D2C26A14}.Release|Any CPU.Build.0 = Release|Any CPU
		{966DD7F6-33B6-4EBB-9F8C-0ED701183DCD}.Debug|Any CPU.ActiveCfg = Debug|Any CPU
		{966DD7F6-33B6-4EBB-9F8C-0ED701183DCD}.Debug|Any CPU.Build.0 = Debug|Any CPU
		{966DD7F6-33B6-4EBB-9F8C-0ED701183DCD}.Release|Any CPU.ActiveCfg = Release|Any CPU
		{966DD7F6-33B6-4EBB-9F8C-0ED701183DCD}.Release|Any CPU.Build.0 = Release|Any CPU
		{91CBF507-4F43-4544-9A56-0E72626395F3}.Debug|Any CPU.ActiveCfg = Debug|Any CPU
		{91CBF507-4F43-4544-9A56-0E72626395F3}.Debug|Any CPU.Build.0 = Debug|Any CPU
		{91CBF507-4F43-4544-9A56-0E72626395F3}.Release|Any CPU.ActiveCfg = Release|Any CPU
		{91CBF507-4F43-4544-9A56-0E72626395F3}.Release|Any CPU.Build.0 = Release|Any CPU
		{100A3A3E-E1B8-4847-83F1-1F787106A329}.Debug|Any CPU.ActiveCfg = Debug|Any CPU
		{100A3A3E-E1B8-4847-83F1-1F787106A329}.Debug|Any CPU.Build.0 = Debug|Any CPU
		{100A3A3E-E1B8-4847-83F1-1F787106A329}.Release|Any CPU.ActiveCfg = Release|Any CPU
		{100A3A3E-E1B8-4847-83F1-1F787106A329}.Release|Any CPU.Build.0 = Release|Any CPU
		{75E86062-F531-4B24-A0A7-F2EB5913B8D7}.Debug|Any CPU.ActiveCfg = Debug|Any CPU
		{75E86062-F531-4B24-A0A7-F2EB5913B8D7}.Debug|Any CPU.Build.0 = Debug|Any CPU
		{75E86062-F531-4B24-A0A7-F2EB5913B8D7}.Release|Any CPU.ActiveCfg = Release|Any CPU
		{75E86062-F531-4B24-A0A7-F2EB5913B8D7}.Release|Any CPU.Build.0 = Release|Any CPU
		{C8BED393-8C21-4374-A815-947C824D370B}.Debug|Any CPU.ActiveCfg = Debug|Any CPU
		{C8BED393-8C21-4374-A815-947C824D370B}.Debug|Any CPU.Build.0 = Debug|Any CPU
		{C8BED393-8C21-4374-A815-947C824D370B}.Release|Any CPU.ActiveCfg = Release|Any CPU
		{C8BED393-8C21-4374-A815-947C824D370B}.Release|Any CPU.Build.0 = Release|Any CPU
		{8927D80A-40CA-4063-B6B0-C0BACF72994A}.Debug|Any CPU.ActiveCfg = Debug|Any CPU
		{8927D80A-40CA-4063-B6B0-C0BACF72994A}.Debug|Any CPU.Build.0 = Debug|Any CPU
		{8927D80A-40CA-4063-B6B0-C0BACF72994A}.Release|Any CPU.ActiveCfg = Release|Any CPU
		{8927D80A-40CA-4063-B6B0-C0BACF72994A}.Release|Any CPU.Build.0 = Release|Any CPU
		{B68188ED-606D-463D-A40B-62508ADCD9B9}.Debug|Any CPU.ActiveCfg = Debug|Any CPU
		{B68188ED-606D-463D-A40B-62508ADCD9B9}.Debug|Any CPU.Build.0 = Debug|Any CPU
		{B68188ED-606D-463D-A40B-62508ADCD9B9}.Release|Any CPU.ActiveCfg = Release|Any CPU
		{B68188ED-606D-463D-A40B-62508ADCD9B9}.Release|Any CPU.Build.0 = Release|Any CPU
		{92048214-90ED-465C-9376-B783D3F43F0F}.Debug|Any CPU.ActiveCfg = Debug|Any CPU
		{92048214-90ED-465C-9376-B783D3F43F0F}.Debug|Any CPU.Build.0 = Debug|Any CPU
		{92048214-90ED-465C-9376-B783D3F43F0F}.Release|Any CPU.ActiveCfg = Release|Any CPU
		{92048214-90ED-465C-9376-B783D3F43F0F}.Release|Any CPU.Build.0 = Release|Any CPU
		{F80832FD-E9BD-43E9-A540-65F670C999B8}.Debug|Any CPU.ActiveCfg = Debug|Any CPU
		{F80832FD-E9BD-43E9-A540-65F670C999B8}.Debug|Any CPU.Build.0 = Debug|Any CPU
		{F80832FD-E9BD-43E9-A540-65F670C999B8}.Release|Any CPU.ActiveCfg = Release|Any CPU
		{F80832FD-E9BD-43E9-A540-65F670C999B8}.Release|Any CPU.Build.0 = Release|Any CPU
		{7AA06990-F4BD-40BF-A83B-FCC6AB74A3F3}.Debug|Any CPU.ActiveCfg = Debug|Any CPU
		{7AA06990-F4BD-40BF-A83B-FCC6AB74A3F3}.Debug|Any CPU.Build.0 = Debug|Any CPU
		{7AA06990-F4BD-40BF-A83B-FCC6AB74A3F3}.Release|Any CPU.ActiveCfg = Release|Any CPU
		{7AA06990-F4BD-40BF-A83B-FCC6AB74A3F3}.Release|Any CPU.Build.0 = Release|Any CPU
		{6FAB4F22-7180-494D-9077-EEE8AE37979C}.Debug|Any CPU.ActiveCfg = Debug|Any CPU
		{6FAB4F22-7180-494D-9077-EEE8AE37979C}.Debug|Any CPU.Build.0 = Debug|Any CPU
		{6FAB4F22-7180-494D-9077-EEE8AE37979C}.Release|Any CPU.ActiveCfg = Release|Any CPU
		{6FAB4F22-7180-494D-9077-EEE8AE37979C}.Release|Any CPU.Build.0 = Release|Any CPU
		{A9174047-83FE-405C-A9B2-FDE3D2C104A1}.Debug|Any CPU.ActiveCfg = Debug|Any CPU
		{A9174047-83FE-405C-A9B2-FDE3D2C104A1}.Debug|Any CPU.Build.0 = Debug|Any CPU
		{A9174047-83FE-405C-A9B2-FDE3D2C104A1}.Release|Any CPU.ActiveCfg = Release|Any CPU
		{A9174047-83FE-405C-A9B2-FDE3D2C104A1}.Release|Any CPU.Build.0 = Release|Any CPU
		{2E2F5B19-B615-4767-B9FB-E690DB903E5F}.Debug|Any CPU.ActiveCfg = Debug|Any CPU
		{2E2F5B19-B615-4767-B9FB-E690DB903E5F}.Debug|Any CPU.Build.0 = Debug|Any CPU
		{2E2F5B19-B615-4767-B9FB-E690DB903E5F}.Release|Any CPU.ActiveCfg = Release|Any CPU
		{2E2F5B19-B615-4767-B9FB-E690DB903E5F}.Release|Any CPU.Build.0 = Release|Any CPU
		{33E30E31-07A8-4E0A-AF1D-2DAAAB0ED8BF}.Debug|Any CPU.ActiveCfg = Debug|Any CPU
		{33E30E31-07A8-4E0A-AF1D-2DAAAB0ED8BF}.Debug|Any CPU.Build.0 = Debug|Any CPU
		{33E30E31-07A8-4E0A-AF1D-2DAAAB0ED8BF}.Release|Any CPU.ActiveCfg = Release|Any CPU
		{33E30E31-07A8-4E0A-AF1D-2DAAAB0ED8BF}.Release|Any CPU.Build.0 = Release|Any CPU
		{FB334BD3-2088-4948-8F18-CDBEB1F34031}.Debug|Any CPU.ActiveCfg = Debug|Any CPU
		{FB334BD3-2088-4948-8F18-CDBEB1F34031}.Debug|Any CPU.Build.0 = Debug|Any CPU
		{FB334BD3-2088-4948-8F18-CDBEB1F34031}.Release|Any CPU.ActiveCfg = Release|Any CPU
		{FB334BD3-2088-4948-8F18-CDBEB1F34031}.Release|Any CPU.Build.0 = Release|Any CPU
		{90CE5B78-56F5-4704-8964-02903BDD6443}.Debug|Any CPU.ActiveCfg = Debug|Any CPU
		{90CE5B78-56F5-4704-8964-02903BDD6443}.Debug|Any CPU.Build.0 = Debug|Any CPU
		{90CE5B78-56F5-4704-8964-02903BDD6443}.Release|Any CPU.ActiveCfg = Release|Any CPU
		{90CE5B78-56F5-4704-8964-02903BDD6443}.Release|Any CPU.Build.0 = Release|Any CPU
	EndGlobalSection
	GlobalSection(SolutionProperties) = preSolution
		HideSolutionNode = FALSE
	EndGlobalSection
	GlobalSection(NestedProjects) = preSolution
		{966DD7F6-33B6-4EBB-9F8C-0ED701183DCD} = {141D6067-B9EC-44F3-829A-D38100FA69B9}
		{91CBF507-4F43-4544-9A56-0E72626395F3} = {141D6067-B9EC-44F3-829A-D38100FA69B9}
		{100A3A3E-E1B8-4847-83F1-1F787106A329} = {141D6067-B9EC-44F3-829A-D38100FA69B9}
		{75E86062-F531-4B24-A0A7-F2EB5913B8D7} = {750F6059-3284-48C7-B80B-954A141FA230}
		{C8BED393-8C21-4374-A815-947C824D370B} = {750F6059-3284-48C7-B80B-954A141FA230}
		{8927D80A-40CA-4063-B6B0-C0BACF72994A} = {750F6059-3284-48C7-B80B-954A141FA230}
		{B68188ED-606D-463D-A40B-62508ADCD9B9} = {750F6059-3284-48C7-B80B-954A141FA230}
		{92048214-90ED-465C-9376-B783D3F43F0F} = {24D0E640-6921-424E-9FAA-63EDCB4B023F}
		{F80832FD-E9BD-43E9-A540-65F670C999B8} = {24D0E640-6921-424E-9FAA-63EDCB4B023F}
		{7AA06990-F4BD-40BF-A83B-FCC6AB74A3F3} = {24D0E640-6921-424E-9FAA-63EDCB4B023F}
		{A9174047-83FE-405C-A9B2-FDE3D2C104A1} = {012DD199-71E7-4685-87F8-41CBA364BDBF}
		{2E2F5B19-B615-4767-B9FB-E690DB903E5F} = {3EC29873-123E-47E5-BB6F-2988F20D9693}
		{33E30E31-07A8-4E0A-AF1D-2DAAAB0ED8BF} = {3EC29873-123E-47E5-BB6F-2988F20D9693}
		{FB334BD3-2088-4948-8F18-CDBEB1F34031} = {3EC29873-123E-47E5-BB6F-2988F20D9693}
	EndGlobalSection
	GlobalSection(ExtensibilityGlobals) = postSolution
		SolutionGuid = {1C781648-0B36-44AE-AFF9-D53AFB9A130D}
	EndGlobalSection
EndGlobal
