
Microsoft Visual Studio Solution File, Format Version 12.00
# Visual Studio Version 17
VisualStudioVersion = 17.0.31612.314
MinimumVisualStudioVersion = 10.0.40219.1
Project("{2150E333-8FDC-42A3-9474-1A3956D46DE8}") = "Listening", "Listening", "{57896F57-5BD3-4928-9C30-F2C76DBAA603}"
EndProject
Project("{9A19103F-16F7-4668-BE54-9A1E7A4F7556}") = "Listening.Domain", "Listening.Domain\Listening.Domain.csproj", "{AD0D63EC-9725-4417-BC22-89C9F49C29AE}"
EndProject
Project("{2150E333-8FDC-42A3-9474-1A3956D46DE8}") = "Commons", "Commons", "{28C44F44-5352-492D-BCD2-1FA8C355C6EE}"
EndProject
Project("{9A19103F-16F7-4668-BE54-9A1E7A4F7556}") = "Zack.DomainCommons", "Zack.DomainCommons\Zack.DomainCommons.csproj", "{50C98058-CD9A-414B-BFDA-E4EC43C70779}"
EndProject
Project("{9A19103F-16F7-4668-BE54-9A1E7A4F7556}") = "Listening.Infrastructure", "Listening.Infrastructure\Listening.Infrastructure.csproj", "{AA3A3342-D8C8-416E-B066-079C00230774}"
EndProject
Project("{9A19103F-16F7-4668-BE54-9A1E7A4F7556}") = "Zack.Infrastructure", "Zack.Infrastructure\Zack.Infrastructure.csproj", "{FD0073ED-38E4-41B5-A9DF-66E3CD4CBA47}"
EndProject
Project("{9A19103F-16F7-4668-BE54-9A1E7A4F7556}") = "Zack.ASPNETCore", "Zack.ASPNETCore\Zack.ASPNETCore.csproj", "{5BA157C6-819B-46D0-A9E7-5A5D8DCD72C6}"
EndProject
Project("{9A19103F-16F7-4668-BE54-9A1E7A4F7556}") = "Zack.Commons", "Zack.Commons\Zack.Commons.csproj", "{F7883059-B90D-4C6C-95A9-F8E8BF381BE6}"
EndProject
Project("{9A19103F-16F7-4668-BE54-9A1E7A4F7556}") = "Listening.Admin.WebAPI", "Listening.Admin.WebAPI\Listening.Admin.WebAPI.csproj", "{9808AD56-61CE-4DBE-B63A-2E1FEFE893E8}"
EndProject
Project("{2150E333-8FDC-42A3-9474-1A3956D46DE8}") = "FileService", "FileService", "{B0075CE8-6AEA-4950-8B08-93E53293422D}"
EndProject
Project("{2150E333-8FDC-42A3-9474-1A3956D46DE8}") = "MediaEncoder", "MediaEncoder", "{CA3D8347-BED4-4096-BC9F-0AE7798F2023}"
EndProject
Project("{9A19103F-16F7-4668-BE54-9A1E7A4F7556}") = "FileService.Domain", "FileService.Domain\FileService.Domain.csproj", "{4CDAAD08-A16A-4C06-AAA7-9FE4EEE94C79}"
EndProject
Project("{9A19103F-16F7-4668-BE54-9A1E7A4F7556}") = "FileService.Infrastructure", "FileService.Infrastructure\FileService.Infrastructure.csproj", "{11C9BE6B-9543-4DB4-9853-D57593EA7D06}"
EndProject
Project("{9A19103F-16F7-4668-BE54-9A1E7A4F7556}") = "FileService.WebAPI", "FileService.WebAPI\FileService.WebAPI.csproj", "{30EC00A2-E16E-4AC1-B115-2906EDFD5DC1}"
EndProject
Project("{2150E333-8FDC-42A3-9474-1A3956D46DE8}") = "IdentityService", "IdentityService", "{ECD1AB23-3A13-4197-82B4-C481C0F3547A}"
EndProject
Project("{9A19103F-16F7-4668-BE54-9A1E7A4F7556}") = "MediaEncoder.Domain", "MediaEncoder.Domain\MediaEncoder.Domain.csproj", "{CD281296-B86D-48EF-A980-CBF0476D7AB1}"
EndProject
Project("{9A19103F-16F7-4668-BE54-9A1E7A4F7556}") = "MediaEncoder.Infrastructure", "MediaEncoder.Infrastructure\MediaEncoder.Infrastructure.csproj", "{85F7690F-3181-48B7-A3E3-93DDFDE82B51}"
EndProject
Project("{9A19103F-16F7-4668-BE54-9A1E7A4F7556}") = "MediaEncoder.WebAPI", "MediaEncoder.WebAPI\MediaEncoder.WebAPI.csproj", "{4926E26C-2B1B-4085-A122-84F362F50018}"
EndProject
Project("{9A19103F-16F7-4668-BE54-9A1E7A4F7556}") = "FileService.SDK.NETCore", "FileService.SDK.NETCore\FileService.SDK.NETCore.csproj", "{9422C71F-9301-4410-A35E-A2FBF3B1E219}"
EndProject
Project("{9A19103F-16F7-4668-BE54-9A1E7A4F7556}") = "Zack.EventBus", "Zack.EventBus\Zack.EventBus.csproj", "{E65A2FD9-81D4-4CAE-A80E-F6F7AFB8E00F}"
EndProject
Project("{2150E333-8FDC-42A3-9474-1A3956D46DE8}") = "SearchService", "SearchService", "{88786D5A-18D2-4326-89C5-5D053178D507}"
EndProject
Project("{9A19103F-16F7-4668-BE54-9A1E7A4F7556}") = "SearchService.WebAPI", "SearchService.WebAPI\SearchService.WebAPI.csproj", "{5B9EF539-C4D1-4AC3-9192-DD047BBB45B9}"
EndProject
Project("{9A19103F-16F7-4668-BE54-9A1E7A4F7556}") = "Listening.Main.WebAPI", "Listening.Main.WebAPI\Listening.Main.WebAPI.csproj", "{FEFD473E-DB46-480E-98AA-AED67E31F526}"
EndProject
Project("{9A19103F-16F7-4668-BE54-9A1E7A4F7556}") = "IdentityService.Domain", "IdentityService.Domain\IdentityService.Domain.csproj", "{9F1FC969-C413-47F8-BA8D-EDA474BECC68}"
EndProject
Project("{9A19103F-16F7-4668-BE54-9A1E7A4F7556}") = "IdentityService.Infrastructure", "IdentityService.Infrastructure\IdentityService.Infrastructure.csproj", "{849268EC-C7ED-4A30-BA5D-D473260D7BA1}"
EndProject
Project("{9A19103F-16F7-4668-BE54-9A1E7A4F7556}") = "IdentityService.WebAPI", "IdentityService.WebAPI\IdentityService.WebAPI.csproj", "{E94E7052-A89E-4166-9E84-5A6F7F82902E}"
EndProject
Project("{9A19103F-16F7-4668-BE54-9A1E7A4F7556}") = "Zack.JWT", "Zack.JWT\Zack.JWT.csproj", "{E0124581-056D-42C6-8CAD-F57901E66292}"
EndProject
Project("{9A19103F-16F7-4668-BE54-9A1E7A4F7556}") = "CommonInitializer", "CommonInitializer\CommonInitializer.csproj", "{47E570CB-1091-4688-93B6-82F0A07A93E5}"
EndProject
Project("{2150E333-8FDC-42A3-9474-1A3956D46DE8}") = "BlazorTests", "BlazorTests", "{2FA71608-ABA6-4CC1-A604-E285003C1FD0}"
EndProject
Project("{9A19103F-16F7-4668-BE54-9A1E7A4F7556}") = "BlazorWebAsm1", "BlazorTests\BlazorWebAsm1\BlazorWebAsm1.csproj", "{90879C8A-98D0-4AE2-9A37-61754FA91F58}"
EndProject
Project("{9A19103F-16F7-4668-BE54-9A1E7A4F7556}") = "BlazorMVC1", "BlazorTests\BlazorMVC1\BlazorMVC1.csproj", "{0A027FA9-FD39-4CDB-949B-6DD5D0DC9068}"
EndProject
Project("{FAE04EC0-301F-11D3-BF4B-00C04F79EFBC}") = "SearchService.Domain", "SearchService.Domain\SearchService.Domain.csproj", "{82D747A3-3DC1-41C6-B956-81AC7BCFA87D}"
EndProject
Project("{FAE04EC0-301F-11D3-BF4B-00C04F79EFBC}") = "SearchService.Infrastructure", "SearchService.Infrastructure\SearchService.Infrastructure.csproj", "{5BF64A04-0BFA-4611-844B-395043F7F29A}"
EndProject
Global
	GlobalSection(SolutionConfigurationPlatforms) = preSolution
		Debug|Any CPU = Debug|Any CPU
		Release|Any CPU = Release|Any CPU
	EndGlobalSection
	GlobalSection(ProjectConfigurationPlatforms) = postSolution
		{AD0D63EC-9725-4417-BC22-89C9F49C29AE}.Debug|Any CPU.ActiveCfg = Debug|Any CPU
		{AD0D63EC-9725-4417-BC22-89C9F49C29AE}.Debug|Any CPU.Build.0 = Debug|Any CPU
		{AD0D63EC-9725-4417-BC22-89C9F49C29AE}.Release|Any CPU.ActiveCfg = Release|Any CPU
		{AD0D63EC-9725-4417-BC22-89C9F49C29AE}.Release|Any CPU.Build.0 = Release|Any CPU
		{50C98058-CD9A-414B-BFDA-E4EC43C70779}.Debug|Any CPU.ActiveCfg = Debug|Any CPU
		{50C98058-CD9A-414B-BFDA-E4EC43C70779}.Debug|Any CPU.Build.0 = Debug|Any CPU
		{50C98058-CD9A-414B-BFDA-E4EC43C70779}.Release|Any CPU.ActiveCfg = Release|Any CPU
		{50C98058-CD9A-414B-BFDA-E4EC43C70779}.Release|Any CPU.Build.0 = Release|Any CPU
		{AA3A3342-D8C8-416E-B066-079C00230774}.Debug|Any CPU.ActiveCfg = Debug|Any CPU
		{AA3A3342-D8C8-416E-B066-079C00230774}.Debug|Any CPU.Build.0 = Debug|Any CPU
		{AA3A3342-D8C8-416E-B066-079C00230774}.Release|Any CPU.ActiveCfg = Release|Any CPU
		{AA3A3342-D8C8-416E-B066-079C00230774}.Release|Any CPU.Build.0 = Release|Any CPU
		{FD0073ED-38E4-41B5-A9DF-66E3CD4CBA47}.Debug|Any CPU.ActiveCfg = Debug|Any CPU
		{FD0073ED-38E4-41B5-A9DF-66E3CD4CBA47}.Debug|Any CPU.Build.0 = Debug|Any CPU
		{FD0073ED-38E4-41B5-A9DF-66E3CD4CBA47}.Release|Any CPU.ActiveCfg = Release|Any CPU
		{FD0073ED-38E4-41B5-A9DF-66E3CD4CBA47}.Release|Any CPU.Build.0 = Release|Any CPU
		{5BA157C6-819B-46D0-A9E7-5A5D8DCD72C6}.Debug|Any CPU.ActiveCfg = Debug|Any CPU
		{5BA157C6-819B-46D0-A9E7-5A5D8DCD72C6}.Debug|Any CPU.Build.0 = Debug|Any CPU
		{5BA157C6-819B-46D0-A9E7-5A5D8DCD72C6}.Release|Any CPU.ActiveCfg = Release|Any CPU
		{5BA157C6-819B-46D0-A9E7-5A5D8DCD72C6}.Release|Any CPU.Build.0 = Release|Any CPU
		{F7883059-B90D-4C6C-95A9-F8E8BF381BE6}.Debug|Any CPU.ActiveCfg = Debug|Any CPU
		{F7883059-B90D-4C6C-95A9-F8E8BF381BE6}.Debug|Any CPU.Build.0 = Debug|Any CPU
		{F7883059-B90D-4C6C-95A9-F8E8BF381BE6}.Release|Any CPU.ActiveCfg = Release|Any CPU
		{F7883059-B90D-4C6C-95A9-F8E8BF381BE6}.Release|Any CPU.Build.0 = Release|Any CPU
		{9808AD56-61CE-4DBE-B63A-2E1FEFE893E8}.Debug|Any CPU.ActiveCfg = Debug|Any CPU
		{9808AD56-61CE-4DBE-B63A-2E1FEFE893E8}.Debug|Any CPU.Build.0 = Debug|Any CPU
		{9808AD56-61CE-4DBE-B63A-2E1FEFE893E8}.Release|Any CPU.ActiveCfg = Release|Any CPU
		{9808AD56-61CE-4DBE-B63A-2E1FEFE893E8}.Release|Any CPU.Build.0 = Release|Any CPU
		{4CDAAD08-A16A-4C06-AAA7-9FE4EEE94C79}.Debug|Any CPU.ActiveCfg = Debug|Any CPU
		{4CDAAD08-A16A-4C06-AAA7-9FE4EEE94C79}.Debug|Any CPU.Build.0 = Debug|Any CPU
		{4CDAAD08-A16A-4C06-AAA7-9FE4EEE94C79}.Release|Any CPU.ActiveCfg = Release|Any CPU
		{4CDAAD08-A16A-4C06-AAA7-9FE4EEE94C79}.Release|Any CPU.Build.0 = Release|Any CPU
		{11C9BE6B-9543-4DB4-9853-D57593EA7D06}.Debug|Any CPU.ActiveCfg = Debug|Any CPU
		{11C9BE6B-9543-4DB4-9853-D57593EA7D06}.Debug|Any CPU.Build.0 = Debug|Any CPU
		{11C9BE6B-9543-4DB4-9853-D57593EA7D06}.Release|Any CPU.ActiveCfg = Release|Any CPU
		{11C9BE6B-9543-4DB4-9853-D57593EA7D06}.Release|Any CPU.Build.0 = Release|Any CPU
		{30EC00A2-E16E-4AC1-B115-2906EDFD5DC1}.Debug|Any CPU.ActiveCfg = Debug|Any CPU
		{30EC00A2-E16E-4AC1-B115-2906EDFD5DC1}.Debug|Any CPU.Build.0 = Debug|Any CPU
		{30EC00A2-E16E-4AC1-B115-2906EDFD5DC1}.Release|Any CPU.ActiveCfg = Release|Any CPU
		{30EC00A2-E16E-4AC1-B115-2906EDFD5DC1}.Release|Any CPU.Build.0 = Release|Any CPU
		{CD281296-B86D-48EF-A980-CBF0476D7AB1}.Debug|Any CPU.ActiveCfg = Debug|Any CPU
		{CD281296-B86D-48EF-A980-CBF0476D7AB1}.Debug|Any CPU.Build.0 = Debug|Any CPU
		{CD281296-B86D-48EF-A980-CBF0476D7AB1}.Release|Any CPU.ActiveCfg = Release|Any CPU
		{CD281296-B86D-48EF-A980-CBF0476D7AB1}.Release|Any CPU.Build.0 = Release|Any CPU
		{85F7690F-3181-48B7-A3E3-93DDFDE82B51}.Debug|Any CPU.ActiveCfg = Debug|Any CPU
		{85F7690F-3181-48B7-A3E3-93DDFDE82B51}.Debug|Any CPU.Build.0 = Debug|Any CPU
		{85F7690F-3181-48B7-A3E3-93DDFDE82B51}.Release|Any CPU.ActiveCfg = Release|Any CPU
		{85F7690F-3181-48B7-A3E3-93DDFDE82B51}.Release|Any CPU.Build.0 = Release|Any CPU
		{4926E26C-2B1B-4085-A122-84F362F50018}.Debug|Any CPU.ActiveCfg = Debug|Any CPU
		{4926E26C-2B1B-4085-A122-84F362F50018}.Debug|Any CPU.Build.0 = Debug|Any CPU
		{4926E26C-2B1B-4085-A122-84F362F50018}.Release|Any CPU.ActiveCfg = Release|Any CPU
		{4926E26C-2B1B-4085-A122-84F362F50018}.Release|Any CPU.Build.0 = Release|Any CPU
		{9422C71F-9301-4410-A35E-A2FBF3B1E219}.Debug|Any CPU.ActiveCfg = Debug|Any CPU
		{9422C71F-9301-4410-A35E-A2FBF3B1E219}.Debug|Any CPU.Build.0 = Debug|Any CPU
		{9422C71F-9301-4410-A35E-A2FBF3B1E219}.Release|Any CPU.ActiveCfg = Release|Any CPU
		{9422C71F-9301-4410-A35E-A2FBF3B1E219}.Release|Any CPU.Build.0 = Release|Any CPU
		{E65A2FD9-81D4-4CAE-A80E-F6F7AFB8E00F}.Debug|Any CPU.ActiveCfg = Debug|Any CPU
		{E65A2FD9-81D4-4CAE-A80E-F6F7AFB8E00F}.Debug|Any CPU.Build.0 = Debug|Any CPU
		{E65A2FD9-81D4-4CAE-A80E-F6F7AFB8E00F}.Release|Any CPU.ActiveCfg = Release|Any CPU
		{E65A2FD9-81D4-4CAE-A80E-F6F7AFB8E00F}.Release|Any CPU.Build.0 = Release|Any CPU
		{5B9EF539-C4D1-4AC3-9192-DD047BBB45B9}.Debug|Any CPU.ActiveCfg = Debug|Any CPU
		{5B9EF539-C4D1-4AC3-9192-DD047BBB45B9}.Debug|Any CPU.Build.0 = Debug|Any CPU
		{5B9EF539-C4D1-4AC3-9192-DD047BBB45B9}.Release|Any CPU.ActiveCfg = Release|Any CPU
		{5B9EF539-C4D1-4AC3-9192-DD047BBB45B9}.Release|Any CPU.Build.0 = Release|Any CPU
		{FEFD473E-DB46-480E-98AA-AED67E31F526}.Debug|Any CPU.ActiveCfg = Debug|Any CPU
		{FEFD473E-DB46-480E-98AA-AED67E31F526}.Debug|Any CPU.Build.0 = Debug|Any CPU
		{FEFD473E-DB46-480E-98AA-AED67E31F526}.Release|Any CPU.ActiveCfg = Release|Any CPU
		{FEFD473E-DB46-480E-98AA-AED67E31F526}.Release|Any CPU.Build.0 = Release|Any CPU
		{9F1FC969-C413-47F8-BA8D-EDA474BECC68}.Debug|Any CPU.ActiveCfg = Debug|Any CPU
		{9F1FC969-C413-47F8-BA8D-EDA474BECC68}.Debug|Any CPU.Build.0 = Debug|Any CPU
		{9F1FC969-C413-47F8-BA8D-EDA474BECC68}.Release|Any CPU.ActiveCfg = Release|Any CPU
		{9F1FC969-C413-47F8-BA8D-EDA474BECC68}.Release|Any CPU.Build.0 = Release|Any CPU
		{849268EC-C7ED-4A30-BA5D-D473260D7BA1}.Debug|Any CPU.ActiveCfg = Debug|Any CPU
		{849268EC-C7ED-4A30-BA5D-D473260D7BA1}.Debug|Any CPU.Build.0 = Debug|Any CPU
		{849268EC-C7ED-4A30-BA5D-D473260D7BA1}.Release|Any CPU.ActiveCfg = Release|Any CPU
		{849268EC-C7ED-4A30-BA5D-D473260D7BA1}.Release|Any CPU.Build.0 = Release|Any CPU
		{E94E7052-A89E-4166-9E84-5A6F7F82902E}.Debug|Any CPU.ActiveCfg = Debug|Any CPU
		{E94E7052-A89E-4166-9E84-5A6F7F82902E}.Debug|Any CPU.Build.0 = Debug|Any CPU
		{E94E7052-A89E-4166-9E84-5A6F7F82902E}.Release|Any CPU.ActiveCfg = Release|Any CPU
		{E94E7052-A89E-4166-9E84-5A6F7F82902E}.Release|Any CPU.Build.0 = Release|Any CPU
		{E0124581-056D-42C6-8CAD-F57901E66292}.Debug|Any CPU.ActiveCfg = Debug|Any CPU
		{E0124581-056D-42C6-8CAD-F57901E66292}.Debug|Any CPU.Build.0 = Debug|Any CPU
		{E0124581-056D-42C6-8CAD-F57901E66292}.Release|Any CPU.ActiveCfg = Release|Any CPU
		{E0124581-056D-42C6-8CAD-F57901E66292}.Release|Any CPU.Build.0 = Release|Any CPU
		{47E570CB-1091-4688-93B6-82F0A07A93E5}.Debug|Any CPU.ActiveCfg = Debug|Any CPU
		{47E570CB-1091-4688-93B6-82F0A07A93E5}.Debug|Any CPU.Build.0 = Debug|Any CPU
		{47E570CB-1091-4688-93B6-82F0A07A93E5}.Release|Any CPU.ActiveCfg = Release|Any CPU
		{47E570CB-1091-4688-93B6-82F0A07A93E5}.Release|Any CPU.Build.0 = Release|Any CPU
		{90879C8A-98D0-4AE2-9A37-61754FA91F58}.Debug|Any CPU.ActiveCfg = Debug|Any CPU
		{90879C8A-98D0-4AE2-9A37-61754FA91F58}.Debug|Any CPU.Build.0 = Debug|Any CPU
		{90879C8A-98D0-4AE2-9A37-61754FA91F58}.Release|Any CPU.ActiveCfg = Release|Any CPU
		{90879C8A-98D0-4AE2-9A37-61754FA91F58}.Release|Any CPU.Build.0 = Release|Any CPU
		{0A027FA9-FD39-4CDB-949B-6DD5D0DC9068}.Debug|Any CPU.ActiveCfg = Debug|Any CPU
		{0A027FA9-FD39-4CDB-949B-6DD5D0DC9068}.Debug|Any CPU.Build.0 = Debug|Any CPU
		{0A027FA9-FD39-4CDB-949B-6DD5D0DC9068}.Release|Any CPU.ActiveCfg = Release|Any CPU
		{0A027FA9-FD39-4CDB-949B-6DD5D0DC9068}.Release|Any CPU.Build.0 = Release|Any CPU
		{82D747A3-3DC1-41C6-B956-81AC7BCFA87D}.Debug|Any CPU.ActiveCfg = Debug|Any CPU
		{82D747A3-3DC1-41C6-B956-81AC7BCFA87D}.Debug|Any CPU.Build.0 = Debug|Any CPU
		{82D747A3-3DC1-41C6-B956-81AC7BCFA87D}.Release|Any CPU.ActiveCfg = Release|Any CPU
		{82D747A3-3DC1-41C6-B956-81AC7BCFA87D}.Release|Any CPU.Build.0 = Release|Any CPU
		{5BF64A04-0BFA-4611-844B-395043F7F29A}.Debug|Any CPU.ActiveCfg = Debug|Any CPU
		{5BF64A04-0BFA-4611-844B-395043F7F29A}.Debug|Any CPU.Build.0 = Debug|Any CPU
		{5BF64A04-0BFA-4611-844B-395043F7F29A}.Release|Any CPU.ActiveCfg = Release|Any CPU
		{5BF64A04-0BFA-4611-844B-395043F7F29A}.Release|Any CPU.Build.0 = Release|Any CPU
	EndGlobalSection
	GlobalSection(SolutionProperties) = preSolution
		HideSolutionNode = FALSE
	EndGlobalSection
	GlobalSection(NestedProjects) = preSolution
		{AD0D63EC-9725-4417-BC22-89C9F49C29AE} = {57896F57-5BD3-4928-9C30-F2C76DBAA603}
		{50C98058-CD9A-414B-BFDA-E4EC43C70779} = {28C44F44-5352-492D-BCD2-1FA8C355C6EE}
		{AA3A3342-D8C8-416E-B066-079C00230774} = {57896F57-5BD3-4928-9C30-F2C76DBAA603}
		{FD0073ED-38E4-41B5-A9DF-66E3CD4CBA47} = {28C44F44-5352-492D-BCD2-1FA8C355C6EE}
		{5BA157C6-819B-46D0-A9E7-5A5D8DCD72C6} = {28C44F44-5352-492D-BCD2-1FA8C355C6EE}
		{F7883059-B90D-4C6C-95A9-F8E8BF381BE6} = {28C44F44-5352-492D-BCD2-1FA8C355C6EE}
		{9808AD56-61CE-4DBE-B63A-2E1FEFE893E8} = {57896F57-5BD3-4928-9C30-F2C76DBAA603}
		{4CDAAD08-A16A-4C06-AAA7-9FE4EEE94C79} = {B0075CE8-6AEA-4950-8B08-93E53293422D}
		{11C9BE6B-9543-4DB4-9853-D57593EA7D06} = {B0075CE8-6AEA-4950-8B08-93E53293422D}
		{30EC00A2-E16E-4AC1-B115-2906EDFD5DC1} = {B0075CE8-6AEA-4950-8B08-93E53293422D}
		{CD281296-B86D-48EF-A980-CBF0476D7AB1} = {CA3D8347-BED4-4096-BC9F-0AE7798F2023}
		{85F7690F-3181-48B7-A3E3-93DDFDE82B51} = {CA3D8347-BED4-4096-BC9F-0AE7798F2023}
		{4926E26C-2B1B-4085-A122-84F362F50018} = {CA3D8347-BED4-4096-BC9F-0AE7798F2023}
		{9422C71F-9301-4410-A35E-A2FBF3B1E219} = {B0075CE8-6AEA-4950-8B08-93E53293422D}
		{E65A2FD9-81D4-4CAE-A80E-F6F7AFB8E00F} = {28C44F44-5352-492D-BCD2-1FA8C355C6EE}
		{5B9EF539-C4D1-4AC3-9192-DD047BBB45B9} = {88786D5A-18D2-4326-89C5-5D053178D507}
		{FEFD473E-DB46-480E-98AA-AED67E31F526} = {57896F57-5BD3-4928-9C30-F2C76DBAA603}
		{9F1FC969-C413-47F8-BA8D-EDA474BECC68} = {ECD1AB23-3A13-4197-82B4-C481C0F3547A}
		{849268EC-C7ED-4A30-BA5D-D473260D7BA1} = {ECD1AB23-3A13-4197-82B4-C481C0F3547A}
		{E94E7052-A89E-4166-9E84-5A6F7F82902E} = {ECD1AB23-3A13-4197-82B4-C481C0F3547A}
		{E0124581-056D-42C6-8CAD-F57901E66292} = {28C44F44-5352-492D-BCD2-1FA8C355C6EE}
		{47E570CB-1091-4688-93B6-82F0A07A93E5} = {28C44F44-5352-492D-BCD2-1FA8C355C6EE}
		{90879C8A-98D0-4AE2-9A37-61754FA91F58} = {2FA71608-ABA6-4CC1-A604-E285003C1FD0}
		{0A027FA9-FD39-4CDB-949B-6DD5D0DC9068} = {2FA71608-ABA6-4CC1-A604-E285003C1FD0}
		{82D747A3-3DC1-41C6-B956-81AC7BCFA87D} = {88786D5A-18D2-4326-89C5-5D053178D507}
		{5BF64A04-0BFA-4611-844B-395043F7F29A} = {88786D5A-18D2-4326-89C5-5D053178D507}
	EndGlobalSection
	GlobalSection(ExtensibilityGlobals) = postSolution
		SolutionGuid = {90D2B44B-F81C-4848-93CE-FB6A1975D6F6}
	EndGlobalSection
EndGlobal
