
Microsoft Visual Studio Solution File, Format Version 12.00
# Visual Studio Version 17
VisualStudioVersion = 17.0.31903.59
MinimumVisualStudioVersion = 10.0.40219.1
Project("{2150E333-8FDC-42A3-9474-1A3956D46DE8}") = "CSharp语言的新特性", "CSharp语言的新特性", "{88E76BF4-C23E-432E-AF45-E6A6E4A3A815}"
EndProject
Project("{FAE04EC0-301F-11D3-BF4B-00C04F79EFBC}") = "顶级语句", "顶级语句\顶级语句.csproj", "{7BB6959E-403F-4BCC-95CC-B0861E837403}"
EndProject
Project("{FAE04EC0-301F-11D3-BF4B-00C04F79EFBC}") = "旧的using释放资源", "旧的using释放资源\旧的using释放资源.csproj", "{35B35525-5201-466D-9D8F-6D2DB2216D89}"
EndProject
Project("{FAE04EC0-301F-11D3-BF4B-00C04F79EFBC}") = "using声明新语法", "using声明新语法\using声明新语法.csproj", "{5DC4669D-6370-4477-B029-4478CE69260C}"
EndProject
Project("{FAE04EC0-301F-11D3-BF4B-00C04F79EFBC}") = "using的陷阱", "using的陷阱\using的陷阱.csproj", "{FF457764-6F98-4107-AF50-2354B630EE83}"
EndProject
Project("{FAE04EC0-301F-11D3-BF4B-00C04F79EFBC}") = "简化的命名空间声明", "简化的命名空间声明\简化的命名空间声明.csproj", "{AAAB4AD8-D4A5-48B0-930D-84AE6DD5E921}"
EndProject
Project("{FAE04EC0-301F-11D3-BF4B-00C04F79EFBC}") = "可空引用类型1", "可空引用类型1\可空引用类型1.csproj", "{75695BF2-7C8A-4EE7-A500-CC5699DD14C6}"
EndProject
Project("{FAE04EC0-301F-11D3-BF4B-00C04F79EFBC}") = "可空引用类型2", "可空引用类型2\可空引用类型2.csproj", "{F35A9127-EE73-4045-86C0-46B4DD5B9998}"
EndProject
Project("{FAE04EC0-301F-11D3-BF4B-00C04F79EFBC}") = "记录类型1", "记录类型1\记录类型1.csproj", "{EBA31960-5631-433D-BEAA-A2BA0B98C3D0}"
EndProject
Project("{FAE04EC0-301F-11D3-BF4B-00C04F79EFBC}") = "记录类型2", "记录类型2\记录类型2.csproj", "{FDB1B018-3E7B-4A8B-8638-92600DD23D97}"
EndProject
Project("{FAE04EC0-301F-11D3-BF4B-00C04F79EFBC}") = "记录类型3", "记录类型3\记录类型3.csproj", "{269D00B3-BDAB-4409-AA2F-4AD3146DA559}"
EndProject
Project("{2150E333-8FDC-42A3-9474-1A3956D46DE8}") = "异步编程", "异步编程", "{DB97A5CB-81A4-4885-BF74-CBB08B86E075}"
EndProject
Project("{FAE04EC0-301F-11D3-BF4B-00C04F79EFBC}") = "异步的基本使用", "异步的基本使用\异步的基本使用.csproj", "{191155B6-A310-449A-9C6D-2D2DF4A4D6F7}"
EndProject
Project("{FAE04EC0-301F-11D3-BF4B-00C04F79EFBC}") = "编写异步方法", "编写异步方法\编写异步方法.csproj", "{3F902108-C455-4890-A3C6-B6CB59BE8597}"
EndProject
Project("{FAE04EC0-301F-11D3-BF4B-00C04F79EFBC}") = "异步编程原理", "异步编程原理\异步编程原理.csproj", "{DF39C6F0-5DE6-4DD0-96CC-3E7B4B56C1FF}"
EndProject
Project("{FAE04EC0-301F-11D3-BF4B-00C04F79EFBC}") = "async背后的线程切换", "async背后的线程切换\async背后的线程切换.csproj", "{09FDA9BF-49BC-4E97-ADFA-854EF708EEEA}"
EndProject
Project("{FAE04EC0-301F-11D3-BF4B-00C04F79EFBC}") = "异步方法不等于多线程", "异步方法不等于多线程\异步方法不等于多线程.csproj", "{14F38C41-8AEF-4857-AA7A-72CC63A941AE}"
EndProject
Project("{FAE04EC0-301F-11D3-BF4B-00C04F79EFBC}") = "不用async的异步方法", "不用async的异步方法\不用async的异步方法.csproj", "{FD039696-2AD7-42B0-A259-96CF2EE32308}"
EndProject
Project("{FAE04EC0-301F-11D3-BF4B-00C04F79EFBC}") = "手动创建Task对象", "手动创建Task对象\手动创建Task对象.csproj", "{987C3AFD-06D5-4AD0-949F-CBCC74D52533}"
EndProject
Project("{FAE04EC0-301F-11D3-BF4B-00C04F79EFBC}") = "异步的暂停", "异步的暂停\异步的暂停.csproj", "{9AF5C6C0-042C-42F0-BAD4-77A257B89563}"
EndProject
Project("{FAE04EC0-301F-11D3-BF4B-00C04F79EFBC}") = "同时等待多个Task", "同时等待多个Task\同时等待多个Task.csproj", "{9D8BE22D-B61C-455B-A56A-EDE41CF6F07A}"
EndProject
Project("{2150E333-8FDC-42A3-9474-1A3956D46DE8}") = "LINQ", "LINQ", "{969B8260-FAA3-4B4C-8BFF-137A3A4BC627}"
EndProject
Project("{FAE04EC0-301F-11D3-BF4B-00C04F79EFBC}") = "委托的用法", "委托的用法\委托的用法.csproj", "{2BA2AF74-053F-461C-9008-E3706E4F13F0}"
EndProject
Project("{FAE04EC0-301F-11D3-BF4B-00C04F79EFBC}") = "MyWhere的实现", "MyWhere的实现\MyWhere的实现.csproj", "{F43258D9-0BB9-4E1C-B806-99BF2395AF23}"
EndProject
Project("{FAE04EC0-301F-11D3-BF4B-00C04F79EFBC}") = "常用集合扩展方法", "常用集合扩展方法\常用集合扩展方法.csproj", "{1637FDAA-B78E-45C7-8EFE-41528A31D328}"
EndProject
Global
	GlobalSection(SolutionConfigurationPlatforms) = preSolution
		Debug|Any CPU = Debug|Any CPU
		Release|Any CPU = Release|Any CPU
	EndGlobalSection
	GlobalSection(ProjectConfigurationPlatforms) = postSolution
		{7BB6959E-403F-4BCC-95CC-B0861E837403}.Debug|Any CPU.ActiveCfg = Debug|Any CPU
		{7BB6959E-403F-4BCC-95CC-B0861E837403}.Debug|Any CPU.Build.0 = Debug|Any CPU
		{7BB6959E-403F-4BCC-95CC-B0861E837403}.Release|Any CPU.ActiveCfg = Release|Any CPU
		{7BB6959E-403F-4BCC-95CC-B0861E837403}.Release|Any CPU.Build.0 = Release|Any CPU
		{35B35525-5201-466D-9D8F-6D2DB2216D89}.Debug|Any CPU.ActiveCfg = Debug|Any CPU
		{35B35525-5201-466D-9D8F-6D2DB2216D89}.Debug|Any CPU.Build.0 = Debug|Any CPU
		{35B35525-5201-466D-9D8F-6D2DB2216D89}.Release|Any CPU.ActiveCfg = Release|Any CPU
		{35B35525-5201-466D-9D8F-6D2DB2216D89}.Release|Any CPU.Build.0 = Release|Any CPU
		{5DC4669D-6370-4477-B029-4478CE69260C}.Debug|Any CPU.ActiveCfg = Debug|Any CPU
		{5DC4669D-6370-4477-B029-4478CE69260C}.Debug|Any CPU.Build.0 = Debug|Any CPU
		{5DC4669D-6370-4477-B029-4478CE69260C}.Release|Any CPU.ActiveCfg = Release|Any CPU
		{5DC4669D-6370-4477-B029-4478CE69260C}.Release|Any CPU.Build.0 = Release|Any CPU
		{FF457764-6F98-4107-AF50-2354B630EE83}.Debug|Any CPU.ActiveCfg = Debug|Any CPU
		{FF457764-6F98-4107-AF50-2354B630EE83}.Debug|Any CPU.Build.0 = Debug|Any CPU
		{FF457764-6F98-4107-AF50-2354B630EE83}.Release|Any CPU.ActiveCfg = Release|Any CPU
		{FF457764-6F98-4107-AF50-2354B630EE83}.Release|Any CPU.Build.0 = Release|Any CPU
		{AAAB4AD8-D4A5-48B0-930D-84AE6DD5E921}.Debug|Any CPU.ActiveCfg = Debug|Any CPU
		{AAAB4AD8-D4A5-48B0-930D-84AE6DD5E921}.Debug|Any CPU.Build.0 = Debug|Any CPU
		{AAAB4AD8-D4A5-48B0-930D-84AE6DD5E921}.Release|Any CPU.ActiveCfg = Release|Any CPU
		{AAAB4AD8-D4A5-48B0-930D-84AE6DD5E921}.Release|Any CPU.Build.0 = Release|Any CPU
		{75695BF2-7C8A-4EE7-A500-CC5699DD14C6}.Debug|Any CPU.ActiveCfg = Debug|Any CPU
		{75695BF2-7C8A-4EE7-A500-CC5699DD14C6}.Debug|Any CPU.Build.0 = Debug|Any CPU
		{75695BF2-7C8A-4EE7-A500-CC5699DD14C6}.Release|Any CPU.ActiveCfg = Release|Any CPU
		{75695BF2-7C8A-4EE7-A500-CC5699DD14C6}.Release|Any CPU.Build.0 = Release|Any CPU
		{F35A9127-EE73-4045-86C0-46B4DD5B9998}.Debug|Any CPU.ActiveCfg = Debug|Any CPU
		{F35A9127-EE73-4045-86C0-46B4DD5B9998}.Debug|Any CPU.Build.0 = Debug|Any CPU
		{F35A9127-EE73-4045-86C0-46B4DD5B9998}.Release|Any CPU.ActiveCfg = Release|Any CPU
		{F35A9127-EE73-4045-86C0-46B4DD5B9998}.Release|Any CPU.Build.0 = Release|Any CPU
		{EBA31960-5631-433D-BEAA-A2BA0B98C3D0}.Debug|Any CPU.ActiveCfg = Debug|Any CPU
		{EBA31960-5631-433D-BEAA-A2BA0B98C3D0}.Debug|Any CPU.Build.0 = Debug|Any CPU
		{EBA31960-5631-433D-BEAA-A2BA0B98C3D0}.Release|Any CPU.ActiveCfg = Release|Any CPU
		{EBA31960-5631-433D-BEAA-A2BA0B98C3D0}.Release|Any CPU.Build.0 = Release|Any CPU
		{FDB1B018-3E7B-4A8B-8638-92600DD23D97}.Debug|Any CPU.ActiveCfg = Debug|Any CPU
		{FDB1B018-3E7B-4A8B-8638-92600DD23D97}.Debug|Any CPU.Build.0 = Debug|Any CPU
		{FDB1B018-3E7B-4A8B-8638-92600DD23D97}.Release|Any CPU.ActiveCfg = Release|Any CPU
		{FDB1B018-3E7B-4A8B-8638-92600DD23D97}.Release|Any CPU.Build.0 = Release|Any CPU
		{269D00B3-BDAB-4409-AA2F-4AD3146DA559}.Debug|Any CPU.ActiveCfg = Debug|Any CPU
		{269D00B3-BDAB-4409-AA2F-4AD3146DA559}.Debug|Any CPU.Build.0 = Debug|Any CPU
		{269D00B3-BDAB-4409-AA2F-4AD3146DA559}.Release|Any CPU.ActiveCfg = Release|Any CPU
		{269D00B3-BDAB-4409-AA2F-4AD3146DA559}.Release|Any CPU.Build.0 = Release|Any CPU
		{191155B6-A310-449A-9C6D-2D2DF4A4D6F7}.Debug|Any CPU.ActiveCfg = Debug|Any CPU
		{191155B6-A310-449A-9C6D-2D2DF4A4D6F7}.Debug|Any CPU.Build.0 = Debug|Any CPU
		{191155B6-A310-449A-9C6D-2D2DF4A4D6F7}.Release|Any CPU.ActiveCfg = Release|Any CPU
		{191155B6-A310-449A-9C6D-2D2DF4A4D6F7}.Release|Any CPU.Build.0 = Release|Any CPU
		{3F902108-C455-4890-A3C6-B6CB59BE8597}.Debug|Any CPU.ActiveCfg = Debug|Any CPU
		{3F902108-C455-4890-A3C6-B6CB59BE8597}.Debug|Any CPU.Build.0 = Debug|Any CPU
		{3F902108-C455-4890-A3C6-B6CB59BE8597}.Release|Any CPU.ActiveCfg = Release|Any CPU
		{3F902108-C455-4890-A3C6-B6CB59BE8597}.Release|Any CPU.Build.0 = Release|Any CPU
		{DF39C6F0-5DE6-4DD0-96CC-3E7B4B56C1FF}.Debug|Any CPU.ActiveCfg = Debug|Any CPU
		{DF39C6F0-5DE6-4DD0-96CC-3E7B4B56C1FF}.Debug|Any CPU.Build.0 = Debug|Any CPU
		{DF39C6F0-5DE6-4DD0-96CC-3E7B4B56C1FF}.Release|Any CPU.ActiveCfg = Release|Any CPU
		{DF39C6F0-5DE6-4DD0-96CC-3E7B4B56C1FF}.Release|Any CPU.Build.0 = Release|Any CPU
		{09FDA9BF-49BC-4E97-ADFA-854EF708EEEA}.Debug|Any CPU.ActiveCfg = Debug|Any CPU
		{09FDA9BF-49BC-4E97-ADFA-854EF708EEEA}.Debug|Any CPU.Build.0 = Debug|Any CPU
		{09FDA9BF-49BC-4E97-ADFA-854EF708EEEA}.Release|Any CPU.ActiveCfg = Release|Any CPU
		{09FDA9BF-49BC-4E97-ADFA-854EF708EEEA}.Release|Any CPU.Build.0 = Release|Any CPU
		{14F38C41-8AEF-4857-AA7A-72CC63A941AE}.Debug|Any CPU.ActiveCfg = Debug|Any CPU
		{14F38C41-8AEF-4857-AA7A-72CC63A941AE}.Debug|Any CPU.Build.0 = Debug|Any CPU
		{14F38C41-8AEF-4857-AA7A-72CC63A941AE}.Release|Any CPU.ActiveCfg = Release|Any CPU
		{14F38C41-8AEF-4857-AA7A-72CC63A941AE}.Release|Any CPU.Build.0 = Release|Any CPU
		{FD039696-2AD7-42B0-A259-96CF2EE32308}.Debug|Any CPU.ActiveCfg = Debug|Any CPU
		{FD039696-2AD7-42B0-A259-96CF2EE32308}.Debug|Any CPU.Build.0 = Debug|Any CPU
		{FD039696-2AD7-42B0-A259-96CF2EE32308}.Release|Any CPU.ActiveCfg = Release|Any CPU
		{FD039696-2AD7-42B0-A259-96CF2EE32308}.Release|Any CPU.Build.0 = Release|Any CPU
		{987C3AFD-06D5-4AD0-949F-CBCC74D52533}.Debug|Any CPU.ActiveCfg = Debug|Any CPU
		{987C3AFD-06D5-4AD0-949F-CBCC74D52533}.Debug|Any CPU.Build.0 = Debug|Any CPU
		{987C3AFD-06D5-4AD0-949F-CBCC74D52533}.Release|Any CPU.ActiveCfg = Release|Any CPU
		{987C3AFD-06D5-4AD0-949F-CBCC74D52533}.Release|Any CPU.Build.0 = Release|Any CPU
		{9AF5C6C0-042C-42F0-BAD4-77A257B89563}.Debug|Any CPU.ActiveCfg = Debug|Any CPU
		{9AF5C6C0-042C-42F0-BAD4-77A257B89563}.Debug|Any CPU.Build.0 = Debug|Any CPU
		{9AF5C6C0-042C-42F0-BAD4-77A257B89563}.Release|Any CPU.ActiveCfg = Release|Any CPU
		{9AF5C6C0-042C-42F0-BAD4-77A257B89563}.Release|Any CPU.Build.0 = Release|Any CPU
		{9D8BE22D-B61C-455B-A56A-EDE41CF6F07A}.Debug|Any CPU.ActiveCfg = Debug|Any CPU
		{9D8BE22D-B61C-455B-A56A-EDE41CF6F07A}.Debug|Any CPU.Build.0 = Debug|Any CPU
		{9D8BE22D-B61C-455B-A56A-EDE41CF6F07A}.Release|Any CPU.ActiveCfg = Release|Any CPU
		{9D8BE22D-B61C-455B-A56A-EDE41CF6F07A}.Release|Any CPU.Build.0 = Release|Any CPU
		{2BA2AF74-053F-461C-9008-E3706E4F13F0}.Debug|Any CPU.ActiveCfg = Debug|Any CPU
		{2BA2AF74-053F-461C-9008-E3706E4F13F0}.Debug|Any CPU.Build.0 = Debug|Any CPU
		{2BA2AF74-053F-461C-9008-E3706E4F13F0}.Release|Any CPU.ActiveCfg = Release|Any CPU
		{2BA2AF74-053F-461C-9008-E3706E4F13F0}.Release|Any CPU.Build.0 = Release|Any CPU
		{F43258D9-0BB9-4E1C-B806-99BF2395AF23}.Debug|Any CPU.ActiveCfg = Debug|Any CPU
		{F43258D9-0BB9-4E1C-B806-99BF2395AF23}.Debug|Any CPU.Build.0 = Debug|Any CPU
		{F43258D9-0BB9-4E1C-B806-99BF2395AF23}.Release|Any CPU.ActiveCfg = Release|Any CPU
		{F43258D9-0BB9-4E1C-B806-99BF2395AF23}.Release|Any CPU.Build.0 = Release|Any CPU
		{1637FDAA-B78E-45C7-8EFE-41528A31D328}.Debug|Any CPU.ActiveCfg = Debug|Any CPU
		{1637FDAA-B78E-45C7-8EFE-41528A31D328}.Debug|Any CPU.Build.0 = Debug|Any CPU
		{1637FDAA-B78E-45C7-8EFE-41528A31D328}.Release|Any CPU.ActiveCfg = Release|Any CPU
		{1637FDAA-B78E-45C7-8EFE-41528A31D328}.Release|Any CPU.Build.0 = Release|Any CPU
	EndGlobalSection
	GlobalSection(SolutionProperties) = preSolution
		HideSolutionNode = FALSE
	EndGlobalSection
	GlobalSection(NestedProjects) = preSolution
		{7BB6959E-403F-4BCC-95CC-B0861E837403} = {88E76BF4-C23E-432E-AF45-E6A6E4A3A815}
		{35B35525-5201-466D-9D8F-6D2DB2216D89} = {88E76BF4-C23E-432E-AF45-E6A6E4A3A815}
		{5DC4669D-6370-4477-B029-4478CE69260C} = {88E76BF4-C23E-432E-AF45-E6A6E4A3A815}
		{FF457764-6F98-4107-AF50-2354B630EE83} = {88E76BF4-C23E-432E-AF45-E6A6E4A3A815}
		{AAAB4AD8-D4A5-48B0-930D-84AE6DD5E921} = {88E76BF4-C23E-432E-AF45-E6A6E4A3A815}
		{75695BF2-7C8A-4EE7-A500-CC5699DD14C6} = {88E76BF4-C23E-432E-AF45-E6A6E4A3A815}
		{F35A9127-EE73-4045-86C0-46B4DD5B9998} = {88E76BF4-C23E-432E-AF45-E6A6E4A3A815}
		{EBA31960-5631-433D-BEAA-A2BA0B98C3D0} = {88E76BF4-C23E-432E-AF45-E6A6E4A3A815}
		{FDB1B018-3E7B-4A8B-8638-92600DD23D97} = {88E76BF4-C23E-432E-AF45-E6A6E4A3A815}
		{269D00B3-BDAB-4409-AA2F-4AD3146DA559} = {88E76BF4-C23E-432E-AF45-E6A6E4A3A815}
		{191155B6-A310-449A-9C6D-2D2DF4A4D6F7} = {DB97A5CB-81A4-4885-BF74-CBB08B86E075}
		{3F902108-C455-4890-A3C6-B6CB59BE8597} = {DB97A5CB-81A4-4885-BF74-CBB08B86E075}
		{DF39C6F0-5DE6-4DD0-96CC-3E7B4B56C1FF} = {DB97A5CB-81A4-4885-BF74-CBB08B86E075}
		{09FDA9BF-49BC-4E97-ADFA-854EF708EEEA} = {DB97A5CB-81A4-4885-BF74-CBB08B86E075}
		{14F38C41-8AEF-4857-AA7A-72CC63A941AE} = {DB97A5CB-81A4-4885-BF74-CBB08B86E075}
		{FD039696-2AD7-42B0-A259-96CF2EE32308} = {DB97A5CB-81A4-4885-BF74-CBB08B86E075}
		{987C3AFD-06D5-4AD0-949F-CBCC74D52533} = {DB97A5CB-81A4-4885-BF74-CBB08B86E075}
		{9AF5C6C0-042C-42F0-BAD4-77A257B89563} = {DB97A5CB-81A4-4885-BF74-CBB08B86E075}
		{9D8BE22D-B61C-455B-A56A-EDE41CF6F07A} = {DB97A5CB-81A4-4885-BF74-CBB08B86E075}
		{2BA2AF74-053F-461C-9008-E3706E4F13F0} = {969B8260-FAA3-4B4C-8BFF-137A3A4BC627}
		{F43258D9-0BB9-4E1C-B806-99BF2395AF23} = {969B8260-FAA3-4B4C-8BFF-137A3A4BC627}
		{1637FDAA-B78E-45C7-8EFE-41528A31D328} = {969B8260-FAA3-4B4C-8BFF-137A3A4BC627}
	EndGlobalSection
	GlobalSection(ExtensibilityGlobals) = postSolution
		SolutionGuid = {46196820-E689-4608-9D3E-B53DF6F4FB6F}
	EndGlobalSection
EndGlobal
