
Microsoft Visual Studio Solution File, Format Version 12.00
# Visual Studio Version 17
VisualStudioVersion = 17.0.31903.59
MinimumVisualStudioVersion = 10.0.40219.1
Project("{FAE04EC0-301F-11D3-BF4B-00C04F79EFBC}") = "服务注入1", "服务注入1\服务注入1.csproj", "{64155310-81B8-43C6-AC58-82EC28B17143}"
EndProject
Project("{FAE04EC0-301F-11D3-BF4B-00C04F79EFBC}") = "模块化服务注册框架", "模块化服务注册框架\模块化服务注册框架.csproj", "{F77EB47E-A3BB-45B6-89F2-3F2E7D7F8717}"
EndProject
Project("{2150E333-8FDC-42A3-9474-1A3956D46DE8}") = "模块化服务注册", "模块化服务注册", "{7C7B90A4-0663-450C-8547-01D4E2764563}"
EndProject
Project("{FAE04EC0-301F-11D3-BF4B-00C04F79EFBC}") = "例子服务接口1", "例子服务接口1\例子服务接口1.csproj", "{01A0555B-7AE6-46D5-A40A-895AF10235FD}"
EndProject
Project("{FAE04EC0-301F-11D3-BF4B-00C04F79EFBC}") = "例子服务实现1", "例子服务实现1\例子服务实现1.csproj", "{131A7661-2F59-4E10-B2BB-592E1287BB0A}"
EndProject
Project("{FAE04EC0-301F-11D3-BF4B-00C04F79EFBC}") = "例子服务实现2", "例子服务实现2\例子服务实现2.csproj", "{EECF27FC-B89F-41F6-AEA9-720C45F85607}"
EndProject
Project("{FAE04EC0-301F-11D3-BF4B-00C04F79EFBC}") = "模块化测试程序1", "模块化测试程序1\模块化测试程序1.csproj", "{6F80361E-CBEC-4DBC-8460-D4D6D5EBEF58}"
EndProject
Project("{FAE04EC0-301F-11D3-BF4B-00C04F79EFBC}") = "模块化MSTest", "模块化MSTest\模块化MSTest.csproj", "{09F49509-5764-40CF-910E-A1AC7EDBD24D}"
EndProject
Global
	GlobalSection(SolutionConfigurationPlatforms) = preSolution
		Debug|Any CPU = Debug|Any CPU
		Release|Any CPU = Release|Any CPU
	EndGlobalSection
	GlobalSection(ProjectConfigurationPlatforms) = postSolution
		{64155310-81B8-43C6-AC58-82EC28B17143}.Debug|Any CPU.ActiveCfg = Debug|Any CPU
		{64155310-81B8-43C6-AC58-82EC28B17143}.Debug|Any CPU.Build.0 = Debug|Any CPU
		{64155310-81B8-43C6-AC58-82EC28B17143}.Release|Any CPU.ActiveCfg = Release|Any CPU
		{64155310-81B8-43C6-AC58-82EC28B17143}.Release|Any CPU.Build.0 = Release|Any CPU
		{F77EB47E-A3BB-45B6-89F2-3F2E7D7F8717}.Debug|Any CPU.ActiveCfg = Debug|Any CPU
		{F77EB47E-A3BB-45B6-89F2-3F2E7D7F8717}.Debug|Any CPU.Build.0 = Debug|Any CPU
		{F77EB47E-A3BB-45B6-89F2-3F2E7D7F8717}.Release|Any CPU.ActiveCfg = Release|Any CPU
		{F77EB47E-A3BB-45B6-89F2-3F2E7D7F8717}.Release|Any CPU.Build.0 = Release|Any CPU
		{01A0555B-7AE6-46D5-A40A-895AF10235FD}.Debug|Any CPU.ActiveCfg = Debug|Any CPU
		{01A0555B-7AE6-46D5-A40A-895AF10235FD}.Debug|Any CPU.Build.0 = Debug|Any CPU
		{01A0555B-7AE6-46D5-A40A-895AF10235FD}.Release|Any CPU.ActiveCfg = Release|Any CPU
		{01A0555B-7AE6-46D5-A40A-895AF10235FD}.Release|Any CPU.Build.0 = Release|Any CPU
		{131A7661-2F59-4E10-B2BB-592E1287BB0A}.Debug|Any CPU.ActiveCfg = Debug|Any CPU
		{131A7661-2F59-4E10-B2BB-592E1287BB0A}.Debug|Any CPU.Build.0 = Debug|Any CPU
		{131A7661-2F59-4E10-B2BB-592E1287BB0A}.Release|Any CPU.ActiveCfg = Release|Any CPU
		{131A7661-2F59-4E10-B2BB-592E1287BB0A}.Release|Any CPU.Build.0 = Release|Any CPU
		{EECF27FC-B89F-41F6-AEA9-720C45F85607}.Debug|Any CPU.ActiveCfg = Debug|Any CPU
		{EECF27FC-B89F-41F6-AEA9-720C45F85607}.Debug|Any CPU.Build.0 = Debug|Any CPU
		{EECF27FC-B89F-41F6-AEA9-720C45F85607}.Release|Any CPU.ActiveCfg = Release|Any CPU
		{EECF27FC-B89F-41F6-AEA9-720C45F85607}.Release|Any CPU.Build.0 = Release|Any CPU
		{6F80361E-CBEC-4DBC-8460-D4D6D5EBEF58}.Debug|Any CPU.ActiveCfg = Debug|Any CPU
		{6F80361E-CBEC-4DBC-8460-D4D6D5EBEF58}.Debug|Any CPU.Build.0 = Debug|Any CPU
		{6F80361E-CBEC-4DBC-8460-D4D6D5EBEF58}.Release|Any CPU.ActiveCfg = Release|Any CPU
		{6F80361E-CBEC-4DBC-8460-D4D6D5EBEF58}.Release|Any CPU.Build.0 = Release|Any CPU
		{09F49509-5764-40CF-910E-A1AC7EDBD24D}.Debug|Any CPU.ActiveCfg = Debug|Any CPU
		{09F49509-5764-40CF-910E-A1AC7EDBD24D}.Debug|Any CPU.Build.0 = Debug|Any CPU
		{09F49509-5764-40CF-910E-A1AC7EDBD24D}.Release|Any CPU.ActiveCfg = Release|Any CPU
		{09F49509-5764-40CF-910E-A1AC7EDBD24D}.Release|Any CPU.Build.0 = Release|Any CPU
	EndGlobalSection
	GlobalSection(SolutionProperties) = preSolution
		HideSolutionNode = FALSE
	EndGlobalSection
	GlobalSection(NestedProjects) = preSolution
		{F77EB47E-A3BB-45B6-89F2-3F2E7D7F8717} = {7C7B90A4-0663-450C-8547-01D4E2764563}
		{01A0555B-7AE6-46D5-A40A-895AF10235FD} = {7C7B90A4-0663-450C-8547-01D4E2764563}
		{131A7661-2F59-4E10-B2BB-592E1287BB0A} = {7C7B90A4-0663-450C-8547-01D4E2764563}
		{EECF27FC-B89F-41F6-AEA9-720C45F85607} = {7C7B90A4-0663-450C-8547-01D4E2764563}
		{6F80361E-CBEC-4DBC-8460-D4D6D5EBEF58} = {7C7B90A4-0663-450C-8547-01D4E2764563}
		{09F49509-5764-40CF-910E-A1AC7EDBD24D} = {7C7B90A4-0663-450C-8547-01D4E2764563}
	EndGlobalSection
	GlobalSection(ExtensibilityGlobals) = postSolution
		SolutionGuid = {A91AAEA9-15AC-41AD-A1E4-A445447BE325}
	EndGlobalSection
EndGlobal
