
Microsoft Visual Studio Solution File, Format Version 12.00
# Visual Studio Version 17
VisualStudioVersion = 17.0.31903.59
MinimumVisualStudioVersion = 10.0.40219.1
Project("{2150E333-8FDC-42A3-9474-1A3956D46DE8}") = "依赖注入", "依赖注入", "{B9E0AB53-F85E-4B4E-95A7-A8D196F1197D}"
EndProject
Project("{FAE04EC0-301F-11D3-BF4B-00C04F79EFBC}") = "服务注入1", "服务注入1\服务注入1.csproj", "{64155310-81B8-43C6-AC58-82EC28B17143}"
EndProject
Project("{FAE04EC0-301F-11D3-BF4B-00C04F79EFBC}") = "模块化服务注册框架", "模块化服务注册框架\模块化服务注册框架.csproj", "{F77EB47E-A3BB-45B6-89F2-3F2E7D7F8717}"
EndProject
Project("{FAE04EC0-301F-11D3-BF4B-00C04F79EFBC}") = "提供服务的项目", "提供服务的项目\提供服务的项目.csproj", "{921F147E-D7A8-4179-94F1-9F68654E5729}"
EndProject
Global
	GlobalSection(SolutionConfigurationPlatforms) = preSolution
		Debug|Any CPU = Debug|Any CPU
		Release|Any CPU = Release|Any CPU
	EndGlobalSection
	GlobalSection(ProjectConfigurationPlatforms) = postSolution
		{64155310-81B8-43C6-AC58-82EC28B17143}.Debug|Any CPU.ActiveCfg = Debug|Any CPU
		{64155310-81B8-43C6-AC58-82EC28B17143}.Debug|Any CPU.Build.0 = Debug|Any CPU
		{64155310-81B8-43C6-AC58-82EC28B17143}.Release|Any CPU.ActiveCfg = Release|Any CPU
		{64155310-81B8-43C6-AC58-82EC28B17143}.Release|Any CPU.Build.0 = Release|Any CPU
		{F77EB47E-A3BB-45B6-89F2-3F2E7D7F8717}.Debug|Any CPU.ActiveCfg = Debug|Any CPU
		{F77EB47E-A3BB-45B6-89F2-3F2E7D7F8717}.Debug|Any CPU.Build.0 = Debug|Any CPU
		{F77EB47E-A3BB-45B6-89F2-3F2E7D7F8717}.Release|Any CPU.ActiveCfg = Release|Any CPU
		{F77EB47E-A3BB-45B6-89F2-3F2E7D7F8717}.Release|Any CPU.Build.0 = Release|Any CPU
		{921F147E-D7A8-4179-94F1-9F68654E5729}.Debug|Any CPU.ActiveCfg = Debug|Any CPU
		{921F147E-D7A8-4179-94F1-9F68654E5729}.Debug|Any CPU.Build.0 = Debug|Any CPU
		{921F147E-D7A8-4179-94F1-9F68654E5729}.Release|Any CPU.ActiveCfg = Release|Any CPU
		{921F147E-D7A8-4179-94F1-9F68654E5729}.Release|Any CPU.Build.0 = Release|Any CPU
	EndGlobalSection
	GlobalSection(SolutionProperties) = preSolution
		HideSolutionNode = FALSE
	EndGlobalSection
	GlobalSection(NestedProjects) = preSolution
		{64155310-81B8-43C6-AC58-82EC28B17143} = {B9E0AB53-F85E-4B4E-95A7-A8D196F1197D}
		{F77EB47E-A3BB-45B6-89F2-3F2E7D7F8717} = {B9E0AB53-F85E-4B4E-95A7-A8D196F1197D}
		{921F147E-D7A8-4179-94F1-9F68654E5729} = {B9E0AB53-F85E-4B4E-95A7-A8D196F1197D}
	EndGlobalSection
	GlobalSection(ExtensibilityGlobals) = postSolution
		SolutionGuid = {A91AAEA9-15AC-41AD-A1E4-A445447BE325}
	EndGlobalSection
EndGlobal
