
Microsoft Visual Studio Solution File, Format Version 12.00
# Visual Studio Version 17
VisualStudioVersion = 17.0.31903.59
MinimumVisualStudioVersion = 10.0.40219.1
Project("{9A19103F-16F7-4668-BE54-9A1E7A4F7556}") = "服务注入1", "服务注入1\服务注入1.csproj", "{64155310-81B8-43C6-AC58-82EC28B17143}"
EndProject
Project("{2150E333-8FDC-42A3-9474-1A3956D46DE8}") = "模块化服务注册", "模块化服务注册", "{7C7B90A4-0663-450C-8547-01D4E2764563}"
EndProject
Project("{9A19103F-16F7-4668-BE54-9A1E7A4F7556}") = "例子服务接口1", "例子服务接口1\例子服务接口1.csproj", "{01A0555B-7AE6-46D5-A40A-895AF10235FD}"
EndProject
Project("{9A19103F-16F7-4668-BE54-9A1E7A4F7556}") = "例子服务实现1", "例子服务实现1\例子服务实现1.csproj", "{131A7661-2F59-4E10-B2BB-592E1287BB0A}"
EndProject
Project("{9A19103F-16F7-4668-BE54-9A1E7A4F7556}") = "例子服务实现2", "例子服务实现2\例子服务实现2.csproj", "{EECF27FC-B89F-41F6-AEA9-720C45F85607}"
EndProject
Project("{9A19103F-16F7-4668-BE54-9A1E7A4F7556}") = "模块化测试程序1", "模块化测试程序1\模块化测试程序1.csproj", "{6F80361E-CBEC-4DBC-8460-D4D6D5EBEF58}"
EndProject
Project("{9A19103F-16F7-4668-BE54-9A1E7A4F7556}") = "模块化MSTest", "模块化MSTest\模块化MSTest.csproj", "{09F49509-5764-40CF-910E-A1AC7EDBD24D}"
EndProject
Project("{9A19103F-16F7-4668-BE54-9A1E7A4F7556}") = "配置系统集成1", "配置系统集成1\配置系统集成1.csproj", "{F0C8F7ED-CC82-417F-AD2C-BBB907EF4ACD}"
EndProject
Project("{2150E333-8FDC-42A3-9474-1A3956D46DE8}") = "分层项目中EF Core", "分层项目中EF Core", "{6C7E3059-4B13-4522-B47D-6D34E90A98DD}"
EndProject
Project("{9A19103F-16F7-4668-BE54-9A1E7A4F7556}") = "BooksEFCore", "BooksEFCore\BooksEFCore.csproj", "{282AF324-4B26-4D7A-951A-3BC0E4637B1E}"
EndProject
Project("{9A19103F-16F7-4668-BE54-9A1E7A4F7556}") = "EFCore测试用WebAPI项目1", "EFCore测试用WebAPI项目1\EFCore测试用WebAPI项目1.csproj", "{AB2961FE-59FB-46E9-8747-D44356F734C6}"
EndProject
Project("{2150E333-8FDC-42A3-9474-1A3956D46DE8}") = "缓存", "缓存", "{2A0DC32B-5945-4C7A-9113-81F33C3A9B1C}"
EndProject
Project("{9A19103F-16F7-4668-BE54-9A1E7A4F7556}") = "客户端响应缓存", "客户端响应缓存\客户端响应缓存.csproj", "{6A2D534B-6DEB-41C8-937D-D944519AB859}"
EndProject
Project("{9A19103F-16F7-4668-BE54-9A1E7A4F7556}") = "内存缓存", "内存缓存\内存缓存.csproj", "{A88FAAF8-71E2-4877-831D-8E7FC29EBCC5}"
EndProject
Project("{9A19103F-16F7-4668-BE54-9A1E7A4F7556}") = "分布式缓存", "分布式缓存\分布式缓存.csproj", "{384A655F-3C51-4048-892F-6A208000DC18}"
EndProject
Project("{2150E333-8FDC-42A3-9474-1A3956D46DE8}") = "筛选器", "筛选器", "{9E514557-5555-43B7-8545-41277FEA404F}"
EndProject
Project("{9A19103F-16F7-4668-BE54-9A1E7A4F7556}") = "异常筛选器", "异常筛选器\异常筛选器.csproj", "{7430D453-D18B-4142-A41A-8FC6F3B2F0B9}"
EndProject
Project("{9A19103F-16F7-4668-BE54-9A1E7A4F7556}") = "操作筛选器", "操作筛选器\操作筛选器.csproj", "{9245CDA5-8E42-413E-869D-4F9A019D1B4E}"
EndProject
Project("{9A19103F-16F7-4668-BE54-9A1E7A4F7556}") = "自动启用事务的筛选器", "自动启用事务的筛选器\自动启用事务的筛选器.csproj", "{F2827387-6FCC-47A0-AEA3-76B13A656634}"
EndProject
Project("{9A19103F-16F7-4668-BE54-9A1E7A4F7556}") = "请求限流器", "请求限流器\请求限流器.csproj", "{75472161-01B2-467A-A9BF-1F340A6A5613}"
EndProject
Project("{2150E333-8FDC-42A3-9474-1A3956D46DE8}") = "中间件", "中间件", "{78586D28-A130-44A2-AD0A-0B64D79A304C}"
EndProject
Project("{9A19103F-16F7-4668-BE54-9A1E7A4F7556}") = "中间件入门案例", "中间件入门案例\中间件入门案例.csproj", "{A1F1827B-7BF5-4237-8D1C-C899890E5956}"
EndProject
Project("{9A19103F-16F7-4668-BE54-9A1E7A4F7556}") = "MiniWebAPI", "MiniWebAPI\MiniWebAPI.csproj", "{0E055E43-4E24-4BF2-A05F-5A3D15DF83C5}"
EndProject
Project("{9A19103F-16F7-4668-BE54-9A1E7A4F7556}") = "MiniWebAPIDemo1", "MiniWebAPIDemo1\MiniWebAPIDemo1.csproj", "{8683CDBC-3E94-4623-A230-C372D796D5C8}"
EndProject
Project("{9A19103F-16F7-4668-BE54-9A1E7A4F7556}") = "Markdown转换器中间件", "Markdown转换器中间件\Markdown转换器中间件.csproj", "{39F17E3C-0CDE-4C19-90AC-EFD1FCFCC561}"
EndProject
Project("{FAE04EC0-301F-11D3-BF4B-00C04F79EFBC}") = "内置中间件的顺序", "内置中间件的顺序\内置中间件的顺序.csproj", "{4434D11B-76E3-4286-8058-95DFEE2794D8}"
EndProject
Global
	GlobalSection(SolutionConfigurationPlatforms) = preSolution
		Debug|Any CPU = Debug|Any CPU
		Release|Any CPU = Release|Any CPU
	EndGlobalSection
	GlobalSection(ProjectConfigurationPlatforms) = postSolution
		{64155310-81B8-43C6-AC58-82EC28B17143}.Debug|Any CPU.ActiveCfg = Debug|Any CPU
		{64155310-81B8-43C6-AC58-82EC28B17143}.Debug|Any CPU.Build.0 = Debug|Any CPU
		{64155310-81B8-43C6-AC58-82EC28B17143}.Release|Any CPU.ActiveCfg = Release|Any CPU
		{64155310-81B8-43C6-AC58-82EC28B17143}.Release|Any CPU.Build.0 = Release|Any CPU
		{01A0555B-7AE6-46D5-A40A-895AF10235FD}.Debug|Any CPU.ActiveCfg = Debug|Any CPU
		{01A0555B-7AE6-46D5-A40A-895AF10235FD}.Debug|Any CPU.Build.0 = Debug|Any CPU
		{01A0555B-7AE6-46D5-A40A-895AF10235FD}.Release|Any CPU.ActiveCfg = Release|Any CPU
		{01A0555B-7AE6-46D5-A40A-895AF10235FD}.Release|Any CPU.Build.0 = Release|Any CPU
		{131A7661-2F59-4E10-B2BB-592E1287BB0A}.Debug|Any CPU.ActiveCfg = Debug|Any CPU
		{131A7661-2F59-4E10-B2BB-592E1287BB0A}.Debug|Any CPU.Build.0 = Debug|Any CPU
		{131A7661-2F59-4E10-B2BB-592E1287BB0A}.Release|Any CPU.ActiveCfg = Release|Any CPU
		{131A7661-2F59-4E10-B2BB-592E1287BB0A}.Release|Any CPU.Build.0 = Release|Any CPU
		{EECF27FC-B89F-41F6-AEA9-720C45F85607}.Debug|Any CPU.ActiveCfg = Debug|Any CPU
		{EECF27FC-B89F-41F6-AEA9-720C45F85607}.Debug|Any CPU.Build.0 = Debug|Any CPU
		{EECF27FC-B89F-41F6-AEA9-720C45F85607}.Release|Any CPU.ActiveCfg = Release|Any CPU
		{EECF27FC-B89F-41F6-AEA9-720C45F85607}.Release|Any CPU.Build.0 = Release|Any CPU
		{6F80361E-CBEC-4DBC-8460-D4D6D5EBEF58}.Debug|Any CPU.ActiveCfg = Debug|Any CPU
		{6F80361E-CBEC-4DBC-8460-D4D6D5EBEF58}.Debug|Any CPU.Build.0 = Debug|Any CPU
		{6F80361E-CBEC-4DBC-8460-D4D6D5EBEF58}.Release|Any CPU.ActiveCfg = Release|Any CPU
		{6F80361E-CBEC-4DBC-8460-D4D6D5EBEF58}.Release|Any CPU.Build.0 = Release|Any CPU
		{09F49509-5764-40CF-910E-A1AC7EDBD24D}.Debug|Any CPU.ActiveCfg = Debug|Any CPU
		{09F49509-5764-40CF-910E-A1AC7EDBD24D}.Debug|Any CPU.Build.0 = Debug|Any CPU
		{09F49509-5764-40CF-910E-A1AC7EDBD24D}.Release|Any CPU.ActiveCfg = Release|Any CPU
		{09F49509-5764-40CF-910E-A1AC7EDBD24D}.Release|Any CPU.Build.0 = Release|Any CPU
		{F0C8F7ED-CC82-417F-AD2C-BBB907EF4ACD}.Debug|Any CPU.ActiveCfg = Debug|Any CPU
		{F0C8F7ED-CC82-417F-AD2C-BBB907EF4ACD}.Debug|Any CPU.Build.0 = Debug|Any CPU
		{F0C8F7ED-CC82-417F-AD2C-BBB907EF4ACD}.Release|Any CPU.ActiveCfg = Release|Any CPU
		{F0C8F7ED-CC82-417F-AD2C-BBB907EF4ACD}.Release|Any CPU.Build.0 = Release|Any CPU
		{282AF324-4B26-4D7A-951A-3BC0E4637B1E}.Debug|Any CPU.ActiveCfg = Debug|Any CPU
		{282AF324-4B26-4D7A-951A-3BC0E4637B1E}.Debug|Any CPU.Build.0 = Debug|Any CPU
		{282AF324-4B26-4D7A-951A-3BC0E4637B1E}.Release|Any CPU.ActiveCfg = Release|Any CPU
		{282AF324-4B26-4D7A-951A-3BC0E4637B1E}.Release|Any CPU.Build.0 = Release|Any CPU
		{AB2961FE-59FB-46E9-8747-D44356F734C6}.Debug|Any CPU.ActiveCfg = Debug|Any CPU
		{AB2961FE-59FB-46E9-8747-D44356F734C6}.Debug|Any CPU.Build.0 = Debug|Any CPU
		{AB2961FE-59FB-46E9-8747-D44356F734C6}.Release|Any CPU.ActiveCfg = Release|Any CPU
		{AB2961FE-59FB-46E9-8747-D44356F734C6}.Release|Any CPU.Build.0 = Release|Any CPU
		{6A2D534B-6DEB-41C8-937D-D944519AB859}.Debug|Any CPU.ActiveCfg = Debug|Any CPU
		{6A2D534B-6DEB-41C8-937D-D944519AB859}.Debug|Any CPU.Build.0 = Debug|Any CPU
		{6A2D534B-6DEB-41C8-937D-D944519AB859}.Release|Any CPU.ActiveCfg = Release|Any CPU
		{6A2D534B-6DEB-41C8-937D-D944519AB859}.Release|Any CPU.Build.0 = Release|Any CPU
		{A88FAAF8-71E2-4877-831D-8E7FC29EBCC5}.Debug|Any CPU.ActiveCfg = Debug|Any CPU
		{A88FAAF8-71E2-4877-831D-8E7FC29EBCC5}.Debug|Any CPU.Build.0 = Debug|Any CPU
		{A88FAAF8-71E2-4877-831D-8E7FC29EBCC5}.Release|Any CPU.ActiveCfg = Release|Any CPU
		{A88FAAF8-71E2-4877-831D-8E7FC29EBCC5}.Release|Any CPU.Build.0 = Release|Any CPU
		{384A655F-3C51-4048-892F-6A208000DC18}.Debug|Any CPU.ActiveCfg = Debug|Any CPU
		{384A655F-3C51-4048-892F-6A208000DC18}.Debug|Any CPU.Build.0 = Debug|Any CPU
		{384A655F-3C51-4048-892F-6A208000DC18}.Release|Any CPU.ActiveCfg = Release|Any CPU
		{384A655F-3C51-4048-892F-6A208000DC18}.Release|Any CPU.Build.0 = Release|Any CPU
		{7430D453-D18B-4142-A41A-8FC6F3B2F0B9}.Debug|Any CPU.ActiveCfg = Debug|Any CPU
		{7430D453-D18B-4142-A41A-8FC6F3B2F0B9}.Debug|Any CPU.Build.0 = Debug|Any CPU
		{7430D453-D18B-4142-A41A-8FC6F3B2F0B9}.Release|Any CPU.ActiveCfg = Release|Any CPU
		{7430D453-D18B-4142-A41A-8FC6F3B2F0B9}.Release|Any CPU.Build.0 = Release|Any CPU
		{9245CDA5-8E42-413E-869D-4F9A019D1B4E}.Debug|Any CPU.ActiveCfg = Debug|Any CPU
		{9245CDA5-8E42-413E-869D-4F9A019D1B4E}.Debug|Any CPU.Build.0 = Debug|Any CPU
		{9245CDA5-8E42-413E-869D-4F9A019D1B4E}.Release|Any CPU.ActiveCfg = Release|Any CPU
		{9245CDA5-8E42-413E-869D-4F9A019D1B4E}.Release|Any CPU.Build.0 = Release|Any CPU
		{F2827387-6FCC-47A0-AEA3-76B13A656634}.Debug|Any CPU.ActiveCfg = Debug|Any CPU
		{F2827387-6FCC-47A0-AEA3-76B13A656634}.Debug|Any CPU.Build.0 = Debug|Any CPU
		{F2827387-6FCC-47A0-AEA3-76B13A656634}.Release|Any CPU.ActiveCfg = Release|Any CPU
		{F2827387-6FCC-47A0-AEA3-76B13A656634}.Release|Any CPU.Build.0 = Release|Any CPU
		{75472161-01B2-467A-A9BF-1F340A6A5613}.Debug|Any CPU.ActiveCfg = Debug|Any CPU
		{75472161-01B2-467A-A9BF-1F340A6A5613}.Debug|Any CPU.Build.0 = Debug|Any CPU
		{75472161-01B2-467A-A9BF-1F340A6A5613}.Release|Any CPU.ActiveCfg = Release|Any CPU
		{75472161-01B2-467A-A9BF-1F340A6A5613}.Release|Any CPU.Build.0 = Release|Any CPU
		{A1F1827B-7BF5-4237-8D1C-C899890E5956}.Debug|Any CPU.ActiveCfg = Debug|Any CPU
		{A1F1827B-7BF5-4237-8D1C-C899890E5956}.Debug|Any CPU.Build.0 = Debug|Any CPU
		{A1F1827B-7BF5-4237-8D1C-C899890E5956}.Release|Any CPU.ActiveCfg = Release|Any CPU
		{A1F1827B-7BF5-4237-8D1C-C899890E5956}.Release|Any CPU.Build.0 = Release|Any CPU
		{0E055E43-4E24-4BF2-A05F-5A3D15DF83C5}.Debug|Any CPU.ActiveCfg = Debug|Any CPU
		{0E055E43-4E24-4BF2-A05F-5A3D15DF83C5}.Debug|Any CPU.Build.0 = Debug|Any CPU
		{0E055E43-4E24-4BF2-A05F-5A3D15DF83C5}.Release|Any CPU.ActiveCfg = Release|Any CPU
		{0E055E43-4E24-4BF2-A05F-5A3D15DF83C5}.Release|Any CPU.Build.0 = Release|Any CPU
		{8683CDBC-3E94-4623-A230-C372D796D5C8}.Debug|Any CPU.ActiveCfg = Debug|Any CPU
		{8683CDBC-3E94-4623-A230-C372D796D5C8}.Debug|Any CPU.Build.0 = Debug|Any CPU
		{8683CDBC-3E94-4623-A230-C372D796D5C8}.Release|Any CPU.ActiveCfg = Release|Any CPU
		{8683CDBC-3E94-4623-A230-C372D796D5C8}.Release|Any CPU.Build.0 = Release|Any CPU
		{39F17E3C-0CDE-4C19-90AC-EFD1FCFCC561}.Debug|Any CPU.ActiveCfg = Debug|Any CPU
		{39F17E3C-0CDE-4C19-90AC-EFD1FCFCC561}.Debug|Any CPU.Build.0 = Debug|Any CPU
		{39F17E3C-0CDE-4C19-90AC-EFD1FCFCC561}.Release|Any CPU.ActiveCfg = Release|Any CPU
		{39F17E3C-0CDE-4C19-90AC-EFD1FCFCC561}.Release|Any CPU.Build.0 = Release|Any CPU
		{4434D11B-76E3-4286-8058-95DFEE2794D8}.Debug|Any CPU.ActiveCfg = Debug|Any CPU
		{4434D11B-76E3-4286-8058-95DFEE2794D8}.Debug|Any CPU.Build.0 = Debug|Any CPU
		{4434D11B-76E3-4286-8058-95DFEE2794D8}.Release|Any CPU.ActiveCfg = Release|Any CPU
		{4434D11B-76E3-4286-8058-95DFEE2794D8}.Release|Any CPU.Build.0 = Release|Any CPU
	EndGlobalSection
	GlobalSection(SolutionProperties) = preSolution
		HideSolutionNode = FALSE
	EndGlobalSection
	GlobalSection(NestedProjects) = preSolution
		{01A0555B-7AE6-46D5-A40A-895AF10235FD} = {7C7B90A4-0663-450C-8547-01D4E2764563}
		{131A7661-2F59-4E10-B2BB-592E1287BB0A} = {7C7B90A4-0663-450C-8547-01D4E2764563}
		{EECF27FC-B89F-41F6-AEA9-720C45F85607} = {7C7B90A4-0663-450C-8547-01D4E2764563}
		{6F80361E-CBEC-4DBC-8460-D4D6D5EBEF58} = {7C7B90A4-0663-450C-8547-01D4E2764563}
		{09F49509-5764-40CF-910E-A1AC7EDBD24D} = {7C7B90A4-0663-450C-8547-01D4E2764563}
		{282AF324-4B26-4D7A-951A-3BC0E4637B1E} = {6C7E3059-4B13-4522-B47D-6D34E90A98DD}
		{AB2961FE-59FB-46E9-8747-D44356F734C6} = {6C7E3059-4B13-4522-B47D-6D34E90A98DD}
		{6A2D534B-6DEB-41C8-937D-D944519AB859} = {2A0DC32B-5945-4C7A-9113-81F33C3A9B1C}
		{A88FAAF8-71E2-4877-831D-8E7FC29EBCC5} = {2A0DC32B-5945-4C7A-9113-81F33C3A9B1C}
		{384A655F-3C51-4048-892F-6A208000DC18} = {2A0DC32B-5945-4C7A-9113-81F33C3A9B1C}
		{7430D453-D18B-4142-A41A-8FC6F3B2F0B9} = {9E514557-5555-43B7-8545-41277FEA404F}
		{9245CDA5-8E42-413E-869D-4F9A019D1B4E} = {9E514557-5555-43B7-8545-41277FEA404F}
		{F2827387-6FCC-47A0-AEA3-76B13A656634} = {9E514557-5555-43B7-8545-41277FEA404F}
		{75472161-01B2-467A-A9BF-1F340A6A5613} = {9E514557-5555-43B7-8545-41277FEA404F}
		{A1F1827B-7BF5-4237-8D1C-C899890E5956} = {78586D28-A130-44A2-AD0A-0B64D79A304C}
		{0E055E43-4E24-4BF2-A05F-5A3D15DF83C5} = {78586D28-A130-44A2-AD0A-0B64D79A304C}
		{8683CDBC-3E94-4623-A230-C372D796D5C8} = {78586D28-A130-44A2-AD0A-0B64D79A304C}
		{39F17E3C-0CDE-4C19-90AC-EFD1FCFCC561} = {78586D28-A130-44A2-AD0A-0B64D79A304C}
		{4434D11B-76E3-4286-8058-95DFEE2794D8} = {78586D28-A130-44A2-AD0A-0B64D79A304C}
	EndGlobalSection
	GlobalSection(ExtensibilityGlobals) = postSolution
		SolutionGuid = {A91AAEA9-15AC-41AD-A1E4-A445447BE325}
	EndGlobalSection
EndGlobal
