
Microsoft Visual Studio Solution File, Format Version 12.00
# Visual Studio Version 16
VisualStudioVersion = 16.0.31424.327
MinimumVisualStudioVersion = 10.0.40219.1
Project("{FAE04EC0-301F-11D3-BF4B-00C04F79EFBC}") = "EmptyWebApp1", "EmptyWebApp1\EmptyWebApp1.csproj", "{46C6AAC8-8901-423E-8CF9-A2D573CED116}"
EndProject
Project("{FAE04EC0-301F-11D3-BF4B-00C04F79EFBC}") = "MVCApp1", "MVCApp1\MVCApp1.csproj", "{8649EC90-A63C-469E-ADDD-6F63C33719BA}"
EndProject
Project("{9A19103F-16F7-4668-BE54-9A1E7A4F7556}") = "WebAPI1", "WebAPI1\WebAPI1.csproj", "{EDA13737-EB99-4344-8091-392117952D71}"
EndProject
Project("{FAE04EC0-301F-11D3-BF4B-00C04F79EFBC}") = "webapitest1", "webapitest1\webapitest1.csproj", "{DA4FE3BF-F2F2-498D-ADCC-F6C59E38AF38}"
EndProject
Global
	GlobalSection(SolutionConfigurationPlatforms) = preSolution
		Debug|Any CPU = Debug|Any CPU
		Release|Any CPU = Release|Any CPU
	EndGlobalSection
	GlobalSection(ProjectConfigurationPlatforms) = postSolution
		{46C6AAC8-8901-423E-8CF9-A2D573CED116}.Debug|Any CPU.ActiveCfg = Debug|Any CPU
		{46C6AAC8-8901-423E-8CF9-A2D573CED116}.Debug|Any CPU.Build.0 = Debug|Any CPU
		{46C6AAC8-8901-423E-8CF9-A2D573CED116}.Release|Any CPU.ActiveCfg = Release|Any CPU
		{46C6AAC8-8901-423E-8CF9-A2D573CED116}.Release|Any CPU.Build.0 = Release|Any CPU
		{8649EC90-A63C-469E-ADDD-6F63C33719BA}.Debug|Any CPU.ActiveCfg = Debug|Any CPU
		{8649EC90-A63C-469E-ADDD-6F63C33719BA}.Debug|Any CPU.Build.0 = Debug|Any CPU
		{8649EC90-A63C-469E-ADDD-6F63C33719BA}.Release|Any CPU.ActiveCfg = Release|Any CPU
		{8649EC90-A63C-469E-ADDD-6F63C33719BA}.Release|Any CPU.Build.0 = Release|Any CPU
		{EDA13737-EB99-4344-8091-392117952D71}.Debug|Any CPU.ActiveCfg = Debug|Any CPU
		{EDA13737-EB99-4344-8091-392117952D71}.Debug|Any CPU.Build.0 = Debug|Any CPU
		{EDA13737-EB99-4344-8091-392117952D71}.Release|Any CPU.ActiveCfg = Release|Any CPU
		{EDA13737-EB99-4344-8091-392117952D71}.Release|Any CPU.Build.0 = Release|Any CPU
		{DA4FE3BF-F2F2-498D-ADCC-F6C59E38AF38}.Debug|Any CPU.ActiveCfg = Debug|Any CPU
		{DA4FE3BF-F2F2-498D-ADCC-F6C59E38AF38}.Debug|Any CPU.Build.0 = Debug|Any CPU
		{DA4FE3BF-F2F2-498D-ADCC-F6C59E38AF38}.Release|Any CPU.ActiveCfg = Release|Any CPU
		{DA4FE3BF-F2F2-498D-ADCC-F6C59E38AF38}.Release|Any CPU.Build.0 = Release|Any CPU
	EndGlobalSection
	GlobalSection(SolutionProperties) = preSolution
		HideSolutionNode = FALSE
	EndGlobalSection
	GlobalSection(ExtensibilityGlobals) = postSolution
		SolutionGuid = {76B0BF04-7B2C-4C65-8720-D52AE8A605E2}
	EndGlobalSection
EndGlobal
