
Microsoft Visual Studio Solution File, Format Version 12.00
# Visual Studio Version 17
VisualStudioVersion = 17.0.31903.59
MinimumVisualStudioVersion = 10.0.40219.1
Project("{2150E333-8FDC-42A3-9474-1A3956D46DE8}") = "依赖注入", "依赖注入", "{3C076BEB-0E68-4C15-8B4F-1DBF7A05864F}"
EndProject
Project("{FAE04EC0-301F-11D3-BF4B-00C04F79EFBC}") = "依赖注入的基本使用1", "依赖注入的基本使用1\依赖注入的基本使用1.csproj", "{D8B2320F-4E79-43A1-BA7A-197C63516CE8}"
EndProject
Project("{FAE04EC0-301F-11D3-BF4B-00C04F79EFBC}") = "DI魅力渐显_依赖注入", "DI魅力渐显_依赖注入\DI魅力渐显_依赖注入.csproj", "{0EC48E28-6C7A-40EA-9961-CD05CF37303E}"
EndProject
Project("{2150E333-8FDC-42A3-9474-1A3956D46DE8}") = "配置系统", "配置系统", "{3B4216B2-007A-4A68-B720-E65F5D37F340}"
EndProject
Project("{FAE04EC0-301F-11D3-BF4B-00C04F79EFBC}") = "配置系统的基本使用", "配置系统的基本使用\配置系统的基本使用.csproj", "{F148220B-D25A-42D0-8635-3E1B4DD9AAC0}"
EndProject
Project("{FAE04EC0-301F-11D3-BF4B-00C04F79EFBC}") = "选项方式读取配置", "选项方式读取配置\选项方式读取配置.csproj", "{00062E01-2D66-43A0-8126-33D8AEF5D9A1}"
EndProject
Project("{FAE04EC0-301F-11D3-BF4B-00C04F79EFBC}") = "从命令行读取配置", "从命令行读取配置\从命令行读取配置.csproj", "{F8D7C6AD-28B6-46D4-B76D-FFA4F40630A0}"
EndProject
Project("{FAE04EC0-301F-11D3-BF4B-00C04F79EFBC}") = "从环境变量读取配置", "从环境变量读取配置\从环境变量读取配置.csproj", "{07DA8266-B1F6-4C73-9827-983FC03D2A88}"
EndProject
Project("{FAE04EC0-301F-11D3-BF4B-00C04F79EFBC}") = "多配置源", "多配置源\多配置源.csproj", "{8DC3E0E4-8A45-446B-9A66-71970D92B429}"
EndProject
Project("{2150E333-8FDC-42A3-9474-1A3956D46DE8}") = "日志", "日志", "{8FB1F32C-E37B-4044-94E0-8CC0D797B658}"
EndProject
Project("{FAE04EC0-301F-11D3-BF4B-00C04F79EFBC}") = "简单的日志程序", "简单的日志程序\简单的日志程序.csproj", "{ACD2E19E-5988-4EB0-B416-62E1A986E8FB}"
EndProject
Global
	GlobalSection(SolutionConfigurationPlatforms) = preSolution
		Debug|Any CPU = Debug|Any CPU
		Release|Any CPU = Release|Any CPU
	EndGlobalSection
	GlobalSection(ProjectConfigurationPlatforms) = postSolution
		{D8B2320F-4E79-43A1-BA7A-197C63516CE8}.Debug|Any CPU.ActiveCfg = Debug|Any CPU
		{D8B2320F-4E79-43A1-BA7A-197C63516CE8}.Debug|Any CPU.Build.0 = Debug|Any CPU
		{D8B2320F-4E79-43A1-BA7A-197C63516CE8}.Release|Any CPU.ActiveCfg = Release|Any CPU
		{D8B2320F-4E79-43A1-BA7A-197C63516CE8}.Release|Any CPU.Build.0 = Release|Any CPU
		{0EC48E28-6C7A-40EA-9961-CD05CF37303E}.Debug|Any CPU.ActiveCfg = Debug|Any CPU
		{0EC48E28-6C7A-40EA-9961-CD05CF37303E}.Debug|Any CPU.Build.0 = Debug|Any CPU
		{0EC48E28-6C7A-40EA-9961-CD05CF37303E}.Release|Any CPU.ActiveCfg = Release|Any CPU
		{0EC48E28-6C7A-40EA-9961-CD05CF37303E}.Release|Any CPU.Build.0 = Release|Any CPU
		{F148220B-D25A-42D0-8635-3E1B4DD9AAC0}.Debug|Any CPU.ActiveCfg = Debug|Any CPU
		{F148220B-D25A-42D0-8635-3E1B4DD9AAC0}.Debug|Any CPU.Build.0 = Debug|Any CPU
		{F148220B-D25A-42D0-8635-3E1B4DD9AAC0}.Release|Any CPU.ActiveCfg = Release|Any CPU
		{F148220B-D25A-42D0-8635-3E1B4DD9AAC0}.Release|Any CPU.Build.0 = Release|Any CPU
		{00062E01-2D66-43A0-8126-33D8AEF5D9A1}.Debug|Any CPU.ActiveCfg = Debug|Any CPU
		{00062E01-2D66-43A0-8126-33D8AEF5D9A1}.Debug|Any CPU.Build.0 = Debug|Any CPU
		{00062E01-2D66-43A0-8126-33D8AEF5D9A1}.Release|Any CPU.ActiveCfg = Release|Any CPU
		{00062E01-2D66-43A0-8126-33D8AEF5D9A1}.Release|Any CPU.Build.0 = Release|Any CPU
		{F8D7C6AD-28B6-46D4-B76D-FFA4F40630A0}.Debug|Any CPU.ActiveCfg = Debug|Any CPU
		{F8D7C6AD-28B6-46D4-B76D-FFA4F40630A0}.Debug|Any CPU.Build.0 = Debug|Any CPU
		{F8D7C6AD-28B6-46D4-B76D-FFA4F40630A0}.Release|Any CPU.ActiveCfg = Release|Any CPU
		{F8D7C6AD-28B6-46D4-B76D-FFA4F40630A0}.Release|Any CPU.Build.0 = Release|Any CPU
		{07DA8266-B1F6-4C73-9827-983FC03D2A88}.Debug|Any CPU.ActiveCfg = Debug|Any CPU
		{07DA8266-B1F6-4C73-9827-983FC03D2A88}.Debug|Any CPU.Build.0 = Debug|Any CPU
		{07DA8266-B1F6-4C73-9827-983FC03D2A88}.Release|Any CPU.ActiveCfg = Release|Any CPU
		{07DA8266-B1F6-4C73-9827-983FC03D2A88}.Release|Any CPU.Build.0 = Release|Any CPU
		{8DC3E0E4-8A45-446B-9A66-71970D92B429}.Debug|Any CPU.ActiveCfg = Debug|Any CPU
		{8DC3E0E4-8A45-446B-9A66-71970D92B429}.Debug|Any CPU.Build.0 = Debug|Any CPU
		{8DC3E0E4-8A45-446B-9A66-71970D92B429}.Release|Any CPU.ActiveCfg = Release|Any CPU
		{8DC3E0E4-8A45-446B-9A66-71970D92B429}.Release|Any CPU.Build.0 = Release|Any CPU
		{ACD2E19E-5988-4EB0-B416-62E1A986E8FB}.Debug|Any CPU.ActiveCfg = Debug|Any CPU
		{ACD2E19E-5988-4EB0-B416-62E1A986E8FB}.Debug|Any CPU.Build.0 = Debug|Any CPU
		{ACD2E19E-5988-4EB0-B416-62E1A986E8FB}.Release|Any CPU.ActiveCfg = Release|Any CPU
		{ACD2E19E-5988-4EB0-B416-62E1A986E8FB}.Release|Any CPU.Build.0 = Release|Any CPU
	EndGlobalSection
	GlobalSection(SolutionProperties) = preSolution
		HideSolutionNode = FALSE
	EndGlobalSection
	GlobalSection(NestedProjects) = preSolution
		{D8B2320F-4E79-43A1-BA7A-197C63516CE8} = {3C076BEB-0E68-4C15-8B4F-1DBF7A05864F}
		{0EC48E28-6C7A-40EA-9961-CD05CF37303E} = {3C076BEB-0E68-4C15-8B4F-1DBF7A05864F}
		{F148220B-D25A-42D0-8635-3E1B4DD9AAC0} = {3B4216B2-007A-4A68-B720-E65F5D37F340}
		{00062E01-2D66-43A0-8126-33D8AEF5D9A1} = {3B4216B2-007A-4A68-B720-E65F5D37F340}
		{F8D7C6AD-28B6-46D4-B76D-FFA4F40630A0} = {3B4216B2-007A-4A68-B720-E65F5D37F340}
		{07DA8266-B1F6-4C73-9827-983FC03D2A88} = {3B4216B2-007A-4A68-B720-E65F5D37F340}
		{8DC3E0E4-8A45-446B-9A66-71970D92B429} = {3B4216B2-007A-4A68-B720-E65F5D37F340}
		{ACD2E19E-5988-4EB0-B416-62E1A986E8FB} = {8FB1F32C-E37B-4044-94E0-8CC0D797B658}
	EndGlobalSection
	GlobalSection(ExtensibilityGlobals) = postSolution
		SolutionGuid = {A91AAEA9-15AC-41AD-A1E4-A445447BE325}
	EndGlobalSection
EndGlobal
