
Microsoft Visual Studio Solution File, Format Version 12.00
# Visual Studio Version 16
VisualStudioVersion = 16.0.30626.31
MinimumVisualStudioVersion = 10.0.40219.1
Project("{9A19103F-16F7-4668-BE54-9A1E7A4F7556}") = "EFCoreDemo1", "EFCoreDemo1\EFCoreDemo1.csproj", "{12EC1548-70F0-450D-8CF4-BD351CE1ABA2}"
EndProject
Project("{9A19103F-16F7-4668-BE54-9A1E7A4F7556}") = "一对多配置1", "一对多配置1\一对多配置1.csproj", "{627AF6E7-CAA0-4CF9-8524-47AE3DEEA634}"
EndProject
Project("{9A19103F-16F7-4668-BE54-9A1E7A4F7556}") = "一对一配置1", "一对一配置1\一对一配置1.csproj", "{F15177C1-C4B1-4BF5-854E-8609C5076F68}"
EndProject
Project("{9A19103F-16F7-4668-BE54-9A1E7A4F7556}") = "多对多1", "多对多1\多对多1.csproj", "{ADE0CAD6-CF01-4D2F-8925-82AE2C2C175C}"
EndProject
Project("{9A19103F-16F7-4668-BE54-9A1E7A4F7556}") = "组织结构树1", "组织结构树1\组织结构树1.csproj", "{E7F6FEF7-E5F2-4237-A34B-758AD7117804}"
EndProject
Project("{FAE04EC0-301F-11D3-BF4B-00C04F79EFBC}") = "MySQL悲观锁", "MySQL悲观锁\MySQL悲观锁.csproj", "{67ACDFEA-E3AF-4927-99D7-E3414B92D315}"
EndProject
Project("{FAE04EC0-301F-11D3-BF4B-00C04F79EFBC}") = "MySQL乐观锁1", "MySQL乐观锁1\MySQL乐观锁1.csproj", "{456C89D9-8A1C-45B0-A3D8-A077447713D5}"
EndProject
Project("{FAE04EC0-301F-11D3-BF4B-00C04F79EFBC}") = "SQLServer乐观锁2", "SQLServer乐观锁2\SQLServer乐观锁2.csproj", "{E54580C0-8CA1-4BF6-9D70-55B98D70CAE6}"
EndProject
Project("{FAE04EC0-301F-11D3-BF4B-00C04F79EFBC}") = "MySQL乐观锁2", "MySQL乐观锁2\MySQL乐观锁2.csproj", "{7A096F0F-4B23-439F-AB4E-82260DD49FD0}"
EndProject
Global
	GlobalSection(SolutionConfigurationPlatforms) = preSolution
		Debug|Any CPU = Debug|Any CPU
		Release|Any CPU = Release|Any CPU
	EndGlobalSection
	GlobalSection(ProjectConfigurationPlatforms) = postSolution
		{12EC1548-70F0-450D-8CF4-BD351CE1ABA2}.Debug|Any CPU.ActiveCfg = Debug|Any CPU
		{12EC1548-70F0-450D-8CF4-BD351CE1ABA2}.Debug|Any CPU.Build.0 = Debug|Any CPU
		{12EC1548-70F0-450D-8CF4-BD351CE1ABA2}.Release|Any CPU.ActiveCfg = Release|Any CPU
		{12EC1548-70F0-450D-8CF4-BD351CE1ABA2}.Release|Any CPU.Build.0 = Release|Any CPU
		{627AF6E7-CAA0-4CF9-8524-47AE3DEEA634}.Debug|Any CPU.ActiveCfg = Debug|Any CPU
		{627AF6E7-CAA0-4CF9-8524-47AE3DEEA634}.Debug|Any CPU.Build.0 = Debug|Any CPU
		{627AF6E7-CAA0-4CF9-8524-47AE3DEEA634}.Release|Any CPU.ActiveCfg = Release|Any CPU
		{627AF6E7-CAA0-4CF9-8524-47AE3DEEA634}.Release|Any CPU.Build.0 = Release|Any CPU
		{F15177C1-C4B1-4BF5-854E-8609C5076F68}.Debug|Any CPU.ActiveCfg = Debug|Any CPU
		{F15177C1-C4B1-4BF5-854E-8609C5076F68}.Debug|Any CPU.Build.0 = Debug|Any CPU
		{F15177C1-C4B1-4BF5-854E-8609C5076F68}.Release|Any CPU.ActiveCfg = Release|Any CPU
		{F15177C1-C4B1-4BF5-854E-8609C5076F68}.Release|Any CPU.Build.0 = Release|Any CPU
		{ADE0CAD6-CF01-4D2F-8925-82AE2C2C175C}.Debug|Any CPU.ActiveCfg = Debug|Any CPU
		{ADE0CAD6-CF01-4D2F-8925-82AE2C2C175C}.Debug|Any CPU.Build.0 = Debug|Any CPU
		{ADE0CAD6-CF01-4D2F-8925-82AE2C2C175C}.Release|Any CPU.ActiveCfg = Release|Any CPU
		{ADE0CAD6-CF01-4D2F-8925-82AE2C2C175C}.Release|Any CPU.Build.0 = Release|Any CPU
		{E7F6FEF7-E5F2-4237-A34B-758AD7117804}.Debug|Any CPU.ActiveCfg = Debug|Any CPU
		{E7F6FEF7-E5F2-4237-A34B-758AD7117804}.Debug|Any CPU.Build.0 = Debug|Any CPU
		{E7F6FEF7-E5F2-4237-A34B-758AD7117804}.Release|Any CPU.ActiveCfg = Release|Any CPU
		{E7F6FEF7-E5F2-4237-A34B-758AD7117804}.Release|Any CPU.Build.0 = Release|Any CPU
		{67ACDFEA-E3AF-4927-99D7-E3414B92D315}.Debug|Any CPU.ActiveCfg = Debug|Any CPU
		{67ACDFEA-E3AF-4927-99D7-E3414B92D315}.Debug|Any CPU.Build.0 = Debug|Any CPU
		{67ACDFEA-E3AF-4927-99D7-E3414B92D315}.Release|Any CPU.ActiveCfg = Release|Any CPU
		{67ACDFEA-E3AF-4927-99D7-E3414B92D315}.Release|Any CPU.Build.0 = Release|Any CPU
		{456C89D9-8A1C-45B0-A3D8-A077447713D5}.Debug|Any CPU.ActiveCfg = Debug|Any CPU
		{456C89D9-8A1C-45B0-A3D8-A077447713D5}.Debug|Any CPU.Build.0 = Debug|Any CPU
		{456C89D9-8A1C-45B0-A3D8-A077447713D5}.Release|Any CPU.ActiveCfg = Release|Any CPU
		{456C89D9-8A1C-45B0-A3D8-A077447713D5}.Release|Any CPU.Build.0 = Release|Any CPU
		{E54580C0-8CA1-4BF6-9D70-55B98D70CAE6}.Debug|Any CPU.ActiveCfg = Debug|Any CPU
		{E54580C0-8CA1-4BF6-9D70-55B98D70CAE6}.Debug|Any CPU.Build.0 = Debug|Any CPU
		{E54580C0-8CA1-4BF6-9D70-55B98D70CAE6}.Release|Any CPU.ActiveCfg = Release|Any CPU
		{E54580C0-8CA1-4BF6-9D70-55B98D70CAE6}.Release|Any CPU.Build.0 = Release|Any CPU
		{7A096F0F-4B23-439F-AB4E-82260DD49FD0}.Debug|Any CPU.ActiveCfg = Debug|Any CPU
		{7A096F0F-4B23-439F-AB4E-82260DD49FD0}.Debug|Any CPU.Build.0 = Debug|Any CPU
		{7A096F0F-4B23-439F-AB4E-82260DD49FD0}.Release|Any CPU.ActiveCfg = Release|Any CPU
		{7A096F0F-4B23-439F-AB4E-82260DD49FD0}.Release|Any CPU.Build.0 = Release|Any CPU
	EndGlobalSection
	GlobalSection(SolutionProperties) = preSolution
		HideSolutionNode = FALSE
	EndGlobalSection
	GlobalSection(ExtensibilityGlobals) = postSolution
		SolutionGuid = {253F0795-6DA2-4950-A490-A2DF769958EC}
	EndGlobalSection
EndGlobal
