
Microsoft Visual Studio Solution File, Format Version 12.00
# Visual Studio Version 17
VisualStudioVersion = 17.0.31903.59
MinimumVisualStudioVersion = 10.0.40219.1
Project("{2150E333-8FDC-42A3-9474-1A3956D46DE8}") = "Authentication与Authorization", "Authentication与Authorization", "{E3FBD09A-EF5B-4FA9-ADD7-CA9D63502785}"
EndProject
Project("{9A19103F-16F7-4668-BE54-9A1E7A4F7556}") = "标识框架1", "标识框架1\标识框架1.csproj", "{22DD5CE8-537B-48F1-8C55-30C454F0AF65}"
EndProject
Project("{9A19103F-16F7-4668-BE54-9A1E7A4F7556}") = "生成JWT令牌", "生成JWT令牌\生成JWT令牌.csproj", "{610C494E-7E64-4D73-95FE-B364695DFD04}"
EndProject
Project("{9A19103F-16F7-4668-BE54-9A1E7A4F7556}") = "解码JWT令牌", "解码JWT令牌\解码JWT令牌.csproj", "{F1255E69-74B5-4EB5-B7B2-0F59DDD55FA2}"
EndProject
Project("{9A19103F-16F7-4668-BE54-9A1E7A4F7556}") = "ASPNETCore_JWT1", "ASPNETCore_JWT1\ASPNETCore_JWT1.csproj", "{948488E7-A171-4929-A47C-CF1CD102206B}"
EndProject
Project("{9A19103F-16F7-4668-BE54-9A1E7A4F7556}") = "解决JWT无法撤回的问题", "解决JWT无法撤回的问题\解决JWT无法撤回的问题.csproj", "{AD9317FE-A5C2-44B5-962C-66841E3C38C2}"
EndProject
Project("{9A19103F-16F7-4668-BE54-9A1E7A4F7556}") = "托管服务1", "托管服务1\托管服务1.csproj", "{6ED29363-3C69-4C28-8902-2EFE7C710E67}"
EndProject
Project("{2150E333-8FDC-42A3-9474-1A3956D46DE8}") = "托管服务", "托管服务", "{31B54304-2D18-44A7-90A4-AA47E74D7ED9}"
EndProject
Project("{9A19103F-16F7-4668-BE54-9A1E7A4F7556}") = "常驻后台的数据导出服务", "常驻后台的数据导出服务\常驻后台的数据导出服务.csproj", "{21FB8B8B-A91B-415A-AA00-CCED7081D532}"
EndProject
Project("{2150E333-8FDC-42A3-9474-1A3956D46DE8}") = "数据校验", "数据校验", "{7887E222-3A29-41A7-9623-556FECB211BF}"
EndProject
Project("{9A19103F-16F7-4668-BE54-9A1E7A4F7556}") = "内置数据校验", "内置数据校验\内置数据校验.csproj", "{73320427-6055-43A9-AC03-0A942DE15AB7}"
EndProject
Project("{9A19103F-16F7-4668-BE54-9A1E7A4F7556}") = "FluentValidation的基本使用", "FluentValidation的基本使用\FluentValidation的基本使用.csproj", "{14F92F25-5186-465F-83C5-6F8C1A8CCB20}"
EndProject
Project("{9A19103F-16F7-4668-BE54-9A1E7A4F7556}") = "FluentValidation中注入服务", "FluentValidation中注入服务\FluentValidation中注入服务.csproj", "{E68559EC-EBBF-4ADF-B1EE-356547284E5F}"
EndProject
Project("{2150E333-8FDC-42A3-9474-1A3956D46DE8}") = "SignalR", "SignalR", "{9C569CC1-996A-4EA1-8255-74F4056A5485}"
EndProject
Project("{9A19103F-16F7-4668-BE54-9A1E7A4F7556}") = "SignalR基本使用", "SignalR基本使用\SignalR基本使用.csproj", "{71E8E70B-4B25-4D66-9F5F-0C369A888B24}"
EndProject
Project("{9A19103F-16F7-4668-BE54-9A1E7A4F7556}") = "SignalR身份认证", "SignalR身份认证\SignalR身份认证.csproj", "{432B33BE-8F86-4745-BCA7-9DA0EA5AF856}"
EndProject
Project("{FAE04EC0-301F-11D3-BF4B-00C04F79EFBC}") = "导入英汉词典", "导入英汉词典\导入英汉词典.csproj", "{83F3940C-E58A-42FC-94B3-64689B991214}"
EndProject
Global
	GlobalSection(SolutionConfigurationPlatforms) = preSolution
		Debug|Any CPU = Debug|Any CPU
		Release|Any CPU = Release|Any CPU
	EndGlobalSection
	GlobalSection(ProjectConfigurationPlatforms) = postSolution
		{22DD5CE8-537B-48F1-8C55-30C454F0AF65}.Debug|Any CPU.ActiveCfg = Debug|Any CPU
		{22DD5CE8-537B-48F1-8C55-30C454F0AF65}.Debug|Any CPU.Build.0 = Debug|Any CPU
		{22DD5CE8-537B-48F1-8C55-30C454F0AF65}.Release|Any CPU.ActiveCfg = Release|Any CPU
		{22DD5CE8-537B-48F1-8C55-30C454F0AF65}.Release|Any CPU.Build.0 = Release|Any CPU
		{610C494E-7E64-4D73-95FE-B364695DFD04}.Debug|Any CPU.ActiveCfg = Debug|Any CPU
		{610C494E-7E64-4D73-95FE-B364695DFD04}.Debug|Any CPU.Build.0 = Debug|Any CPU
		{610C494E-7E64-4D73-95FE-B364695DFD04}.Release|Any CPU.ActiveCfg = Release|Any CPU
		{610C494E-7E64-4D73-95FE-B364695DFD04}.Release|Any CPU.Build.0 = Release|Any CPU
		{F1255E69-74B5-4EB5-B7B2-0F59DDD55FA2}.Debug|Any CPU.ActiveCfg = Debug|Any CPU
		{F1255E69-74B5-4EB5-B7B2-0F59DDD55FA2}.Debug|Any CPU.Build.0 = Debug|Any CPU
		{F1255E69-74B5-4EB5-B7B2-0F59DDD55FA2}.Release|Any CPU.ActiveCfg = Release|Any CPU
		{F1255E69-74B5-4EB5-B7B2-0F59DDD55FA2}.Release|Any CPU.Build.0 = Release|Any CPU
		{948488E7-A171-4929-A47C-CF1CD102206B}.Debug|Any CPU.ActiveCfg = Debug|Any CPU
		{948488E7-A171-4929-A47C-CF1CD102206B}.Debug|Any CPU.Build.0 = Debug|Any CPU
		{948488E7-A171-4929-A47C-CF1CD102206B}.Release|Any CPU.ActiveCfg = Release|Any CPU
		{948488E7-A171-4929-A47C-CF1CD102206B}.Release|Any CPU.Build.0 = Release|Any CPU
		{AD9317FE-A5C2-44B5-962C-66841E3C38C2}.Debug|Any CPU.ActiveCfg = Debug|Any CPU
		{AD9317FE-A5C2-44B5-962C-66841E3C38C2}.Debug|Any CPU.Build.0 = Debug|Any CPU
		{AD9317FE-A5C2-44B5-962C-66841E3C38C2}.Release|Any CPU.ActiveCfg = Release|Any CPU
		{AD9317FE-A5C2-44B5-962C-66841E3C38C2}.Release|Any CPU.Build.0 = Release|Any CPU
		{6ED29363-3C69-4C28-8902-2EFE7C710E67}.Debug|Any CPU.ActiveCfg = Debug|Any CPU
		{6ED29363-3C69-4C28-8902-2EFE7C710E67}.Debug|Any CPU.Build.0 = Debug|Any CPU
		{6ED29363-3C69-4C28-8902-2EFE7C710E67}.Release|Any CPU.ActiveCfg = Release|Any CPU
		{6ED29363-3C69-4C28-8902-2EFE7C710E67}.Release|Any CPU.Build.0 = Release|Any CPU
		{21FB8B8B-A91B-415A-AA00-CCED7081D532}.Debug|Any CPU.ActiveCfg = Debug|Any CPU
		{21FB8B8B-A91B-415A-AA00-CCED7081D532}.Debug|Any CPU.Build.0 = Debug|Any CPU
		{21FB8B8B-A91B-415A-AA00-CCED7081D532}.Release|Any CPU.ActiveCfg = Release|Any CPU
		{21FB8B8B-A91B-415A-AA00-CCED7081D532}.Release|Any CPU.Build.0 = Release|Any CPU
		{73320427-6055-43A9-AC03-0A942DE15AB7}.Debug|Any CPU.ActiveCfg = Debug|Any CPU
		{73320427-6055-43A9-AC03-0A942DE15AB7}.Debug|Any CPU.Build.0 = Debug|Any CPU
		{73320427-6055-43A9-AC03-0A942DE15AB7}.Release|Any CPU.ActiveCfg = Release|Any CPU
		{73320427-6055-43A9-AC03-0A942DE15AB7}.Release|Any CPU.Build.0 = Release|Any CPU
		{14F92F25-5186-465F-83C5-6F8C1A8CCB20}.Debug|Any CPU.ActiveCfg = Debug|Any CPU
		{14F92F25-5186-465F-83C5-6F8C1A8CCB20}.Debug|Any CPU.Build.0 = Debug|Any CPU
		{14F92F25-5186-465F-83C5-6F8C1A8CCB20}.Release|Any CPU.ActiveCfg = Release|Any CPU
		{14F92F25-5186-465F-83C5-6F8C1A8CCB20}.Release|Any CPU.Build.0 = Release|Any CPU
		{E68559EC-EBBF-4ADF-B1EE-356547284E5F}.Debug|Any CPU.ActiveCfg = Debug|Any CPU
		{E68559EC-EBBF-4ADF-B1EE-356547284E5F}.Debug|Any CPU.Build.0 = Debug|Any CPU
		{E68559EC-EBBF-4ADF-B1EE-356547284E5F}.Release|Any CPU.ActiveCfg = Release|Any CPU
		{E68559EC-EBBF-4ADF-B1EE-356547284E5F}.Release|Any CPU.Build.0 = Release|Any CPU
		{71E8E70B-4B25-4D66-9F5F-0C369A888B24}.Debug|Any CPU.ActiveCfg = Debug|Any CPU
		{71E8E70B-4B25-4D66-9F5F-0C369A888B24}.Debug|Any CPU.Build.0 = Debug|Any CPU
		{71E8E70B-4B25-4D66-9F5F-0C369A888B24}.Release|Any CPU.ActiveCfg = Release|Any CPU
		{71E8E70B-4B25-4D66-9F5F-0C369A888B24}.Release|Any CPU.Build.0 = Release|Any CPU
		{432B33BE-8F86-4745-BCA7-9DA0EA5AF856}.Debug|Any CPU.ActiveCfg = Debug|Any CPU
		{432B33BE-8F86-4745-BCA7-9DA0EA5AF856}.Debug|Any CPU.Build.0 = Debug|Any CPU
		{432B33BE-8F86-4745-BCA7-9DA0EA5AF856}.Release|Any CPU.ActiveCfg = Release|Any CPU
		{432B33BE-8F86-4745-BCA7-9DA0EA5AF856}.Release|Any CPU.Build.0 = Release|Any CPU
		{83F3940C-E58A-42FC-94B3-64689B991214}.Debug|Any CPU.ActiveCfg = Debug|Any CPU
		{83F3940C-E58A-42FC-94B3-64689B991214}.Debug|Any CPU.Build.0 = Debug|Any CPU
		{83F3940C-E58A-42FC-94B3-64689B991214}.Release|Any CPU.ActiveCfg = Release|Any CPU
		{83F3940C-E58A-42FC-94B3-64689B991214}.Release|Any CPU.Build.0 = Release|Any CPU
	EndGlobalSection
	GlobalSection(SolutionProperties) = preSolution
		HideSolutionNode = FALSE
	EndGlobalSection
	GlobalSection(NestedProjects) = preSolution
		{22DD5CE8-537B-48F1-8C55-30C454F0AF65} = {E3FBD09A-EF5B-4FA9-ADD7-CA9D63502785}
		{610C494E-7E64-4D73-95FE-B364695DFD04} = {E3FBD09A-EF5B-4FA9-ADD7-CA9D63502785}
		{F1255E69-74B5-4EB5-B7B2-0F59DDD55FA2} = {E3FBD09A-EF5B-4FA9-ADD7-CA9D63502785}
		{948488E7-A171-4929-A47C-CF1CD102206B} = {E3FBD09A-EF5B-4FA9-ADD7-CA9D63502785}
		{AD9317FE-A5C2-44B5-962C-66841E3C38C2} = {E3FBD09A-EF5B-4FA9-ADD7-CA9D63502785}
		{6ED29363-3C69-4C28-8902-2EFE7C710E67} = {31B54304-2D18-44A7-90A4-AA47E74D7ED9}
		{21FB8B8B-A91B-415A-AA00-CCED7081D532} = {31B54304-2D18-44A7-90A4-AA47E74D7ED9}
		{73320427-6055-43A9-AC03-0A942DE15AB7} = {7887E222-3A29-41A7-9623-556FECB211BF}
		{14F92F25-5186-465F-83C5-6F8C1A8CCB20} = {7887E222-3A29-41A7-9623-556FECB211BF}
		{E68559EC-EBBF-4ADF-B1EE-356547284E5F} = {7887E222-3A29-41A7-9623-556FECB211BF}
		{71E8E70B-4B25-4D66-9F5F-0C369A888B24} = {9C569CC1-996A-4EA1-8255-74F4056A5485}
		{432B33BE-8F86-4745-BCA7-9DA0EA5AF856} = {9C569CC1-996A-4EA1-8255-74F4056A5485}
		{83F3940C-E58A-42FC-94B3-64689B991214} = {9C569CC1-996A-4EA1-8255-74F4056A5485}
	EndGlobalSection
	GlobalSection(ExtensibilityGlobals) = postSolution
		SolutionGuid = {A91AAEA9-15AC-41AD-A1E4-A445447BE325}
	EndGlobalSection
EndGlobal
